// !$*UTF8*$!
{
	archiveVersion = 1;
	classes = {
	};
	objectVersion = 77;
	objects = {

/* Begin PBXBuildFile section */
		02873EDD4BE0C22CF04594E2 /* zstd_fast.c in Sources */ = {isa = PBXBuildFile; fileRef = 16BC17E9DAC78D05C5A92E77 /* zstd_fast.c */; };
		08C5C54937B34CFAAF6CC1C3 /* debug.c in Sources */ = {isa = PBXBuildFile; fileRef = FAC7FDB05020C2366FB7DE1F /* debug.c */; };
		0EC9D13AF2732363D383739A /* CarrierServer.swift in Sources */ = {isa = PBXBuildFile; fileRef = E099B0D4BFA4C2C2195F1DD1 /* CarrierServer.swift */; };
		13A8B251A2D5A29FDC9CBC51 /* m3_module.c in Sources */ = {isa = PBXBuildFile; fileRef = 7B3935A60D3190F43EB378EB /* m3_module.c */; };
		13D20406BECDDA3EEDBBB35F /* SpikeBundle.c in Sources */ = {isa = PBXBuildFile; fileRef = 09284B9F0D5242AA9BAB8375 /* SpikeBundle.c */; };
		184D40FA4E64ACB3D27FE975 /* SessionLiveProbe.swift in Sources */ = {isa = PBXBuildFile; fileRef = F1AFB09BF1FF590997FA7731 /* SessionLiveProbe.swift */; };
		1B385B3BBC82C30A9C4BFAA8 /* OfficialWebRuntime.swift in Sources */ = {isa = PBXBuildFile; fileRef = 3A4A8D5A40DEE38DFCB1C59B /* OfficialWebRuntime.swift */; };
		1D7D0AD548CFBBAD7AE41441 /* m3_bind.c in Sources */ = {isa = PBXBuildFile; fileRef = 5A23156072E07F33C5E489FE /* m3_bind.c */; };
		21F3A6541B4DAA67A096BA44 /* huf_decompress.c in Sources */ = {isa = PBXBuildFile; fileRef = E1158A27C870CD3EE526DBBC /* huf_decompress.c */; };
		2273BB6FBCB3CCD131594599 /* SpikeBundleStager.swift in Sources */ = {isa = PBXBuildFile; fileRef = 19A12298B41F3DCDE6937D19 /* SpikeBundleStager.swift */; };
		23D1881360F77B727F604ABA /* xxhash.c in Sources */ = {isa = PBXBuildFile; fileRef = 5731EA74DCC357235A532782 /* xxhash.c */; };
		243BC512EE5D578899CD58CF /* huf_compress.c in Sources */ = {isa = PBXBuildFile; fileRef = 1BF48237A1E2F026951D38E2 /* huf_compress.c */; };
		283B8F98CD41140278AC43FC /* CarrierBootConfig.swift in Sources */ = {isa = PBXBuildFile; fileRef = EAD16B88BE29DAEE57E0D9B8 /* CarrierBootConfig.swift */; };
		2A756AEAD156CE4172164FBD /* fse_decompress.c in Sources */ = {isa = PBXBuildFile; fileRef = 0BC5AAB2AE526118582AE57B /* fse_decompress.c */; };
		3918A75AC2DB237651582CCF /* zstd_compress_superblock.c in Sources */ = {isa = PBXBuildFile; fileRef = 12837A840ED148F6161FBB1A /* zstd_compress_superblock.c */; };
		3968E99707B8EE09B8BF21DC /* m3_core.c in Sources */ = {isa = PBXBuildFile; fileRef = 348E19DFC4C7450AC2F83CF9 /* m3_core.c */; };
		3DA7229FEF7035585AAC0A85 /* ish-rootfs.tar.gz in Resources */ = {isa = PBXBuildFile; fileRef = 44860052D2DC42B3DF47D91D /* ish-rootfs.tar.gz */; };
		4750B1D5E5D2B7E42D802575 /* SessionLiveRuntime.swift in Sources */ = {isa = PBXBuildFile; fileRef = D2D7207C678D6F6873F0CDD0 /* SessionLiveRuntime.swift */; };
		47B1DB0AB4554772EA362CA2 /* m3_exec.c in Sources */ = {isa = PBXBuildFile; fileRef = 70E06553B3925E2F3AD91392 /* m3_exec.c */; };
		493EA6E4657656CB0A5233AF /* m3_info.c in Sources */ = {isa = PBXBuildFile; fileRef = 38A515451007C09B17F3FEE5 /* m3_info.c */; };
		4C960C2D76082A5BF7D04C71 /* zstd_compress_literals.c in Sources */ = {isa = PBXBuildFile; fileRef = 18032CED3F72480F141741D4 /* zstd_compress_literals.c */; };
		4DF99E89C22618D71698CD6E /* OfficialWebProbe.swift in Sources */ = {isa = PBXBuildFile; fileRef = 95AB5D5BFDB578685994F7A8 /* OfficialWebProbe.swift */; };
		534C3BC3B96752B7DFC1889D /* HTTPPrimitive.swift in Sources */ = {isa = PBXBuildFile; fileRef = 183BA893CC40AAE4768063F6 /* HTTPPrimitive.swift */; };
		54A05AA96A5A5BA9E23EB196 /* GatewayCore.swift in Sources */ = {isa = PBXBuildFile; fileRef = 05F03F3FEC8D68BA0F158DBD /* GatewayCore.swift */; };
		55506887E19CECE57845EDA9 /* dsh_wasm.c in Sources */ = {isa = PBXBuildFile; fileRef = 36B8D5A76FAD892DE4F18315 /* dsh_wasm.c */; };
		573579F6F12471E4424B727A /* libunicode.c in Sources */ = {isa = PBXBuildFile; fileRef = 40F1780B39D9032EE9BB32BC /* libunicode.c */; };
		5F28F055C273C1633A3C960B /* FSPrimitives.swift in Sources */ = {isa = PBXBuildFile; fileRef = 2B4F4DD23787891B6862FFDB /* FSPrimitives.swift */; };
		61B1FE69BBFC1C5588C7B81B /* NotifyPrimitive.swift in Sources */ = {isa = PBXBuildFile; fileRef = 4F489B98DABD6891A3BDDB71 /* NotifyPrimitive.swift */; };
		61EEC98694105A362CEC3707 /* SessionServe.swift in Sources */ = {isa = PBXBuildFile; fileRef = 1279CFC8FB988D80AD896E16 /* SessionServe.swift */; };
		6A1F1EDA0F31AC7F128C66E1 /* fse_compress.c in Sources */ = {isa = PBXBuildFile; fileRef = D28654C90756990B53516877 /* fse_compress.c */; };
		6AC51A340DCCC8F943BE3ADF /* entropy_common.c in Sources */ = {isa = PBXBuildFile; fileRef = 6552EFB8DC2C5B31ADA78A5D /* entropy_common.c */; };
		6C640EF14ABB68E423762CC3 /* WebBootRuntimeDrive.swift in Sources */ = {isa = PBXBuildFile; fileRef = F3DF3E05EAD1DB69CC635369 /* WebBootRuntimeDrive.swift */; };
		6CD05538F74F45643A8E8B31 /* m3_env.c in Sources */ = {isa = PBXBuildFile; fileRef = 2DCD309A4F81A1BFCC728EF9 /* m3_env.c */; };
		6E62BDE0DB22118F12D8A15F /* zstd_common.c in Sources */ = {isa = PBXBuildFile; fileRef = 28376D652E92396F68C92BFF /* zstd_common.c */; };
		6EB89F7D39B1EFD17C3408A7 /* pool.c in Sources */ = {isa = PBXBuildFile; fileRef = CAF73903ADAC8B800DC316F0 /* pool.c */; };
		7137721E1CD8809EAC1499B5 /* CarrierRequest.swift in Sources */ = {isa = PBXBuildFile; fileRef = E7421A65358AB8B696FE09F5 /* CarrierRequest.swift */; };
		756A056B137E2D96A8F8C637 /* m3_code.c in Sources */ = {isa = PBXBuildFile; fileRef = C1AB00E24EB2C6C477B0DDF8 /* m3_code.c */; };
		7BEFA9CB7F409E767A7ECF56 /* m3_validate.c in Sources */ = {isa = PBXBuildFile; fileRef = AE2C804755A0EA5F7CF5B366 /* m3_validate.c */; };
		7EED5085F19287EE5EA05EE0 /* dsh_spike_host.c in Sources */ = {isa = PBXBuildFile; fileRef = 6C867B5F76D077DD9CAC06F2 /* dsh_spike_host.c */; };
		836949EFC4785527B44F0A4D /* m3_parse.c in Sources */ = {isa = PBXBuildFile; fileRef = 8A5C6985445CEF30C1D7D980 /* m3_parse.c */; };
		86EAFAC5AFA68CAA7E7D0F30 /* hist.c in Sources */ = {isa = PBXBuildFile; fileRef = 6AAFC5726CE9E19BEAF8FA30 /* hist.c */; };
		88615C1BC61F9ED55E38A30C /* CarrierRoutes.swift in Sources */ = {isa = PBXBuildFile; fileRef = 93462855086C75B4830CEEAA /* CarrierRoutes.swift */; };
		8E53A7BB75251DCAA363D40D /* CarrierRuntime.swift in Sources */ = {isa = PBXBuildFile; fileRef = 79A2B7CB03F27DBD397AFB73 /* CarrierRuntime.swift */; };
		90C7300A2CDECC073382C343 /* SessionLaunchConfig.swift in Sources */ = {isa = PBXBuildFile; fileRef = 988D76F2BD8AF6FD11811708 /* SessionLaunchConfig.swift */; };
		9460C24BC28428B70418DE80 /* SessionWriteRuntime.swift in Sources */ = {isa = PBXBuildFile; fileRef = 9BD5A2CA21E798B05B3DAB11 /* SessionWriteRuntime.swift */; };
		D4E5F6A7B8C9D0E1F2A3B4C5 /* NextWebProbe.swift in Sources */ = {isa = PBXBuildFile; fileRef = E6F7A8B9C0D1E2F3A4B5C6D7 /* NextWebProbe.swift */; };
		A1B2C3D4E5F60718293A4B5C /* NextWebRuntime.swift in Sources */ = {isa = PBXBuildFile; fileRef = BCDEF0123456789ABCDEF012 /* NextWebRuntime.swift */; };
		9A79E46043F2C71B973B8995 /* CarrierWebDist.swift in Sources */ = {isa = PBXBuildFile; fileRef = CB1E3A9C76B76B7955AFB7E2 /* CarrierWebDist.swift */; };
		9C70CB8C221E9338552394C3 /* UIPrimitives.swift in Sources */ = {isa = PBXBuildFile; fileRef = C7FFE83DAAFCE65B43AB4ED4 /* UIPrimitives.swift */; };
		9D35980B133786B11600B115 /* m3_compile.c in Sources */ = {isa = PBXBuildFile; fileRef = 71939D55828A56CBA1F3085D /* m3_compile.c */; };
		A1B000276ECF160A051C1000 /* CarrierAPIBridge.swift in Sources */ = {isa = PBXBuildFile; fileRef = 43589E4BAF7A73600C5B0567 /* CarrierAPIBridge.swift */; };
		A4CA05BF651AACD378B02362 /* threading.c in Sources */ = {isa = PBXBuildFile; fileRef = D716628A5A096F75A44DD808 /* threading.c */; };
		A4D64D8E5942951A64D738C2 /* SessionWriteProbe.swift in Sources */ = {isa = PBXBuildFile; fileRef = EFE3EBF4B3E0C1278F496455 /* SessionWriteProbe.swift */; };
		A5823CFF26EFBEF3964F86FD /* AppDelegate.swift in Sources */ = {isa = PBXBuildFile; fileRef = 74DD761A8299F885CFFFBF71 /* AppDelegate.swift */; };
		AC204DFD7E8BC95DD5055DCF /* zstd_preSplit.c in Sources */ = {isa = PBXBuildFile; fileRef = DF01BA8A4D1C801F7636022A /* zstd_preSplit.c */; };
		ACE8B4FB83C7BC5C05C91032 /* SessionRuntime.swift in Sources */ = {isa = PBXBuildFile; fileRef = BF970AD8D229CCE9C077FCE1 /* SessionRuntime.swift */; };
		AD11658A84414177D0FCCB8D /* dtoa.c in Sources */ = {isa = PBXBuildFile; fileRef = 7EC9F5F6929C9D36E65D032D /* dtoa.c */; };
		B48D9DE3EE86E724C5BD381D /* GatewaySession.swift in Sources */ = {isa = PBXBuildFile; fileRef = 0CF3FD663D82764D3F2A56C6 /* GatewaySession.swift */; };
		B8533465AAD53C871400EEA6 /* IshPrimitive.swift in Sources */ = {isa = PBXBuildFile; fileRef = CC9A237E8BDE80E952ABA50F /* IshPrimitive.swift */; };
		BC3E696ACE136C158F5B2E53 /* zstd_compress.c in Sources */ = {isa = PBXBuildFile; fileRef = FAF37DFFFC45390465B57A89 /* zstd_compress.c */; };
		C00FC0282AE281696A47D435 /* RuntimeThread.swift in Sources */ = {isa = PBXBuildFile; fileRef = D699FF5BB908578B359B9B14 /* RuntimeThread.swift */; };
		C27214B394213208BC499FE5 /* zstd_decompress.c in Sources */ = {isa = PBXBuildFile; fileRef = 23EE4702D7970C7B8B026484 /* zstd_decompress.c */; };
		CEADAC332E8451DE2DAD9D41 /* zstd_compress_sequences.c in Sources */ = {isa = PBXBuildFile; fileRef = C32121479DFA4A1966C375EB /* zstd_compress_sequences.c */; };
		D0DCF41C09E6E2AEE074E698 /* SpikeRuntime.swift in Sources */ = {isa = PBXBuildFile; fileRef = CE017668D774E7EE7A94A825 /* SpikeRuntime.swift */; };
		D4F5B2B89D5A8745FDD87339 /* m3_function.c in Sources */ = {isa = PBXBuildFile; fileRef = 8D0099AAC070F4DE9DD15D1B /* m3_function.c */; };
		D9680FC8B9E74933627DB174 /* SpikeHostFactory.swift in Sources */ = {isa = PBXBuildFile; fileRef = AA962E7AD5C8CDA2BBED5AF0 /* SpikeHostFactory.swift */; };
		DABC3E145BFC492A0F55CD9D /* zstd_opt.c in Sources */ = {isa = PBXBuildFile; fileRef = B33838D3EBFAB8E240319634 /* zstd_opt.c */; };
		E04CD6025C0C31B04E75D1E5 /* zstd_ldm.c in Sources */ = {isa = PBXBuildFile; fileRef = 6A71CD05409D23039DD9A2A4 /* zstd_ldm.c */; };
		E42F06323D11206F2C413149 /* libregexp.c in Sources */ = {isa = PBXBuildFile; fileRef = 1C1AD386700DAC0A6BB463CE /* libregexp.c */; };
		E642AE8AAF45CDC8A718CD7B /* zstd_ddict.c in Sources */ = {isa = PBXBuildFile; fileRef = A4FAE7AF4720C0B410ED7F06 /* zstd_ddict.c */; };
		EEAEF2022E2D8AF1B85B43B1 /* quickjs.c in Sources */ = {isa = PBXBuildFile; fileRef = FFC9F6DD88A34104FD3BC6B3 /* quickjs.c */; };
		F5F0070F74E81DE98B176234 /* CarrierPlugins.swift in Sources */ = {isa = PBXBuildFile; fileRef = B0E3BCFD74C8ACD203C3B004 /* CarrierPlugins.swift */; };
		F7BC7DC779736A3DA29734D0 /* KeychainPrimitives.swift in Sources */ = {isa = PBXBuildFile; fileRef = F3A09CE3CC3ADAB701ADF9A1 /* KeychainPrimitives.swift */; };
		FA326E9F713A90CBE48760FA /* zstd_double_fast.c in Sources */ = {isa = PBXBuildFile; fileRef = 3BB38803D6B86775A0D00881 /* zstd_double_fast.c */; };
		FA9C1908DC4F1C6E6F621E31 /* zstd_lazy.c in Sources */ = {isa = PBXBuildFile; fileRef = AE7934DF4D9C5F8B24A978FB /* zstd_lazy.c */; };
		FDEDE6EFCB24D8D4017346F3 /* error_private.c in Sources */ = {isa = PBXBuildFile; fileRef = D50BF99658C3C30A623599E7 /* error_private.c */; };
		FF9897C6A3D771EB76D13432 /* zstd_decompress_block.c in Sources */ = {isa = PBXBuildFile; fileRef = B78708CF620B082F55FF434F /* zstd_decompress_block.c */; };
/* End PBXBuildFile section */

/* Begin PBXFileReference section */
		05F03F3FEC8D68BA0F158DBD /* GatewayCore.swift */ = {isa = PBXFileReference; lastKnownFileType = sourcecode.swift; path = GatewayCore.swift; sourceTree = "<group>"; };
		09284B9F0D5242AA9BAB8375 /* SpikeBundle.c */ = {isa = PBXFileReference; lastKnownFileType = sourcecode.c.c; path = SpikeBundle.c; sourceTree = "<group>"; };
		0BC5AAB2AE526118582AE57B /* fse_decompress.c */ = {isa = PBXFileReference; lastKnownFileType = sourcecode.c.c; path = fse_decompress.c; sourceTree = "<group>"; };
		0CF3FD663D82764D3F2A56C6 /* GatewaySession.swift */ = {isa = PBXFileReference; lastKnownFileType = sourcecode.swift; path = GatewaySession.swift; sourceTree = "<group>"; };
		1279CFC8FB988D80AD896E16 /* SessionServe.swift */ = {isa = PBXFileReference; lastKnownFileType = sourcecode.swift; path = SessionServe.swift; sourceTree = "<group>"; };
		12837A840ED148F6161FBB1A /* zstd_compress_superblock.c */ = {isa = PBXFileReference; lastKnownFileType = sourcecode.c.c; path = zstd_compress_superblock.c; sourceTree = "<group>"; };
		16BC17E9DAC78D05C5A92E77 /* zstd_fast.c */ = {isa = PBXFileReference; lastKnownFileType = sourcecode.c.c; path = zstd_fast.c; sourceTree = "<group>"; };
		18032CED3F72480F141741D4 /* zstd_compress_literals.c */ = {isa = PBXFileReference; lastKnownFileType = sourcecode.c.c; path = zstd_compress_literals.c; sourceTree = "<group>"; };
		183BA893CC40AAE4768063F6 /* HTTPPrimitive.swift */ = {isa = PBXFileReference; lastKnownFileType = sourcecode.swift; path = HTTPPrimitive.swift; sourceTree = "<group>"; };
		19A12298B41F3DCDE6937D19 /* SpikeBundleStager.swift */ = {isa = PBXFileReference; lastKnownFileType = sourcecode.swift; path = SpikeBundleStager.swift; sourceTree = "<group>"; };
		1BF48237A1E2F026951D38E2 /* huf_compress.c */ = {isa = PBXFileReference; lastKnownFileType = sourcecode.c.c; path = huf_compress.c; sourceTree = "<group>"; };
		1C1AD386700DAC0A6BB463CE /* libregexp.c */ = {isa = PBXFileReference; lastKnownFileType = sourcecode.c.c; path = libregexp.c; sourceTree = "<group>"; };
		23EE4702D7970C7B8B026484 /* zstd_decompress.c */ = {isa = PBXFileReference; lastKnownFileType = sourcecode.c.c; path = zstd_decompress.c; sourceTree = "<group>"; };
		24888637EE42A0E9E40132A8 /* SpikeBundle.h */ = {isa = PBXFileReference; lastKnownFileType = sourcecode.c.h; path = SpikeBundle.h; sourceTree = "<group>"; };
		28376D652E92396F68C92BFF /* zstd_common.c */ = {isa = PBXFileReference; lastKnownFileType = sourcecode.c.c; path = zstd_common.c; sourceTree = "<group>"; };
		2B4F4DD23787891B6862FFDB /* FSPrimitives.swift */ = {isa = PBXFileReference; lastKnownFileType = sourcecode.swift; path = FSPrimitives.swift; sourceTree = "<group>"; };
		2DCD309A4F81A1BFCC728EF9 /* m3_env.c */ = {isa = PBXFileReference; lastKnownFileType = sourcecode.c.c; path = m3_env.c; sourceTree = "<group>"; };
		348E19DFC4C7450AC2F83CF9 /* m3_core.c */ = {isa = PBXFileReference; lastKnownFileType = sourcecode.c.c; path = m3_core.c; sourceTree = "<group>"; };
		36B8D5A76FAD892DE4F18315 /* dsh_wasm.c */ = {isa = PBXFileReference; lastKnownFileType = sourcecode.c.c; path = dsh_wasm.c; sourceTree = "<group>"; };
		38A515451007C09B17F3FEE5 /* m3_info.c */ = {isa = PBXFileReference; lastKnownFileType = sourcecode.c.c; path = m3_info.c; sourceTree = "<group>"; };
		3A4A8D5A40DEE38DFCB1C59B /* OfficialWebRuntime.swift */ = {isa = PBXFileReference; lastKnownFileType = sourcecode.swift; path = OfficialWebRuntime.swift; sourceTree = "<group>"; };
		3BB38803D6B86775A0D00881 /* zstd_double_fast.c */ = {isa = PBXFileReference; lastKnownFileType = sourcecode.c.c; path = zstd_double_fast.c; sourceTree = "<group>"; };
		40F1780B39D9032EE9BB32BC /* libunicode.c */ = {isa = PBXFileReference; lastKnownFileType = sourcecode.c.c; path = libunicode.c; sourceTree = "<group>"; };
		43589E4BAF7A73600C5B0567 /* CarrierAPIBridge.swift */ = {isa = PBXFileReference; lastKnownFileType = sourcecode.swift; path = CarrierAPIBridge.swift; sourceTree = "<group>"; };
		44860052D2DC42B3DF47D91D /* ish-rootfs.tar.gz */ = {isa = PBXFileReference; lastKnownFileType = archive.gzip; path = "ish-rootfs.tar.gz"; sourceTree = "<group>"; };
		4F489B98DABD6891A3BDDB71 /* NotifyPrimitive.swift */ = {isa = PBXFileReference; lastKnownFileType = sourcecode.swift; path = NotifyPrimitive.swift; sourceTree = "<group>"; };
		5731EA74DCC357235A532782 /* xxhash.c */ = {isa = PBXFileReference; lastKnownFileType = sourcecode.c.c; path = xxhash.c; sourceTree = "<group>"; };
		5A23156072E07F33C5E489FE /* m3_bind.c */ = {isa = PBXFileReference; lastKnownFileType = sourcecode.c.c; path = m3_bind.c; sourceTree = "<group>"; };
		6552EFB8DC2C5B31ADA78A5D /* entropy_common.c */ = {isa = PBXFileReference; lastKnownFileType = sourcecode.c.c; path = entropy_common.c; sourceTree = "<group>"; };
		6A1382ABE6EDFB24119B9EEE /* Bridge.h */ = {isa = PBXFileReference; lastKnownFileType = sourcecode.c.h; path = Bridge.h; sourceTree = "<group>"; };
		6A71CD05409D23039DD9A2A4 /* zstd_ldm.c */ = {isa = PBXFileReference; lastKnownFileType = sourcecode.c.c; path = zstd_ldm.c; sourceTree = "<group>"; };
		6AAFC5726CE9E19BEAF8FA30 /* hist.c */ = {isa = PBXFileReference; lastKnownFileType = sourcecode.c.c; path = hist.c; sourceTree = "<group>"; };
		6C867B5F76D077DD9CAC06F2 /* dsh_spike_host.c */ = {isa = PBXFileReference; lastKnownFileType = sourcecode.c.c; path = dsh_spike_host.c; sourceTree = "<group>"; };
		70E06553B3925E2F3AD91392 /* m3_exec.c */ = {isa = PBXFileReference; lastKnownFileType = sourcecode.c.c; path = m3_exec.c; sourceTree = "<group>"; };
		71939D55828A56CBA1F3085D /* m3_compile.c */ = {isa = PBXFileReference; lastKnownFileType = sourcecode.c.c; path = m3_compile.c; sourceTree = "<group>"; };
		74DD761A8299F885CFFFBF71 /* AppDelegate.swift */ = {isa = PBXFileReference; lastKnownFileType = sourcecode.swift; path = AppDelegate.swift; sourceTree = "<group>"; };
		79A2B7CB03F27DBD397AFB73 /* CarrierRuntime.swift */ = {isa = PBXFileReference; lastKnownFileType = sourcecode.swift; path = CarrierRuntime.swift; sourceTree = "<group>"; };
		7B3935A60D3190F43EB378EB /* m3_module.c */ = {isa = PBXFileReference; lastKnownFileType = sourcecode.c.c; path = m3_module.c; sourceTree = "<group>"; };
		7EC9F5F6929C9D36E65D032D /* dtoa.c */ = {isa = PBXFileReference; lastKnownFileType = sourcecode.c.c; path = dtoa.c; sourceTree = "<group>"; };
		8A5C6985445CEF30C1D7D980 /* m3_parse.c */ = {isa = PBXFileReference; lastKnownFileType = sourcecode.c.c; path = m3_parse.c; sourceTree = "<group>"; };
		8D0099AAC070F4DE9DD15D1B /* m3_function.c */ = {isa = PBXFileReference; lastKnownFileType = sourcecode.c.c; path = m3_function.c; sourceTree = "<group>"; };
		8E8AEA704FF77DC9764D8E5D /* DSHSpike.app */ = {isa = PBXFileReference; includeInIndex = 0; lastKnownFileType = wrapper.application; path = DSHSpike.app; sourceTree = BUILT_PRODUCTS_DIR; };
		93462855086C75B4830CEEAA /* CarrierRoutes.swift */ = {isa = PBXFileReference; lastKnownFileType = sourcecode.swift; path = CarrierRoutes.swift; sourceTree = "<group>"; };
		95AB5D5BFDB578685994F7A8 /* OfficialWebProbe.swift */ = {isa = PBXFileReference; lastKnownFileType = sourcecode.swift; path = OfficialWebProbe.swift; sourceTree = "<group>"; };
		988D76F2BD8AF6FD11811708 /* SessionLaunchConfig.swift */ = {isa = PBXFileReference; lastKnownFileType = sourcecode.swift; path = SessionLaunchConfig.swift; sourceTree = "<group>"; };
		9AAA0B16F1D064F20E961EAF /* Info.plist */ = {isa = PBXFileReference; lastKnownFileType = text.plist; path = Info.plist; sourceTree = "<group>"; };
		9BD5A2CA21E798B05B3DAB11 /* SessionWriteRuntime.swift */ = {isa = PBXFileReference; lastKnownFileType = sourcecode.swift; path = SessionWriteRuntime.swift; sourceTree = "<group>"; };
		E6F7A8B9C0D1E2F3A4B5C6D7 /* NextWebProbe.swift */ = {isa = PBXFileReference; lastKnownFileType = sourcecode.swift; path = NextWebProbe.swift; sourceTree = "<group>"; };
		BCDEF0123456789ABCDEF012 /* NextWebRuntime.swift */ = {isa = PBXFileReference; lastKnownFileType = sourcecode.swift; path = NextWebRuntime.swift; sourceTree = "<group>"; };
		A4FAE7AF4720C0B410ED7F06 /* zstd_ddict.c */ = {isa = PBXFileReference; lastKnownFileType = sourcecode.c.c; path = zstd_ddict.c; sourceTree = "<group>"; };
		AA962E7AD5C8CDA2BBED5AF0 /* SpikeHostFactory.swift */ = {isa = PBXFileReference; lastKnownFileType = sourcecode.swift; path = SpikeHostFactory.swift; sourceTree = "<group>"; };
		AE2C804755A0EA5F7CF5B366 /* m3_validate.c */ = {isa = PBXFileReference; lastKnownFileType = sourcecode.c.c; path = m3_validate.c; sourceTree = "<group>"; };
		AE7934DF4D9C5F8B24A978FB /* zstd_lazy.c */ = {isa = PBXFileReference; lastKnownFileType = sourcecode.c.c; path = zstd_lazy.c; sourceTree = "<group>"; };
		B0E3BCFD74C8ACD203C3B004 /* CarrierPlugins.swift */ = {isa = PBXFileReference; lastKnownFileType = sourcecode.swift; path = CarrierPlugins.swift; sourceTree = "<group>"; };
		B33838D3EBFAB8E240319634 /* zstd_opt.c */ = {isa = PBXFileReference; lastKnownFileType = sourcecode.c.c; path = zstd_opt.c; sourceTree = "<group>"; };
		B78708CF620B082F55FF434F /* zstd_decompress_block.c */ = {isa = PBXFileReference; lastKnownFileType = sourcecode.c.c; path = zstd_decompress_block.c; sourceTree = "<group>"; };
		BF970AD8D229CCE9C077FCE1 /* SessionRuntime.swift */ = {isa = PBXFileReference; lastKnownFileType = sourcecode.swift; path = SessionRuntime.swift; sourceTree = "<group>"; };
		C1AB00E24EB2C6C477B0DDF8 /* m3_code.c */ = {isa = PBXFileReference; lastKnownFileType = sourcecode.c.c; path = m3_code.c; sourceTree = "<group>"; };
		C32121479DFA4A1966C375EB /* zstd_compress_sequences.c */ = {isa = PBXFileReference; lastKnownFileType = sourcecode.c.c; path = zstd_compress_sequences.c; sourceTree = "<group>"; };
		C7FFE83DAAFCE65B43AB4ED4 /* UIPrimitives.swift */ = {isa = PBXFileReference; lastKnownFileType = sourcecode.swift; path = UIPrimitives.swift; sourceTree = "<group>"; };
		CAF73903ADAC8B800DC316F0 /* pool.c */ = {isa = PBXFileReference; lastKnownFileType = sourcecode.c.c; path = pool.c; sourceTree = "<group>"; };
		CB1E3A9C76B76B7955AFB7E2 /* CarrierWebDist.swift */ = {isa = PBXFileReference; lastKnownFileType = sourcecode.swift; path = CarrierWebDist.swift; sourceTree = "<group>"; };
		CC9A237E8BDE80E952ABA50F /* IshPrimitive.swift */ = {isa = PBXFileReference; lastKnownFileType = sourcecode.swift; path = IshPrimitive.swift; sourceTree = "<group>"; };
		CE017668D774E7EE7A94A825 /* SpikeRuntime.swift */ = {isa = PBXFileReference; lastKnownFileType = sourcecode.swift; path = SpikeRuntime.swift; sourceTree = "<group>"; };
		D28654C90756990B53516877 /* fse_compress.c */ = {isa = PBXFileReference; lastKnownFileType = sourcecode.c.c; path = fse_compress.c; sourceTree = "<group>"; };
		D2D7207C678D6F6873F0CDD0 /* SessionLiveRuntime.swift */ = {isa = PBXFileReference; lastKnownFileType = sourcecode.swift; path = SessionLiveRuntime.swift; sourceTree = "<group>"; };
		D50BF99658C3C30A623599E7 /* error_private.c */ = {isa = PBXFileReference; lastKnownFileType = sourcecode.c.c; path = error_private.c; sourceTree = "<group>"; };
		D699FF5BB908578B359B9B14 /* RuntimeThread.swift */ = {isa = PBXFileReference; lastKnownFileType = sourcecode.swift; path = RuntimeThread.swift; sourceTree = "<group>"; };
		D716628A5A096F75A44DD808 /* threading.c */ = {isa = PBXFileReference; lastKnownFileType = sourcecode.c.c; path = threading.c; sourceTree = "<group>"; };
		DF01BA8A4D1C801F7636022A /* zstd_preSplit.c */ = {isa = PBXFileReference; lastKnownFileType = sourcecode.c.c; path = zstd_preSplit.c; sourceTree = "<group>"; };
		E099B0D4BFA4C2C2195F1DD1 /* CarrierServer.swift */ = {isa = PBXFileReference; lastKnownFileType = sourcecode.swift; path = CarrierServer.swift; sourceTree = "<group>"; };
		E1158A27C870CD3EE526DBBC /* huf_decompress.c */ = {isa = PBXFileReference; lastKnownFileType = sourcecode.c.c; path = huf_decompress.c; sourceTree = "<group>"; };
		E7421A65358AB8B696FE09F5 /* CarrierRequest.swift */ = {isa = PBXFileReference; lastKnownFileType = sourcecode.swift; path = CarrierRequest.swift; sourceTree = "<group>"; };
		EAD16B88BE29DAEE57E0D9B8 /* CarrierBootConfig.swift */ = {isa = PBXFileReference; lastKnownFileType = sourcecode.swift; path = CarrierBootConfig.swift; sourceTree = "<group>"; };
		EFE3EBF4B3E0C1278F496455 /* SessionWriteProbe.swift */ = {isa = PBXFileReference; lastKnownFileType = sourcecode.swift; path = SessionWriteProbe.swift; sourceTree = "<group>"; };
		F1AFB09BF1FF590997FA7731 /* SessionLiveProbe.swift */ = {isa = PBXFileReference; lastKnownFileType = sourcecode.swift; path = SessionLiveProbe.swift; sourceTree = "<group>"; };
		F3A09CE3CC3ADAB701ADF9A1 /* KeychainPrimitives.swift */ = {isa = PBXFileReference; lastKnownFileType = sourcecode.swift; path = KeychainPrimitives.swift; sourceTree = "<group>"; };
		F3DF3E05EAD1DB69CC635369 /* WebBootRuntimeDrive.swift */ = {isa = PBXFileReference; lastKnownFileType = sourcecode.swift; path = WebBootRuntimeDrive.swift; sourceTree = "<group>"; };
		FAC7FDB05020C2366FB7DE1F /* debug.c */ = {isa = PBXFileReference; lastKnownFileType = sourcecode.c.c; path = debug.c; sourceTree = "<group>"; };
		FAF37DFFFC45390465B57A89 /* zstd_compress.c */ = {isa = PBXFileReference; lastKnownFileType = sourcecode.c.c; path = zstd_compress.c; sourceTree = "<group>"; };
		FFC9F6DD88A34104FD3BC6B3 /* quickjs.c */ = {isa = PBXFileReference; lastKnownFileType = sourcecode.c.c; path = quickjs.c; sourceTree = "<group>"; };
/* End PBXFileReference section */

/* Begin PBXGroup section */
		18BCF6D2637A0604C13D003A /* runtime */ = {
			isa = PBXGroup;
			children = (
				A5B60BF5C6260FCBD4137563 /* spike */,
			);
			path = runtime;
			sourceTree = "<group>";
		};
		246E2CA954878CE8897E2C83 /* dsh-mobile */ = {
			isa = PBXGroup;
			children = (
				18BCF6D2637A0604C13D003A /* runtime */,
			);
			name = "dsh-mobile";
			path = ../..;
			sourceTree = "<group>";
		};
		261210B6C944DA738F7FBC65 /* Source */ = {
			isa = PBXGroup;
			children = (
				74DD761A8299F885CFFFBF71 /* AppDelegate.swift */,
				6A1382ABE6EDFB24119B9EEE /* Bridge.h */,
				43589E4BAF7A73600C5B0567 /* CarrierAPIBridge.swift */,
				EAD16B88BE29DAEE57E0D9B8 /* CarrierBootConfig.swift */,
				B0E3BCFD74C8ACD203C3B004 /* CarrierPlugins.swift */,
				E7421A65358AB8B696FE09F5 /* CarrierRequest.swift */,
				93462855086C75B4830CEEAA /* CarrierRoutes.swift */,
				79A2B7CB03F27DBD397AFB73 /* CarrierRuntime.swift */,
				E099B0D4BFA4C2C2195F1DD1 /* CarrierServer.swift */,
				CB1E3A9C76B76B7955AFB7E2 /* CarrierWebDist.swift */,
				95AB5D5BFDB578685994F7A8 /* OfficialWebProbe.swift */,
				3A4A8D5A40DEE38DFCB1C59B /* OfficialWebRuntime.swift */,
				D699FF5BB908578B359B9B14 /* RuntimeThread.swift */,
				988D76F2BD8AF6FD11811708 /* SessionLaunchConfig.swift */,
				F1AFB09BF1FF590997FA7731 /* SessionLiveProbe.swift */,
				D2D7207C678D6F6873F0CDD0 /* SessionLiveRuntime.swift */,
				BF970AD8D229CCE9C077FCE1 /* SessionRuntime.swift */,
				1279CFC8FB988D80AD896E16 /* SessionServe.swift */,
				EFE3EBF4B3E0C1278F496455 /* SessionWriteProbe.swift */,
				9BD5A2CA21E798B05B3DAB11 /* SessionWriteRuntime.swift */,
				E6F7A8B9C0D1E2F3A4B5C6D7 /* NextWebProbe.swift */,
				BCDEF0123456789ABCDEF012 /* NextWebRuntime.swift */,
				19A12298B41F3DCDE6937D19 /* SpikeBundleStager.swift */,
				AA962E7AD5C8CDA2BBED5AF0 /* SpikeHostFactory.swift */,
				CE017668D774E7EE7A94A825 /* SpikeRuntime.swift */,
				F3DF3E05EAD1DB69CC635369 /* WebBootRuntimeDrive.swift */,
				AEA110DACF229E48D1B6EFFC /* Gateway */,
			);
			path = Source;
			sourceTree = "<group>";
		};
		28C8C341C95AB072E7B63563 /* 1.5.7 */ = {
			isa = PBXGroup;
			children = (
				A1A030093F994610E8404BED /* common */,
				A3BF68E170C26544BECC02DB /* compress */,
				2C2F2DD34FC61FFDDDD591C1 /* decompress */,
			);
			path = 1.5.7;
			sourceTree = "<group>";
		};
		2C2F2DD34FC61FFDDDD591C1 /* decompress */ = {
			isa = PBXGroup;
			children = (
				E1158A27C870CD3EE526DBBC /* huf_decompress.c */,
				A4FAE7AF4720C0B410ED7F06 /* zstd_ddict.c */,
				B78708CF620B082F55FF434F /* zstd_decompress_block.c */,
				23EE4702D7970C7B8B026484 /* zstd_decompress.c */,
			);
			path = decompress;
			sourceTree = "<group>";
		};
		31A88533D352D1A735289610 /* wasm3 */ = {
			isa = PBXGroup;
			children = (
				F2FC6793251B9DAD59B15905 /* 0.9.0 */,
			);
			path = wasm3;
			sourceTree = "<group>";
		};
		84F95FD6AADCA843676C4DF9 = {
			isa = PBXGroup;
			children = (
				EAA4B75B2F1CFEF88CAB445B /* App */,
				246E2CA954878CE8897E2C83 /* dsh-mobile */,
				AF09F1B8671210489366EA0F /* Products */,
			);
			sourceTree = "<group>";
		};
		85B3ABB1D5FDBFBD29CCD060 /* source */ = {
			isa = PBXGroup;
			children = (
				5A23156072E07F33C5E489FE /* m3_bind.c */,
				C1AB00E24EB2C6C477B0DDF8 /* m3_code.c */,
				71939D55828A56CBA1F3085D /* m3_compile.c */,
				348E19DFC4C7450AC2F83CF9 /* m3_core.c */,
				2DCD309A4F81A1BFCC728EF9 /* m3_env.c */,
				70E06553B3925E2F3AD91392 /* m3_exec.c */,
				8D0099AAC070F4DE9DD15D1B /* m3_function.c */,
				38A515451007C09B17F3FEE5 /* m3_info.c */,
				7B3935A60D3190F43EB378EB /* m3_module.c */,
				8A5C6985445CEF30C1D7D980 /* m3_parse.c */,
				AE2C804755A0EA5F7CF5B366 /* m3_validate.c */,
			);
			path = source;
			sourceTree = "<group>";
		};
		978D35D8850CE0F9B67467A7 /* quickjs-ng */ = {
			isa = PBXGroup;
			children = (
				D5E827790BA094B86B9650BE /* 0.17.0 */,
			);
			path = "quickjs-ng";
			sourceTree = "<group>";
		};
		A1A030093F994610E8404BED /* common */ = {
			isa = PBXGroup;
			children = (
				FAC7FDB05020C2366FB7DE1F /* debug.c */,
				6552EFB8DC2C5B31ADA78A5D /* entropy_common.c */,
				D50BF99658C3C30A623599E7 /* error_private.c */,
				0BC5AAB2AE526118582AE57B /* fse_decompress.c */,
				CAF73903ADAC8B800DC316F0 /* pool.c */,
				D716628A5A096F75A44DD808 /* threading.c */,
				5731EA74DCC357235A532782 /* xxhash.c */,
				28376D652E92396F68C92BFF /* zstd_common.c */,
			);
			path = common;
			sourceTree = "<group>";
		};
		A3BF68E170C26544BECC02DB /* compress */ = {
			isa = PBXGroup;
			children = (
				D28654C90756990B53516877 /* fse_compress.c */,
				6AAFC5726CE9E19BEAF8FA30 /* hist.c */,
				1BF48237A1E2F026951D38E2 /* huf_compress.c */,
				18032CED3F72480F141741D4 /* zstd_compress_literals.c */,
				C32121479DFA4A1966C375EB /* zstd_compress_sequences.c */,
				12837A840ED148F6161FBB1A /* zstd_compress_superblock.c */,
				FAF37DFFFC45390465B57A89 /* zstd_compress.c */,
				3BB38803D6B86775A0D00881 /* zstd_double_fast.c */,
				16BC17E9DAC78D05C5A92E77 /* zstd_fast.c */,
				AE7934DF4D9C5F8B24A978FB /* zstd_lazy.c */,
				6A71CD05409D23039DD9A2A4 /* zstd_ldm.c */,
				B33838D3EBFAB8E240319634 /* zstd_opt.c */,
				DF01BA8A4D1C801F7636022A /* zstd_preSplit.c */,
			);
			path = compress;
			sourceTree = "<group>";
		};
		A551A48B835E92B60D8D2724 /* Generated */ = {
			isa = PBXGroup;
			children = (
				44860052D2DC42B3DF47D91D /* ish-rootfs.tar.gz */,
				09284B9F0D5242AA9BAB8375 /* SpikeBundle.c */,
				24888637EE42A0E9E40132A8 /* SpikeBundle.h */,
			);
			path = Generated;
			sourceTree = "<group>";
		};
		A5B60BF5C6260FCBD4137563 /* spike */ = {
			isa = PBXGroup;
			children = (
				B38A1FC5129B317D9437AF5C /* host */,
				C479559F39BBD427C25F13B6 /* vendor */,
			);
			path = spike;
			sourceTree = "<group>";
		};
		AEA110DACF229E48D1B6EFFC /* Gateway */ = {
			isa = PBXGroup;
			children = (
				2B4F4DD23787891B6862FFDB /* FSPrimitives.swift */,
				05F03F3FEC8D68BA0F158DBD /* GatewayCore.swift */,
				0CF3FD663D82764D3F2A56C6 /* GatewaySession.swift */,
				183BA893CC40AAE4768063F6 /* HTTPPrimitive.swift */,
				CC9A237E8BDE80E952ABA50F /* IshPrimitive.swift */,
				F3A09CE3CC3ADAB701ADF9A1 /* KeychainPrimitives.swift */,
				4F489B98DABD6891A3BDDB71 /* NotifyPrimitive.swift */,
				C7FFE83DAAFCE65B43AB4ED4 /* UIPrimitives.swift */,
			);
			path = Gateway;
			sourceTree = "<group>";
		};
		AF09F1B8671210489366EA0F /* Products */ = {
			isa = PBXGroup;
			children = (
				8E8AEA704FF77DC9764D8E5D /* DSHSpike.app */,
			);
			name = Products;
			sourceTree = "<group>";
		};
		B38A1FC5129B317D9437AF5C /* host */ = {
			isa = PBXGroup;
			children = (
				6C867B5F76D077DD9CAC06F2 /* dsh_spike_host.c */,
				36B8D5A76FAD892DE4F18315 /* dsh_wasm.c */,
			);
			path = host;
			sourceTree = "<group>";
		};
		C479559F39BBD427C25F13B6 /* vendor */ = {
			isa = PBXGroup;
			children = (
				978D35D8850CE0F9B67467A7 /* quickjs-ng */,
				31A88533D352D1A735289610 /* wasm3 */,
				DE6EEF436DF5FCBED6C883EC /* zstd */,
			);
			path = vendor;
			sourceTree = "<group>";
		};
		D5E827790BA094B86B9650BE /* 0.17.0 */ = {
			isa = PBXGroup;
			children = (
				7EC9F5F6929C9D36E65D032D /* dtoa.c */,
				1C1AD386700DAC0A6BB463CE /* libregexp.c */,
				40F1780B39D9032EE9BB32BC /* libunicode.c */,
				FFC9F6DD88A34104FD3BC6B3 /* quickjs.c */,
			);
			path = 0.17.0;
			sourceTree = "<group>";
		};
		DE6EEF436DF5FCBED6C883EC /* zstd */ = {
			isa = PBXGroup;
			children = (
				28C8C341C95AB072E7B63563 /* 1.5.7 */,
			);
			path = zstd;
			sourceTree = "<group>";
		};
		EAA4B75B2F1CFEF88CAB445B /* App */ = {
			isa = PBXGroup;
			children = (
				9AAA0B16F1D064F20E961EAF /* Info.plist */,
				A551A48B835E92B60D8D2724 /* Generated */,
				261210B6C944DA738F7FBC65 /* Source */,
			);
			path = App;
			sourceTree = "<group>";
		};
		F2FC6793251B9DAD59B15905 /* 0.9.0 */ = {
			isa = PBXGroup;
			children = (
				85B3ABB1D5FDBFBD29CCD060 /* source */,
			);
			path = 0.9.0;
			sourceTree = "<group>";
		};
/* End PBXGroup section */

/* Begin PBXNativeTarget section */
		C815DDD6C564AE4290EC2C08 /* DSHSpike */ = {
			isa = PBXNativeTarget;
			buildConfigurationList = 76CE008D03C6EE3793B0F2BC /* Build configuration list for PBXNativeTarget "DSHSpike" */;
			buildPhases = (
				405A338A89E2FBE347355326 /* GenerateSpikeBundle */,
				844897D01504929715F8A1DA /* FetchIshRootfs */,
				662B783888523ECA4CDD4657 /* BuildIshEngine */,
				BFBB6C07DDCAFB1A3FE93954 /* StageOfficialWeb */,
				EB4572C5EB0CCEA1304E8FD7 /* Sources */,
				653D711BEA78CB972BAB6B0A /* Resources */,
			);
			buildRules = (
			);
			dependencies = (
			);
			name = DSHSpike;
			packageProductDependencies = (
			);
			productName = DSHSpike;
			productReference = 8E8AEA704FF77DC9764D8E5D /* DSHSpike.app */;
			productType = "com.apple.product-type.application";
		};
/* End PBXNativeTarget section */

/* Begin PBXProject section */
		3CCC20395AC8ADDAA4AB79D6 /* Project object */ = {
			isa = PBXProject;
			attributes = {
				BuildIndependentTargetsInParallel = YES;
				LastUpgradeCheck = 1430;
				TargetAttributes = {
				};
			};
			buildConfigurationList = 4F8D8F19B455255473978E4B /* Build configuration list for PBXProject "DSHSpike" */;
			developmentRegion = en;
			hasScannedForEncodings = 0;
			knownRegions = (
				Base,
				en,
			);
			mainGroup = 84F95FD6AADCA843676C4DF9;
			minimizedProjectReferenceProxies = 1;
			preferredProjectObjectVersion = 77;
			productRefGroup = AF09F1B8671210489366EA0F /* Products */;
			projectDirPath = "";
			projectRoot = "";
			targets = (
				C815DDD6C564AE4290EC2C08 /* DSHSpike */,
			);
		};
/* End PBXProject section */

/* Begin PBXResourcesBuildPhase section */
		653D711BEA78CB972BAB6B0A /* Resources */ = {
			isa = PBXResourcesBuildPhase;
			buildActionMask = 2147483647;
			files = (
				3DA7229FEF7035585AAC0A85 /* ish-rootfs.tar.gz in Resources */,
			);
			runOnlyForDeploymentPostprocessing = 0;
		};
/* End PBXResourcesBuildPhase section */

/* Begin PBXShellScriptBuildPhase section */
		405A338A89E2FBE347355326 /* GenerateSpikeBundle */ = {
			isa = PBXShellScriptBuildPhase;
			buildActionMask = 2147483647;
			files = (
			);
			inputFileListPaths = (
			);
			inputPaths = (
				Tools/gen_bundle_header.py,
				../../runtime/spike/logger.js,
				../../runtime/spike/gateway.js,
				../../runtime/spike/registry.js,
				../../runtime/spike/manifest.json,
				"../../runtime/spike/scenario/boot-verification.js",
				"../../runtime/spike/scenario/gateway-binding.js",
				"../../runtime/spike/scenario/gateway-bridge-smoke.js",
				"../../runtime/spike/scenario/session-mock-llm.js",
				"../../runtime/spike/scenario/carrier-loopback.js",
				"../../runtime/spike/scenario/session-web-live.js",
				"../../runtime/spike/upstream/web-write.js",
				"../../runtime/spike/upstream/web-write-streams.js",
				"../../runtime/spike/upstream/web-write-settings.js",
				"../../runtime/spike/scenario/composer-web-live.js",
				../../runtime/spike/web/index.html,
				"../../runtime/spike/web/carrier-page.js",
				../../runtime/spike/llm.js,
				"../../runtime/spike/scenario/llm-live-stream.js",
				"../../runtime/spike/vendor/dsh/util-crypto@0.1.6-alpha.2/lib/index.js",
				"../../system-plugins/dsh-fs/manifest.json",
				"../../system-plugins/dsh-fs/index.js",
				"../../system-plugins/dsh-subprocess-quickjs/manifest.json",
				"../../system-plugins/dsh-subprocess-quickjs/index.js",
				"../../system-plugins/dsh-ui/manifest.json",
				"../../system-plugins/dsh-ui/index.js",
				"../../system-plugins/dsh-shell-ish/manifest.json",
				"../../system-plugins/dsh-shell-ish/index.js",
				"../../presentation/web-client/manifest.json",
				"../../presentation/web-client/web/index.html",
				"../../presentation/web-client/web/main.js",
			);
			name = GenerateSpikeBundle;
			outputFileListPaths = (
			);
			outputPaths = (
				App/Generated/SpikeBundle.h,
				App/Generated/SpikeBundle.c,
			);
			runOnlyForDeploymentPostprocessing = 0;
			shellPath = /bin/sh;
			shellScript = "python3 \"$SRCROOT/Tools/gen_bundle_header.py\"\n";
		};
		662B783888523ECA4CDD4657 /* BuildIshEngine */ = {
			isa = PBXShellScriptBuildPhase;
			alwaysOutOfDate = 1;
			buildActionMask = 2147483647;
			files = (
			);
			inputFileListPaths = (
			);
			inputPaths = (
			);
			name = BuildIshEngine;
			outputFileListPaths = (
			);
			outputPaths = (
			);
			runOnlyForDeploymentPostprocessing = 0;
			shellPath = /bin/sh;
			shellScript = "# Xcode's build environment carries the system paths only, so a\n# Homebrew cmake has to be found by hand (and named loudly when absent\n# — the engine cannot be built without it).\nif ! command -v cmake >/dev/null 2>&1; then\n  for dir in /opt/homebrew/bin /usr/local/bin; do\n    [ -x \"$dir/cmake\" ] && PATH=\"$dir:$PATH\"\n  done\nfi\ncommand -v cmake >/dev/null 2>&1 || {\n  echo \"error: cmake not found — install CMake (brew install cmake)\"; exit 1; }\nset -e\nREPO=\"$SRCROOT/../..\"\n\"$REPO/runtime/spike/vendor/ensure-ish.sh\"\n# The guest vdso is a GUEST aarch64 elf, so it is identical on every\n# platform: a HOST configure builds it once and the iOS build reuses\n# it. The zero-byte placeholder a cross-compile would write is not an\n# option — a zeroed vdso makes the kernel ABORT the app on the first\n# signal delivered to a guest task (kernel/vdso.c's fail path), and\n# ISH_VDSO_ELF_DIR refuses it.\nVDSO=\"$REPO/runtime/spike/build/ish/vdso\"\nif [ ! -s \"$VDSO/libvdso.so.elf\" ]; then\n  cmake -S \"$REPO/runtime/spike/host/ish\" -B \"$REPO/runtime/spike/build/ish\"\n  cmake --build \"$REPO/runtime/spike/build/ish\" --target ish-vdso\nfi\nBUILD=\"$REPO/runtime/spike/build/ish-ios-$SDK_NAME\"\ncmake -S \"$REPO/runtime/spike/host/ish\" -B \"$BUILD\" \\\n  -DISH_SDK=\"$SDK_NAME\" \\\n  -DCMAKE_SYSTEM_NAME=iOS \\\n  -DCMAKE_OSX_SYSROOT=\"$SDK_NAME\" \\\n  -DCMAKE_OSX_ARCHITECTURES=arm64 \\\n  -DCMAKE_OSX_DEPLOYMENT_TARGET=\"$IPHONEOS_DEPLOYMENT_TARGET\" \\\n  -DISH_VDSO_ELF_DIR=\"$VDSO\"\ncmake --build \"$BUILD\" --target dsh_ish\n";
		};
		844897D01504929715F8A1DA /* FetchIshRootfs */ = {
			isa = PBXShellScriptBuildPhase;
			alwaysOutOfDate = 1;
			buildActionMask = 2147483647;
			files = (
			);
			inputFileListPaths = (
			);
			inputPaths = (
				"../../runtime/spike/vendor/ensure-ish-rootfs.sh",
			);
			name = FetchIshRootfs;
			outputFileListPaths = (
			);
			outputPaths = (
				"App/Generated/ish-rootfs.tar.gz",
			);
			runOnlyForDeploymentPostprocessing = 0;
			shellPath = /bin/sh;
			shellScript = "\"$SRCROOT/../../runtime/spike/vendor/ensure-ish-rootfs.sh\" \"$SRCROOT/App/Generated\"\n";
		};
		BFBB6C07DDCAFB1A3FE93954 /* StageOfficialWeb */ = {
			isa = PBXShellScriptBuildPhase;
			alwaysOutOfDate = 1;
			buildActionMask = 2147483647;
			files = (
			);
			inputFileListPaths = (
			);
			inputPaths = (
			);
			name = StageOfficialWeb;
			outputFileListPaths = (
			);
			outputPaths = (
			);
			runOnlyForDeploymentPostprocessing = 0;
			shellPath = /bin/sh;
			shellScript = "# Release only: embed the vendored official Web Client (dist + client\n# bundles) so a plain launch reaches the official UI with nothing\n# staged from outside. Debug is a no-op (the harness stages Documents\n# itself, and the E2E evidence must keep reading exactly the tree it\n# stages). The script fails loud when a Release source tree is missing\n# or a copied byte drifts.\nset -e\npython3 \"$SRCROOT/Tools/stage_official_web.py\" \"$CONFIGURATION\" \\\n  \"$TARGET_BUILD_DIR/$UNLOCALIZED_RESOURCES_FOLDER_PATH\"\n";
		};
/* End PBXShellScriptBuildPhase section */

/* Begin PBXSourcesBuildPhase section */
		EB4572C5EB0CCEA1304E8FD7 /* Sources */ = {
			isa = PBXSourcesBuildPhase;
			buildActionMask = 2147483647;
			files = (
				A5823CFF26EFBEF3964F86FD /* AppDelegate.swift in Sources */,
				A1B000276ECF160A051C1000 /* CarrierAPIBridge.swift in Sources */,
				283B8F98CD41140278AC43FC /* CarrierBootConfig.swift in Sources */,
				F5F0070F74E81DE98B176234 /* CarrierPlugins.swift in Sources */,
				7137721E1CD8809EAC1499B5 /* CarrierRequest.swift in Sources */,
				88615C1BC61F9ED55E38A30C /* CarrierRoutes.swift in Sources */,
				8E53A7BB75251DCAA363D40D /* CarrierRuntime.swift in Sources */,
				0EC9D13AF2732363D383739A /* CarrierServer.swift in Sources */,
				9A79E46043F2C71B973B8995 /* CarrierWebDist.swift in Sources */,
				5F28F055C273C1633A3C960B /* FSPrimitives.swift in Sources */,
				54A05AA96A5A5BA9E23EB196 /* GatewayCore.swift in Sources */,
				B48D9DE3EE86E724C5BD381D /* GatewaySession.swift in Sources */,
				534C3BC3B96752B7DFC1889D /* HTTPPrimitive.swift in Sources */,
				B8533465AAD53C871400EEA6 /* IshPrimitive.swift in Sources */,
				F7BC7DC779736A3DA29734D0 /* KeychainPrimitives.swift in Sources */,
				61B1FE69BBFC1C5588C7B81B /* NotifyPrimitive.swift in Sources */,
				4DF99E89C22618D71698CD6E /* OfficialWebProbe.swift in Sources */,
				1B385B3BBC82C30A9C4BFAA8 /* OfficialWebRuntime.swift in Sources */,
				C00FC0282AE281696A47D435 /* RuntimeThread.swift in Sources */,
				90C7300A2CDECC073382C343 /* SessionLaunchConfig.swift in Sources */,
				184D40FA4E64ACB3D27FE975 /* SessionLiveProbe.swift in Sources */,
				4750B1D5E5D2B7E42D802575 /* SessionLiveRuntime.swift in Sources */,
				ACE8B4FB83C7BC5C05C91032 /* SessionRuntime.swift in Sources */,
				61EEC98694105A362CEC3707 /* SessionServe.swift in Sources */,
				A4D64D8E5942951A64D738C2 /* SessionWriteProbe.swift in Sources */,
				9460C24BC28428B70418DE80 /* SessionWriteRuntime.swift in Sources */,
				D4E5F6A7B8C9D0E1F2A3B4C5 /* NextWebProbe.swift in Sources */,
				A1B2C3D4E5F60718293A4B5C /* NextWebRuntime.swift in Sources */,
				13D20406BECDDA3EEDBBB35F /* SpikeBundle.c in Sources */,
				2273BB6FBCB3CCD131594599 /* SpikeBundleStager.swift in Sources */,
				D9680FC8B9E74933627DB174 /* SpikeHostFactory.swift in Sources */,
				D0DCF41C09E6E2AEE074E698 /* SpikeRuntime.swift in Sources */,
				9C70CB8C221E9338552394C3 /* UIPrimitives.swift in Sources */,
				6C640EF14ABB68E423762CC3 /* WebBootRuntimeDrive.swift in Sources */,
				08C5C54937B34CFAAF6CC1C3 /* debug.c in Sources */,
				7EED5085F19287EE5EA05EE0 /* dsh_spike_host.c in Sources */,
				55506887E19CECE57845EDA9 /* dsh_wasm.c in Sources */,
				AD11658A84414177D0FCCB8D /* dtoa.c in Sources */,
				6AC51A340DCCC8F943BE3ADF /* entropy_common.c in Sources */,
				FDEDE6EFCB24D8D4017346F3 /* error_private.c in Sources */,
				6A1F1EDA0F31AC7F128C66E1 /* fse_compress.c in Sources */,
				2A756AEAD156CE4172164FBD /* fse_decompress.c in Sources */,
				86EAFAC5AFA68CAA7E7D0F30 /* hist.c in Sources */,
				243BC512EE5D578899CD58CF /* huf_compress.c in Sources */,
				21F3A6541B4DAA67A096BA44 /* huf_decompress.c in Sources */,
				E42F06323D11206F2C413149 /* libregexp.c in Sources */,
				573579F6F12471E4424B727A /* libunicode.c in Sources */,
				1D7D0AD548CFBBAD7AE41441 /* m3_bind.c in Sources */,
				756A056B137E2D96A8F8C637 /* m3_code.c in Sources */,
				9D35980B133786B11600B115 /* m3_compile.c in Sources */,
				3968E99707B8EE09B8BF21DC /* m3_core.c in Sources */,
				6CD05538F74F45643A8E8B31 /* m3_env.c in Sources */,
				47B1DB0AB4554772EA362CA2 /* m3_exec.c in Sources */,
				D4F5B2B89D5A8745FDD87339 /* m3_function.c in Sources */,
				493EA6E4657656CB0A5233AF /* m3_info.c in Sources */,
				13A8B251A2D5A29FDC9CBC51 /* m3_module.c in Sources */,
				836949EFC4785527B44F0A4D /* m3_parse.c in Sources */,
				7BEFA9CB7F409E767A7ECF56 /* m3_validate.c in Sources */,
				6EB89F7D39B1EFD17C3408A7 /* pool.c in Sources */,
				EEAEF2022E2D8AF1B85B43B1 /* quickjs.c in Sources */,
				A4CA05BF651AACD378B02362 /* threading.c in Sources */,
				23D1881360F77B727F604ABA /* xxhash.c in Sources */,
				6E62BDE0DB22118F12D8A15F /* zstd_common.c in Sources */,
				BC3E696ACE136C158F5B2E53 /* zstd_compress.c in Sources */,
				4C960C2D76082A5BF7D04C71 /* zstd_compress_literals.c in Sources */,
				CEADAC332E8451DE2DAD9D41 /* zstd_compress_sequences.c in Sources */,
				3918A75AC2DB237651582CCF /* zstd_compress_superblock.c in Sources */,
				E642AE8AAF45CDC8A718CD7B /* zstd_ddict.c in Sources */,
				C27214B394213208BC499FE5 /* zstd_decompress.c in Sources */,
				FF9897C6A3D771EB76D13432 /* zstd_decompress_block.c in Sources */,
				FA326E9F713A90CBE48760FA /* zstd_double_fast.c in Sources */,
				02873EDD4BE0C22CF04594E2 /* zstd_fast.c in Sources */,
				FA9C1908DC4F1C6E6F621E31 /* zstd_lazy.c in Sources */,
				E04CD6025C0C31B04E75D1E5 /* zstd_ldm.c in Sources */,
				DABC3E145BFC492A0F55CD9D /* zstd_opt.c in Sources */,
				AC204DFD7E8BC95DD5055DCF /* zstd_preSplit.c in Sources */,
			);
			runOnlyForDeploymentPostprocessing = 0;
		};
/* End PBXSourcesBuildPhase section */

/* Begin XCBuildConfiguration section */
		59226CA0FA70B68745B404A2 /* Release */ = {
			isa = XCBuildConfiguration;
			buildSettings = {
				ALWAYS_SEARCH_USER_PATHS = NO;
				CLANG_ANALYZER_NONNULL = YES;
				CLANG_ANALYZER_NUMBER_OBJECT_CONVERSION = YES_AGGRESSIVE;
				CLANG_CXX_LANGUAGE_STANDARD = "gnu++14";
				CLANG_CXX_LIBRARY = "libc++";
				CLANG_ENABLE_MODULES = YES;
				CLANG_ENABLE_OBJC_ARC = YES;
				CLANG_ENABLE_OBJC_WEAK = YES;
				CLANG_WARN_BLOCK_CAPTURE_AUTORELEASING = YES;
				CLANG_WARN_BOOL_CONVERSION = YES;
				CLANG_WARN_COMMA = YES;
				CLANG_WARN_CONSTANT_CONVERSION = YES;
				CLANG_WARN_DEPRECATED_OBJC_IMPLEMENTATIONS = YES;
				CLANG_WARN_DIRECT_OBJC_ISA_USAGE = YES_ERROR;
				CLANG_WARN_DOCUMENTATION_COMMENTS = YES;
				CLANG_WARN_EMPTY_BODY = YES;
				CLANG_WARN_ENUM_CONVERSION = YES;
				CLANG_WARN_INFINITE_RECURSION = YES;
				CLANG_WARN_INT_CONVERSION = YES;
				CLANG_WARN_NON_LITERAL_NULL_CONVERSION = YES;
				CLANG_WARN_OBJC_IMPLICIT_RETAIN_SELF = YES;
				CLANG_WARN_OBJC_LITERAL_CONVERSION = YES;
				CLANG_WARN_OBJC_ROOT_CLASS = YES_ERROR;
				CLANG_WARN_QUOTED_INCLUDE_IN_FRAMEWORK_HEADER = YES;
				CLANG_WARN_RANGE_LOOP_ANALYSIS = YES;
				CLANG_WARN_STRICT_PROTOTYPES = YES;
				CLANG_WARN_SUSPICIOUS_MOVE = YES;
				CLANG_WARN_UNGUARDED_AVAILABILITY = YES_AGGRESSIVE;
				CLANG_WARN_UNREACHABLE_CODE = YES;
				CLANG_WARN__DUPLICATE_METHOD_MATCH = YES;
				COPY_PHASE_STRIP = NO;
				DEBUG_INFORMATION_FORMAT = "dwarf-with-dsym";
				ENABLE_NS_ASSERTIONS = NO;
				ENABLE_STRICT_OBJC_MSGSEND = YES;
				GCC_C_LANGUAGE_STANDARD = gnu11;
				GCC_NO_COMMON_BLOCKS = YES;
				GCC_WARN_64_TO_32_BIT_CONVERSION = YES;
				GCC_WARN_ABOUT_RETURN_TYPE = YES_ERROR;
				GCC_WARN_UNDECLARED_SELECTOR = YES;
				GCC_WARN_UNINITIALIZED_AUTOS = YES_AGGRESSIVE;
				GCC_WARN_UNUSED_FUNCTION = YES;
				GCC_WARN_UNUSED_VARIABLE = YES;
				HEADER_SEARCH_PATHS = (
					"$(SRCROOT)/../../runtime/spike/host",
					"$(SRCROOT)/../../runtime/spike/vendor/quickjs-ng/0.17.0",
					"$(SRCROOT)/../../runtime/spike/vendor/wasm3/0.9.0/source",
					"$(SRCROOT)/../../runtime/spike/vendor/zstd/1.5.7",
					"$(SRCROOT)/../../runtime/spike/vendor/zstd/1.5.7/common",
					"$(SRCROOT)/App/Generated",
				);
				IPHONEOS_DEPLOYMENT_TARGET = 17.0;
				MTL_ENABLE_DEBUG_INFO = NO;
				MTL_FAST_MATH = YES;
				PRODUCT_NAME = "$(TARGET_NAME)";
				SDKROOT = iphoneos;
				SWIFT_COMPILATION_MODE = wholemodule;
				SWIFT_OPTIMIZATION_LEVEL = "-O";
				SWIFT_VERSION = 5.0;
				configs = "[\"Release\": [\"GCC_PREPROCESSOR_DEFINITIONS\": [\"$(inherited)\", \"ZSTD_DISABLE_ASM=1\"]], \"Debug\": [\"GCC_PREPROCESSOR_DEFINITIONS\": [\"$(inherited)\", \"DEBUG=1\", \"ZSTD_DISABLE_ASM=1\"]]]";
			};
			name = Release;
		};
		9549F871B62E97A010E24D31 /* Debug */ = {
			isa = XCBuildConfiguration;
			buildSettings = {
				ASSETCATALOG_COMPILER_APPICON_NAME = AppIcon;
				CODE_SIGN_IDENTITY = "iPhone Developer";
				"EXCLUDED_ARCHS[sdk=iphonesimulator*]" = x86_64;
				INFOPLIST_FILE = App/Info.plist;
				LD_RUNPATH_SEARCH_PATHS = (
					"$(inherited)",
					"@executable_path/Frameworks",
				);
				LIBRARY_SEARCH_PATHS = (
					"$(inherited)",
					"$(SRCROOT)/../../runtime/spike/build/ish-ios-$(SDK_NAME)",
				);
				OTHER_LDFLAGS = (
					"$(inherited)",
					"-ldsh_ish",
					"-lishcore",
					"-lsqlite3",
					"-lz",
					"-lresolv",
				);
				PRODUCT_BUNDLE_IDENTIFIER = org.dsh.DSHSpike;
				SDKROOT = iphoneos;
				SWIFT_OBJC_BRIDGING_HEADER = App/Source/Bridge.h;
				TARGETED_DEVICE_FAMILY = 1;
			};
			name = Debug;
		};
		C8ED6FB500C18E7E783BD3D7 /* Release */ = {
			isa = XCBuildConfiguration;
			buildSettings = {
				ASSETCATALOG_COMPILER_APPICON_NAME = AppIcon;
				CODE_SIGN_IDENTITY = "iPhone Developer";
				"EXCLUDED_ARCHS[sdk=iphonesimulator*]" = x86_64;
				INFOPLIST_FILE = App/Info.plist;
				LD_RUNPATH_SEARCH_PATHS = (
					"$(inherited)",
					"@executable_path/Frameworks",
				);
				LIBRARY_SEARCH_PATHS = (
					"$(inherited)",
					"$(SRCROOT)/../../runtime/spike/build/ish-ios-$(SDK_NAME)",
				);
				OTHER_LDFLAGS = (
					"$(inherited)",
					"-ldsh_ish",
					"-lishcore",
					"-lsqlite3",
					"-lz",
					"-lresolv",
				);
				PRODUCT_BUNDLE_IDENTIFIER = org.dsh.DSHSpike;
				SDKROOT = iphoneos;
				SWIFT_ACTIVE_COMPILATION_CONDITIONS = DSH_RELEASE;
				SWIFT_OBJC_BRIDGING_HEADER = App/Source/Bridge.h;
				TARGETED_DEVICE_FAMILY = 1;
			};
			name = Release;
		};
		F2B98E611E6539F6054BAEC8 /* Debug */ = {
			isa = XCBuildConfiguration;
			buildSettings = {
				ALWAYS_SEARCH_USER_PATHS = NO;
				CLANG_ANALYZER_NONNULL = YES;
				CLANG_ANALYZER_NUMBER_OBJECT_CONVERSION = YES_AGGRESSIVE;
				CLANG_CXX_LANGUAGE_STANDARD = "gnu++14";
				CLANG_CXX_LIBRARY = "libc++";
				CLANG_ENABLE_MODULES = YES;
				CLANG_ENABLE_OBJC_ARC = YES;
				CLANG_ENABLE_OBJC_WEAK = YES;
				CLANG_WARN_BLOCK_CAPTURE_AUTORELEASING = YES;
				CLANG_WARN_BOOL_CONVERSION = YES;
				CLANG_WARN_COMMA = YES;
				CLANG_WARN_CONSTANT_CONVERSION = YES;
				CLANG_WARN_DEPRECATED_OBJC_IMPLEMENTATIONS = YES;
				CLANG_WARN_DIRECT_OBJC_ISA_USAGE = YES_ERROR;
				CLANG_WARN_DOCUMENTATION_COMMENTS = YES;
				CLANG_WARN_EMPTY_BODY = YES;
				CLANG_WARN_ENUM_CONVERSION = YES;
				CLANG_WARN_INFINITE_RECURSION = YES;
				CLANG_WARN_INT_CONVERSION = YES;
				CLANG_WARN_NON_LITERAL_NULL_CONVERSION = YES;
				CLANG_WARN_OBJC_IMPLICIT_RETAIN_SELF = YES;
				CLANG_WARN_OBJC_LITERAL_CONVERSION = YES;
				CLANG_WARN_OBJC_ROOT_CLASS = YES_ERROR;
				CLANG_WARN_QUOTED_INCLUDE_IN_FRAMEWORK_HEADER = YES;
				CLANG_WARN_RANGE_LOOP_ANALYSIS = YES;
				CLANG_WARN_STRICT_PROTOTYPES = YES;
				CLANG_WARN_SUSPICIOUS_MOVE = YES;
				CLANG_WARN_UNGUARDED_AVAILABILITY = YES_AGGRESSIVE;
				CLANG_WARN_UNREACHABLE_CODE = YES;
				CLANG_WARN__DUPLICATE_METHOD_MATCH = YES;
				COPY_PHASE_STRIP = NO;
				DEBUG_INFORMATION_FORMAT = dwarf;
				ENABLE_STRICT_OBJC_MSGSEND = YES;
				ENABLE_TESTABILITY = YES;
				GCC_C_LANGUAGE_STANDARD = gnu11;
				GCC_DYNAMIC_NO_PIC = NO;
				GCC_NO_COMMON_BLOCKS = YES;
				GCC_OPTIMIZATION_LEVEL = 0;
				GCC_PREPROCESSOR_DEFINITIONS = (
					"$(inherited)",
					"DEBUG=1",
				);
				GCC_WARN_64_TO_32_BIT_CONVERSION = YES;
				GCC_WARN_ABOUT_RETURN_TYPE = YES_ERROR;
				GCC_WARN_UNDECLARED_SELECTOR = YES;
				GCC_WARN_UNINITIALIZED_AUTOS = YES_AGGRESSIVE;
				GCC_WARN_UNUSED_FUNCTION = YES;
				GCC_WARN_UNUSED_VARIABLE = YES;
				HEADER_SEARCH_PATHS = (
					"$(SRCROOT)/../../runtime/spike/host",
					"$(SRCROOT)/../../runtime/spike/vendor/quickjs-ng/0.17.0",
					"$(SRCROOT)/../../runtime/spike/vendor/wasm3/0.9.0/source",
					"$(SRCROOT)/../../runtime/spike/vendor/zstd/1.5.7",
					"$(SRCROOT)/../../runtime/spike/vendor/zstd/1.5.7/common",
					"$(SRCROOT)/App/Generated",
				);
				IPHONEOS_DEPLOYMENT_TARGET = 17.0;
				MTL_ENABLE_DEBUG_INFO = INCLUDE_SOURCE;
				MTL_FAST_MATH = YES;
				ONLY_ACTIVE_ARCH = YES;
				PRODUCT_NAME = "$(TARGET_NAME)";
				SDKROOT = iphoneos;
				SWIFT_ACTIVE_COMPILATION_CONDITIONS = DEBUG;
				SWIFT_OPTIMIZATION_LEVEL = "-Onone";
				SWIFT_VERSION = 5.0;
				configs = "[\"Release\": [\"GCC_PREPROCESSOR_DEFINITIONS\": [\"$(inherited)\", \"ZSTD_DISABLE_ASM=1\"]], \"Debug\": [\"GCC_PREPROCESSOR_DEFINITIONS\": [\"$(inherited)\", \"DEBUG=1\", \"ZSTD_DISABLE_ASM=1\"]]]";
			};
			name = Debug;
		};
/* End XCBuildConfiguration section */

/* Begin XCConfigurationList section */
		4F8D8F19B455255473978E4B /* Build configuration list for PBXProject "DSHSpike" */ = {
			isa = XCConfigurationList;
			buildConfigurations = (
				F2B98E611E6539F6054BAEC8 /* Debug */,
				59226CA0FA70B68745B404A2 /* Release */,
			);
			defaultConfigurationIsVisible = 0;
			defaultConfigurationName = Debug;
		};
		76CE008D03C6EE3793B0F2BC /* Build configuration list for PBXNativeTarget "DSHSpike" */ = {
			isa = XCConfigurationList;
			buildConfigurations = (
				9549F871B62E97A010E24D31 /* Debug */,
				C8ED6FB500C18E7E783BD3D7 /* Release */,
			);
			defaultConfigurationIsVisible = 0;
			defaultConfigurationName = Debug;
		};
/* End XCConfigurationList section */
	};
	rootObject = 3CCC20395AC8ADDAA4AB79D6 /* Project object */;
}
