// !$*UTF8*$!
{
	archiveVersion = 1;
	classes = {
	};
	objectVersion = 77;
	objects = {

/* Begin PBXBuildFile section */
		0E2C6E60C39B379C7F48D321 /* xxhash.c in Sources */ = {isa = PBXBuildFile; fileRef = 732A22B6EEEFC3E0BF57717F /* xxhash.c */; };
		0EC9D13AF2732363D383739A /* CarrierServer.swift in Sources */ = {isa = PBXBuildFile; fileRef = E099B0D4BFA4C2C2195F1DD1 /* CarrierServer.swift */; };
		135ACB93808994D763906856 /* zstd_fast.c in Sources */ = {isa = PBXBuildFile; fileRef = B26D464BF87C2131086295D7 /* zstd_fast.c */; };
		13D20406BECDDA3EEDBBB35F /* SpikeBundle.c in Sources */ = {isa = PBXBuildFile; fileRef = 09284B9F0D5242AA9BAB8375 /* SpikeBundle.c */; };
		184D40FA4E64ACB3D27FE975 /* SessionLiveProbe.swift in Sources */ = {isa = PBXBuildFile; fileRef = F1AFB09BF1FF590997FA7731 /* SessionLiveProbe.swift */; };
		1B385B3BBC82C30A9C4BFAA8 /* OfficialWebRuntime.swift in Sources */ = {isa = PBXBuildFile; fileRef = 3A4A8D5A40DEE38DFCB1C59B /* OfficialWebRuntime.swift */; };
		1E40A7D4D55C2324EE00237C /* entropy_common.c in Sources */ = {isa = PBXBuildFile; fileRef = E6BC51E29BCF961317BD6D7E /* entropy_common.c */; };
		1F9A1C2187CA7EC2DFBE470A /* m3_info.c in Sources */ = {isa = PBXBuildFile; fileRef = 117950FA41E85E3CAB663F4F /* m3_info.c */; };
		209E1116F943AED60AED4D63 /* zstd_compress_superblock.c in Sources */ = {isa = PBXBuildFile; fileRef = 0A8C7EB2C860C63FD5BECDE6 /* zstd_compress_superblock.c */; };
		2273BB6FBCB3CCD131594599 /* SpikeBundleStager.swift in Sources */ = {isa = PBXBuildFile; fileRef = 19A12298B41F3DCDE6937D19 /* SpikeBundleStager.swift */; };
		283B8F98CD41140278AC43FC /* CarrierBootConfig.swift in Sources */ = {isa = PBXBuildFile; fileRef = EAD16B88BE29DAEE57E0D9B8 /* CarrierBootConfig.swift */; };
		2E2D7D6B3D5D7E5302C01E54 /* m3_bind.c in Sources */ = {isa = PBXBuildFile; fileRef = F7DE9F519089D32A21E33111 /* m3_bind.c */; };
		2E9C8D43A8E030234BF34192 /* error_private.c in Sources */ = {isa = PBXBuildFile; fileRef = 28AC6EE7E28A35C418471641 /* error_private.c */; };
		316FB842F929B55D94F8B41B /* m3_compile.c in Sources */ = {isa = PBXBuildFile; fileRef = FA63A0F73185DD9ABA34D16A /* m3_compile.c */; };
		36CA4B3F853A2FCFCC871C43 /* zstd_compress_sequences.c in Sources */ = {isa = PBXBuildFile; fileRef = 30A7D9DA5156DCBD7B0C9AF6 /* zstd_compress_sequences.c */; };
		44DE5D0A58BD79DFCA939482 /* m3_exec.c in Sources */ = {isa = PBXBuildFile; fileRef = 63986ABD4C70FEDE621A5FB0 /* m3_exec.c */; };
		4744F29121900E873B735C13 /* zstd_decompress.c in Sources */ = {isa = PBXBuildFile; fileRef = 685F80F21B46660AC5AA50F6 /* zstd_decompress.c */; };
		4750B1D5E5D2B7E42D802575 /* SessionLiveRuntime.swift in Sources */ = {isa = PBXBuildFile; fileRef = D2D7207C678D6F6873F0CDD0 /* SessionLiveRuntime.swift */; };
		4D78C6459FE2E40F5CE2679A /* m3_module.c in Sources */ = {isa = PBXBuildFile; fileRef = DE8D91B6EBEF94D1730E8FCB /* m3_module.c */; };
		4DC40F32AFF7C9D0907AEB7B /* zstd_lazy.c in Sources */ = {isa = PBXBuildFile; fileRef = 674E3065599396A39C8AF238 /* zstd_lazy.c */; };
		4DF99E89C22618D71698CD6E /* OfficialWebProbe.swift in Sources */ = {isa = PBXBuildFile; fileRef = 95AB5D5BFDB578685994F7A8 /* OfficialWebProbe.swift */; };
		534C3BC3B96752B7DFC1889D /* HTTPPrimitive.swift in Sources */ = {isa = PBXBuildFile; fileRef = 183BA893CC40AAE4768063F6 /* HTTPPrimitive.swift */; };
		54A05AA96A5A5BA9E23EB196 /* GatewayCore.swift in Sources */ = {isa = PBXBuildFile; fileRef = 05F03F3FEC8D68BA0F158DBD /* GatewayCore.swift */; };
		5848963AF4272AE33708CC83 /* fse_decompress.c in Sources */ = {isa = PBXBuildFile; fileRef = 88E6593DAD78DC559633DC33 /* fse_decompress.c */; };
		5D14218715A751117B3943B5 /* zstd_opt.c in Sources */ = {isa = PBXBuildFile; fileRef = 77978154EF664756C8D07230 /* zstd_opt.c */; };
		5F28F055C273C1633A3C960B /* FSPrimitives.swift in Sources */ = {isa = PBXBuildFile; fileRef = 2B4F4DD23787891B6862FFDB /* FSPrimitives.swift */; };
		61B1FE69BBFC1C5588C7B81B /* NotifyPrimitive.swift in Sources */ = {isa = PBXBuildFile; fileRef = 4F489B98DABD6891A3BDDB71 /* NotifyPrimitive.swift */; };
		61EEC98694105A362CEC3707 /* SessionServe.swift in Sources */ = {isa = PBXBuildFile; fileRef = 1279CFC8FB988D80AD896E16 /* SessionServe.swift */; };
		62B42EF1D1F43C9DCDACC068 /* dsh_spike_host.c in Sources */ = {isa = PBXBuildFile; fileRef = D8B10114EB94774408D3905B /* dsh_spike_host.c */; };
		6505DAFFFD4C5C93F4816128 /* zstd_decompress_block.c in Sources */ = {isa = PBXBuildFile; fileRef = 09B3FCAC072D8990C2BFEC60 /* zstd_decompress_block.c */; };
		67ED612A1F9F564C71ED3F96 /* m3_core.c in Sources */ = {isa = PBXBuildFile; fileRef = 680F8DB83F3E95A935CAAD14 /* m3_core.c */; };
		68031D8DA027CBFAA39A9358 /* zstd_ldm.c in Sources */ = {isa = PBXBuildFile; fileRef = 47EB9690ED61AAB8AC017441 /* zstd_ldm.c */; };
		6C640EF14ABB68E423762CC3 /* WebBootRuntimeDrive.swift in Sources */ = {isa = PBXBuildFile; fileRef = F3DF3E05EAD1DB69CC635369 /* WebBootRuntimeDrive.swift */; };
		6D24E719D4C27C268530202A /* fse_compress.c in Sources */ = {isa = PBXBuildFile; fileRef = B2E27F977CCEB94FA9F6F991 /* fse_compress.c */; };
		7137721E1CD8809EAC1499B5 /* CarrierRequest.swift in Sources */ = {isa = PBXBuildFile; fileRef = E7421A65358AB8B696FE09F5 /* CarrierRequest.swift */; };
		776267B0AE8E899331C5ADC7 /* m3_env.c in Sources */ = {isa = PBXBuildFile; fileRef = 0605B70632FDEC2CAD3A7D73 /* m3_env.c */; };
		7CE102CA26B9F04EFE62ACD4 /* m3_validate.c in Sources */ = {isa = PBXBuildFile; fileRef = 5AB90BB3FB0C87D63BE312AA /* m3_validate.c */; };
		834D607430CBF1C4F60EF7DE /* zstd_ddict.c in Sources */ = {isa = PBXBuildFile; fileRef = 138BA114674E3039A4B48667 /* zstd_ddict.c */; };
		88615C1BC61F9ED55E38A30C /* CarrierRoutes.swift in Sources */ = {isa = PBXBuildFile; fileRef = 93462855086C75B4830CEEAA /* CarrierRoutes.swift */; };
		8B58013498B1D949AF1A2649 /* zstd_compress.c in Sources */ = {isa = PBXBuildFile; fileRef = 4BA565C97283F688DF5B1132 /* zstd_compress.c */; };
		8E53A7BB75251DCAA363D40D /* CarrierRuntime.swift in Sources */ = {isa = PBXBuildFile; fileRef = 79A2B7CB03F27DBD397AFB73 /* CarrierRuntime.swift */; };
		90C7300A2CDECC073382C343 /* SessionLaunchConfig.swift in Sources */ = {isa = PBXBuildFile; fileRef = 988D76F2BD8AF6FD11811708 /* SessionLaunchConfig.swift */; };
		9460C24BC28428B70418DE80 /* SessionWriteRuntime.swift in Sources */ = {isa = PBXBuildFile; fileRef = 9BD5A2CA21E798B05B3DAB11 /* SessionWriteRuntime.swift */; };
		996BF23335355187012D80BA /* huf_decompress.c in Sources */ = {isa = PBXBuildFile; fileRef = 4B8AA562E72056F7DE28B314 /* huf_decompress.c */; };
		9A79E46043F2C71B973B8995 /* CarrierWebDist.swift in Sources */ = {isa = PBXBuildFile; fileRef = CB1E3A9C76B76B7955AFB7E2 /* CarrierWebDist.swift */; };
		9C70CB8C221E9338552394C3 /* UIPrimitives.swift in Sources */ = {isa = PBXBuildFile; fileRef = C7FFE83DAAFCE65B43AB4ED4 /* UIPrimitives.swift */; };
		9CE4B12634A5E74819AE9075 /* m3_parse.c in Sources */ = {isa = PBXBuildFile; fileRef = 2360A2689DB0B321AD1F9C7E /* m3_parse.c */; };
		9D7A8932DA0FC3BCA6C12DE2 /* zstd_preSplit.c in Sources */ = {isa = PBXBuildFile; fileRef = C7263AE81FFBC17B2B5A1A2D /* zstd_preSplit.c */; };
		A1B000276ECF160A051C1000 /* CarrierAPIBridge.swift in Sources */ = {isa = PBXBuildFile; fileRef = 43589E4BAF7A73600C5B0567 /* CarrierAPIBridge.swift */; };
		A4D64D8E5942951A64D738C2 /* SessionWriteProbe.swift in Sources */ = {isa = PBXBuildFile; fileRef = EFE3EBF4B3E0C1278F496455 /* SessionWriteProbe.swift */; };
		A5823CFF26EFBEF3964F86FD /* AppDelegate.swift in Sources */ = {isa = PBXBuildFile; fileRef = 74DD761A8299F885CFFFBF71 /* AppDelegate.swift */; };
		A683A622C03886BC6A87E675 /* hist.c in Sources */ = {isa = PBXBuildFile; fileRef = D6EE1416672B94BFEDD4241D /* hist.c */; };
		ACE8B4FB83C7BC5C05C91032 /* SessionRuntime.swift in Sources */ = {isa = PBXBuildFile; fileRef = BF970AD8D229CCE9C077FCE1 /* SessionRuntime.swift */; };
		B4633306FDD24A2E2321D85F /* threading.c in Sources */ = {isa = PBXBuildFile; fileRef = 9DE5F5CE1D6843A079D3FC33 /* threading.c */; };
		B48D9DE3EE86E724C5BD381D /* GatewaySession.swift in Sources */ = {isa = PBXBuildFile; fileRef = 0CF3FD663D82764D3F2A56C6 /* GatewaySession.swift */; };
		B8533465AAD53C871400EEA6 /* IshPrimitive.swift in Sources */ = {isa = PBXBuildFile; fileRef = CC9A237E8BDE80E952ABA50F /* IshPrimitive.swift */; };
		BA51C8C70E7C3499AAA1F6CE /* huf_compress.c in Sources */ = {isa = PBXBuildFile; fileRef = B1DB67C696B524D4562E20D1 /* huf_compress.c */; };
		BC05E04D65F8622C0158412E /* libunicode.c in Sources */ = {isa = PBXBuildFile; fileRef = 63959275736418AE96FC5849 /* libunicode.c */; };
		C00FC0282AE281696A47D435 /* RuntimeThread.swift in Sources */ = {isa = PBXBuildFile; fileRef = D699FF5BB908578B359B9B14 /* RuntimeThread.swift */; };
		C0DC35508DE4DC745CDEC5A4 /* libregexp.c in Sources */ = {isa = PBXBuildFile; fileRef = FEBE87144BB2865B6D32CD1D /* libregexp.c */; };
		C3EADF000DDC4131270D0E18 /* dsh_wasm.c in Sources */ = {isa = PBXBuildFile; fileRef = 876475B9E9E8E6044A943B7C /* dsh_wasm.c */; };
		C4A2BCC541EC0DFCD1F904EF /* zstd_common.c in Sources */ = {isa = PBXBuildFile; fileRef = F6B0D99170F4994C762784F4 /* zstd_common.c */; };
		D0DCF41C09E6E2AEE074E698 /* SpikeRuntime.swift in Sources */ = {isa = PBXBuildFile; fileRef = CE017668D774E7EE7A94A825 /* SpikeRuntime.swift */; };
		D9680FC8B9E74933627DB174 /* SpikeHostFactory.swift in Sources */ = {isa = PBXBuildFile; fileRef = AA962E7AD5C8CDA2BBED5AF0 /* SpikeHostFactory.swift */; };
		D9D31F43DF46933EFD424C92 /* quickjs.c in Sources */ = {isa = PBXBuildFile; fileRef = 1033671B767219F2715794BA /* quickjs.c */; };
		D9E75A86A702E7051F2591B7 /* zstd_double_fast.c in Sources */ = {isa = PBXBuildFile; fileRef = 2FEECCDD4CDE23044CB8BC0E /* zstd_double_fast.c */; };
		DBD05C375CEC104F67793324 /* dtoa.c in Sources */ = {isa = PBXBuildFile; fileRef = 49D21B1EC41F0F70F1193C9B /* dtoa.c */; };
		DD3A03B8B1CC2F16C7562CED /* m3_code.c in Sources */ = {isa = PBXBuildFile; fileRef = C5912FE0A68123F7FE08A554 /* m3_code.c */; };
		DEC0330777E64896B5B8D654 /* pool.c in Sources */ = {isa = PBXBuildFile; fileRef = 2269B7608B00C7986921A33B /* pool.c */; };
		E651B71FFE5ECA037DB9D632 /* debug.c in Sources */ = {isa = PBXBuildFile; fileRef = 78134BB3A50A2E1AD9B5951E /* debug.c */; };
		F5F0070F74E81DE98B176234 /* CarrierPlugins.swift in Sources */ = {isa = PBXBuildFile; fileRef = B0E3BCFD74C8ACD203C3B004 /* CarrierPlugins.swift */; };
		F7BC7DC779736A3DA29734D0 /* KeychainPrimitives.swift in Sources */ = {isa = PBXBuildFile; fileRef = F3A09CE3CC3ADAB701ADF9A1 /* KeychainPrimitives.swift */; };
		F8D1AD906174BAEA02B5AE71 /* m3_function.c in Sources */ = {isa = PBXBuildFile; fileRef = 4C6C796A845FA57796291BE2 /* m3_function.c */; };
		FC00B29354FA156EF5FA43C0 /* zstd_compress_literals.c in Sources */ = {isa = PBXBuildFile; fileRef = 468453DE0706012EA3B5176D /* zstd_compress_literals.c */; };
/* End PBXBuildFile section */

/* Begin PBXFileReference section */
		05F03F3FEC8D68BA0F158DBD /* GatewayCore.swift */ = {isa = PBXFileReference; lastKnownFileType = sourcecode.swift; path = GatewayCore.swift; sourceTree = "<group>"; };
		0605B70632FDEC2CAD3A7D73 /* m3_env.c */ = {isa = PBXFileReference; lastKnownFileType = sourcecode.c.c; path = m3_env.c; sourceTree = "<group>"; };
		09284B9F0D5242AA9BAB8375 /* SpikeBundle.c */ = {isa = PBXFileReference; lastKnownFileType = sourcecode.c.c; path = SpikeBundle.c; sourceTree = "<group>"; };
		09B3FCAC072D8990C2BFEC60 /* zstd_decompress_block.c */ = {isa = PBXFileReference; lastKnownFileType = sourcecode.c.c; path = zstd_decompress_block.c; sourceTree = "<group>"; };
		0A8C7EB2C860C63FD5BECDE6 /* zstd_compress_superblock.c */ = {isa = PBXFileReference; lastKnownFileType = sourcecode.c.c; path = zstd_compress_superblock.c; sourceTree = "<group>"; };
		0CF3FD663D82764D3F2A56C6 /* GatewaySession.swift */ = {isa = PBXFileReference; lastKnownFileType = sourcecode.swift; path = GatewaySession.swift; sourceTree = "<group>"; };
		1033671B767219F2715794BA /* quickjs.c */ = {isa = PBXFileReference; lastKnownFileType = sourcecode.c.c; path = quickjs.c; sourceTree = "<group>"; };
		117950FA41E85E3CAB663F4F /* m3_info.c */ = {isa = PBXFileReference; lastKnownFileType = sourcecode.c.c; path = m3_info.c; sourceTree = "<group>"; };
		1279CFC8FB988D80AD896E16 /* SessionServe.swift */ = {isa = PBXFileReference; lastKnownFileType = sourcecode.swift; path = SessionServe.swift; sourceTree = "<group>"; };
		138BA114674E3039A4B48667 /* zstd_ddict.c */ = {isa = PBXFileReference; lastKnownFileType = sourcecode.c.c; path = zstd_ddict.c; sourceTree = "<group>"; };
		183BA893CC40AAE4768063F6 /* HTTPPrimitive.swift */ = {isa = PBXFileReference; lastKnownFileType = sourcecode.swift; path = HTTPPrimitive.swift; sourceTree = "<group>"; };
		19A12298B41F3DCDE6937D19 /* SpikeBundleStager.swift */ = {isa = PBXFileReference; lastKnownFileType = sourcecode.swift; path = SpikeBundleStager.swift; sourceTree = "<group>"; };
		2269B7608B00C7986921A33B /* pool.c */ = {isa = PBXFileReference; lastKnownFileType = sourcecode.c.c; path = pool.c; sourceTree = "<group>"; };
		2360A2689DB0B321AD1F9C7E /* m3_parse.c */ = {isa = PBXFileReference; lastKnownFileType = sourcecode.c.c; path = m3_parse.c; sourceTree = "<group>"; };
		24888637EE42A0E9E40132A8 /* SpikeBundle.h */ = {isa = PBXFileReference; lastKnownFileType = sourcecode.c.h; path = SpikeBundle.h; sourceTree = "<group>"; };
		28AC6EE7E28A35C418471641 /* error_private.c */ = {isa = PBXFileReference; lastKnownFileType = sourcecode.c.c; path = error_private.c; sourceTree = "<group>"; };
		2B4F4DD23787891B6862FFDB /* FSPrimitives.swift */ = {isa = PBXFileReference; lastKnownFileType = sourcecode.swift; path = FSPrimitives.swift; sourceTree = "<group>"; };
		2FEECCDD4CDE23044CB8BC0E /* zstd_double_fast.c */ = {isa = PBXFileReference; lastKnownFileType = sourcecode.c.c; path = zstd_double_fast.c; sourceTree = "<group>"; };
		30A7D9DA5156DCBD7B0C9AF6 /* zstd_compress_sequences.c */ = {isa = PBXFileReference; lastKnownFileType = sourcecode.c.c; path = zstd_compress_sequences.c; sourceTree = "<group>"; };
		3A4A8D5A40DEE38DFCB1C59B /* OfficialWebRuntime.swift */ = {isa = PBXFileReference; lastKnownFileType = sourcecode.swift; path = OfficialWebRuntime.swift; sourceTree = "<group>"; };
		43589E4BAF7A73600C5B0567 /* CarrierAPIBridge.swift */ = {isa = PBXFileReference; lastKnownFileType = sourcecode.swift; path = CarrierAPIBridge.swift; sourceTree = "<group>"; };
		468453DE0706012EA3B5176D /* zstd_compress_literals.c */ = {isa = PBXFileReference; lastKnownFileType = sourcecode.c.c; path = zstd_compress_literals.c; sourceTree = "<group>"; };
		47EB9690ED61AAB8AC017441 /* zstd_ldm.c */ = {isa = PBXFileReference; lastKnownFileType = sourcecode.c.c; path = zstd_ldm.c; sourceTree = "<group>"; };
		49D21B1EC41F0F70F1193C9B /* dtoa.c */ = {isa = PBXFileReference; lastKnownFileType = sourcecode.c.c; path = dtoa.c; sourceTree = "<group>"; };
		4B8AA562E72056F7DE28B314 /* huf_decompress.c */ = {isa = PBXFileReference; lastKnownFileType = sourcecode.c.c; path = huf_decompress.c; sourceTree = "<group>"; };
		4BA565C97283F688DF5B1132 /* zstd_compress.c */ = {isa = PBXFileReference; lastKnownFileType = sourcecode.c.c; path = zstd_compress.c; sourceTree = "<group>"; };
		4C6C796A845FA57796291BE2 /* m3_function.c */ = {isa = PBXFileReference; lastKnownFileType = sourcecode.c.c; path = m3_function.c; sourceTree = "<group>"; };
		4F489B98DABD6891A3BDDB71 /* NotifyPrimitive.swift */ = {isa = PBXFileReference; lastKnownFileType = sourcecode.swift; path = NotifyPrimitive.swift; sourceTree = "<group>"; };
		5AB90BB3FB0C87D63BE312AA /* m3_validate.c */ = {isa = PBXFileReference; lastKnownFileType = sourcecode.c.c; path = m3_validate.c; sourceTree = "<group>"; };
		63959275736418AE96FC5849 /* libunicode.c */ = {isa = PBXFileReference; lastKnownFileType = sourcecode.c.c; path = libunicode.c; sourceTree = "<group>"; };
		63986ABD4C70FEDE621A5FB0 /* m3_exec.c */ = {isa = PBXFileReference; lastKnownFileType = sourcecode.c.c; path = m3_exec.c; sourceTree = "<group>"; };
		674E3065599396A39C8AF238 /* zstd_lazy.c */ = {isa = PBXFileReference; lastKnownFileType = sourcecode.c.c; path = zstd_lazy.c; sourceTree = "<group>"; };
		680F8DB83F3E95A935CAAD14 /* m3_core.c */ = {isa = PBXFileReference; lastKnownFileType = sourcecode.c.c; path = m3_core.c; sourceTree = "<group>"; };
		685F80F21B46660AC5AA50F6 /* zstd_decompress.c */ = {isa = PBXFileReference; lastKnownFileType = sourcecode.c.c; path = zstd_decompress.c; sourceTree = "<group>"; };
		6A1382ABE6EDFB24119B9EEE /* Bridge.h */ = {isa = PBXFileReference; lastKnownFileType = sourcecode.c.h; path = Bridge.h; sourceTree = "<group>"; };
		732A22B6EEEFC3E0BF57717F /* xxhash.c */ = {isa = PBXFileReference; lastKnownFileType = sourcecode.c.c; path = xxhash.c; sourceTree = "<group>"; };
		74DD761A8299F885CFFFBF71 /* AppDelegate.swift */ = {isa = PBXFileReference; lastKnownFileType = sourcecode.swift; path = AppDelegate.swift; sourceTree = "<group>"; };
		77978154EF664756C8D07230 /* zstd_opt.c */ = {isa = PBXFileReference; lastKnownFileType = sourcecode.c.c; path = zstd_opt.c; sourceTree = "<group>"; };
		78134BB3A50A2E1AD9B5951E /* debug.c */ = {isa = PBXFileReference; lastKnownFileType = sourcecode.c.c; path = debug.c; sourceTree = "<group>"; };
		79A2B7CB03F27DBD397AFB73 /* CarrierRuntime.swift */ = {isa = PBXFileReference; lastKnownFileType = sourcecode.swift; path = CarrierRuntime.swift; sourceTree = "<group>"; };
		876475B9E9E8E6044A943B7C /* dsh_wasm.c */ = {isa = PBXFileReference; lastKnownFileType = sourcecode.c.c; path = dsh_wasm.c; sourceTree = "<group>"; };
		88E6593DAD78DC559633DC33 /* fse_decompress.c */ = {isa = PBXFileReference; lastKnownFileType = sourcecode.c.c; path = fse_decompress.c; sourceTree = "<group>"; };
		8E8AEA704FF77DC9764D8E5D /* DSHSpike.app */ = {isa = PBXFileReference; includeInIndex = 0; lastKnownFileType = wrapper.application; path = DSHSpike.app; sourceTree = BUILT_PRODUCTS_DIR; };
		93462855086C75B4830CEEAA /* CarrierRoutes.swift */ = {isa = PBXFileReference; lastKnownFileType = sourcecode.swift; path = CarrierRoutes.swift; sourceTree = "<group>"; };
		95AB5D5BFDB578685994F7A8 /* OfficialWebProbe.swift */ = {isa = PBXFileReference; lastKnownFileType = sourcecode.swift; path = OfficialWebProbe.swift; sourceTree = "<group>"; };
		988D76F2BD8AF6FD11811708 /* SessionLaunchConfig.swift */ = {isa = PBXFileReference; lastKnownFileType = sourcecode.swift; path = SessionLaunchConfig.swift; sourceTree = "<group>"; };
		9AAA0B16F1D064F20E961EAF /* Info.plist */ = {isa = PBXFileReference; lastKnownFileType = text.plist; path = Info.plist; sourceTree = "<group>"; };
		9BD5A2CA21E798B05B3DAB11 /* SessionWriteRuntime.swift */ = {isa = PBXFileReference; lastKnownFileType = sourcecode.swift; path = SessionWriteRuntime.swift; sourceTree = "<group>"; };
		9DE5F5CE1D6843A079D3FC33 /* threading.c */ = {isa = PBXFileReference; lastKnownFileType = sourcecode.c.c; path = threading.c; sourceTree = "<group>"; };
		AA962E7AD5C8CDA2BBED5AF0 /* SpikeHostFactory.swift */ = {isa = PBXFileReference; lastKnownFileType = sourcecode.swift; path = SpikeHostFactory.swift; sourceTree = "<group>"; };
		B0E3BCFD74C8ACD203C3B004 /* CarrierPlugins.swift */ = {isa = PBXFileReference; lastKnownFileType = sourcecode.swift; path = CarrierPlugins.swift; sourceTree = "<group>"; };
		B1DB67C696B524D4562E20D1 /* huf_compress.c */ = {isa = PBXFileReference; lastKnownFileType = sourcecode.c.c; path = huf_compress.c; sourceTree = "<group>"; };
		B26D464BF87C2131086295D7 /* zstd_fast.c */ = {isa = PBXFileReference; lastKnownFileType = sourcecode.c.c; path = zstd_fast.c; sourceTree = "<group>"; };
		B2E27F977CCEB94FA9F6F991 /* fse_compress.c */ = {isa = PBXFileReference; lastKnownFileType = sourcecode.c.c; path = fse_compress.c; sourceTree = "<group>"; };
		BF970AD8D229CCE9C077FCE1 /* SessionRuntime.swift */ = {isa = PBXFileReference; lastKnownFileType = sourcecode.swift; path = SessionRuntime.swift; sourceTree = "<group>"; };
		C5912FE0A68123F7FE08A554 /* m3_code.c */ = {isa = PBXFileReference; lastKnownFileType = sourcecode.c.c; path = m3_code.c; sourceTree = "<group>"; };
		C7263AE81FFBC17B2B5A1A2D /* zstd_preSplit.c */ = {isa = PBXFileReference; lastKnownFileType = sourcecode.c.c; path = zstd_preSplit.c; sourceTree = "<group>"; };
		C7FFE83DAAFCE65B43AB4ED4 /* UIPrimitives.swift */ = {isa = PBXFileReference; lastKnownFileType = sourcecode.swift; path = UIPrimitives.swift; sourceTree = "<group>"; };
		CB1E3A9C76B76B7955AFB7E2 /* CarrierWebDist.swift */ = {isa = PBXFileReference; lastKnownFileType = sourcecode.swift; path = CarrierWebDist.swift; sourceTree = "<group>"; };
		CC9A237E8BDE80E952ABA50F /* IshPrimitive.swift */ = {isa = PBXFileReference; lastKnownFileType = sourcecode.swift; path = IshPrimitive.swift; sourceTree = "<group>"; };
		CE017668D774E7EE7A94A825 /* SpikeRuntime.swift */ = {isa = PBXFileReference; lastKnownFileType = sourcecode.swift; path = SpikeRuntime.swift; sourceTree = "<group>"; };
		D2D7207C678D6F6873F0CDD0 /* SessionLiveRuntime.swift */ = {isa = PBXFileReference; lastKnownFileType = sourcecode.swift; path = SessionLiveRuntime.swift; sourceTree = "<group>"; };
		D699FF5BB908578B359B9B14 /* RuntimeThread.swift */ = {isa = PBXFileReference; lastKnownFileType = sourcecode.swift; path = RuntimeThread.swift; sourceTree = "<group>"; };
		D6EE1416672B94BFEDD4241D /* hist.c */ = {isa = PBXFileReference; lastKnownFileType = sourcecode.c.c; path = hist.c; sourceTree = "<group>"; };
		D8B10114EB94774408D3905B /* dsh_spike_host.c */ = {isa = PBXFileReference; lastKnownFileType = sourcecode.c.c; path = dsh_spike_host.c; sourceTree = "<group>"; };
		DE8D91B6EBEF94D1730E8FCB /* m3_module.c */ = {isa = PBXFileReference; lastKnownFileType = sourcecode.c.c; path = m3_module.c; sourceTree = "<group>"; };
		E099B0D4BFA4C2C2195F1DD1 /* CarrierServer.swift */ = {isa = PBXFileReference; lastKnownFileType = sourcecode.swift; path = CarrierServer.swift; sourceTree = "<group>"; };
		E6BC51E29BCF961317BD6D7E /* entropy_common.c */ = {isa = PBXFileReference; lastKnownFileType = sourcecode.c.c; path = entropy_common.c; sourceTree = "<group>"; };
		E7421A65358AB8B696FE09F5 /* CarrierRequest.swift */ = {isa = PBXFileReference; lastKnownFileType = sourcecode.swift; path = CarrierRequest.swift; sourceTree = "<group>"; };
		EAD16B88BE29DAEE57E0D9B8 /* CarrierBootConfig.swift */ = {isa = PBXFileReference; lastKnownFileType = sourcecode.swift; path = CarrierBootConfig.swift; sourceTree = "<group>"; };
		EFE3EBF4B3E0C1278F496455 /* SessionWriteProbe.swift */ = {isa = PBXFileReference; lastKnownFileType = sourcecode.swift; path = SessionWriteProbe.swift; sourceTree = "<group>"; };
		F1AFB09BF1FF590997FA7731 /* SessionLiveProbe.swift */ = {isa = PBXFileReference; lastKnownFileType = sourcecode.swift; path = SessionLiveProbe.swift; sourceTree = "<group>"; };
		F3A09CE3CC3ADAB701ADF9A1 /* KeychainPrimitives.swift */ = {isa = PBXFileReference; lastKnownFileType = sourcecode.swift; path = KeychainPrimitives.swift; sourceTree = "<group>"; };
		F3DF3E05EAD1DB69CC635369 /* WebBootRuntimeDrive.swift */ = {isa = PBXFileReference; lastKnownFileType = sourcecode.swift; path = WebBootRuntimeDrive.swift; sourceTree = "<group>"; };
		F6B0D99170F4994C762784F4 /* zstd_common.c */ = {isa = PBXFileReference; lastKnownFileType = sourcecode.c.c; path = zstd_common.c; sourceTree = "<group>"; };
		F7DE9F519089D32A21E33111 /* m3_bind.c */ = {isa = PBXFileReference; lastKnownFileType = sourcecode.c.c; path = m3_bind.c; sourceTree = "<group>"; };
		FA63A0F73185DD9ABA34D16A /* m3_compile.c */ = {isa = PBXFileReference; lastKnownFileType = sourcecode.c.c; path = m3_compile.c; sourceTree = "<group>"; };
		FEBE87144BB2865B6D32CD1D /* libregexp.c */ = {isa = PBXFileReference; lastKnownFileType = sourcecode.c.c; path = libregexp.c; sourceTree = "<group>"; };
/* End PBXFileReference section */

/* Begin PBXGroup section */
		020EA53D37CFD1C45D6D8762 /* spike */ = {
			isa = PBXGroup;
			children = (
				217F7C93CAA96943D58E6B03 /* host */,
				793D29CD7C1EE4D49B88216F /* vendor */,
			);
			path = spike;
			sourceTree = "<group>";
		};
		0A13786ADCD07917BFAA1E58 /* 1.5.7 */ = {
			isa = PBXGroup;
			children = (
				654E96C4BA17C9A295E965EA /* common */,
				E70F37E22AF6F7648B81501E /* compress */,
				C2DA2420984328B84F3DBCAC /* decompress */,
			);
			path = 1.5.7;
			sourceTree = "<group>";
		};
		217F7C93CAA96943D58E6B03 /* host */ = {
			isa = PBXGroup;
			children = (
				D8B10114EB94774408D3905B /* dsh_spike_host.c */,
				876475B9E9E8E6044A943B7C /* dsh_wasm.c */,
			);
			path = host;
			sourceTree = "<group>";
		};
		261210B6C944DA738F7FBC65 /* Source */ = {
			isa = PBXGroup;
			children = (
				74DD761A8299F885CFFFBF71 /* AppDelegate.swift */,
				6A1382ABE6EDFB24119B9EEE /* Bridge.h */,
				43589E4BAF7A73600C5B0567 /* CarrierAPIBridge.swift */,
				EAD16B88BE29DAEE57E0D9B8 /* CarrierBootConfig.swift */,
				B0E3BCFD74C8ACD203C3B004 /* CarrierPlugins.swift */,
				E7421A65358AB8B696FE09F5 /* CarrierRequest.swift */,
				93462855086C75B4830CEEAA /* CarrierRoutes.swift */,
				79A2B7CB03F27DBD397AFB73 /* CarrierRuntime.swift */,
				E099B0D4BFA4C2C2195F1DD1 /* CarrierServer.swift */,
				CB1E3A9C76B76B7955AFB7E2 /* CarrierWebDist.swift */,
				95AB5D5BFDB578685994F7A8 /* OfficialWebProbe.swift */,
				3A4A8D5A40DEE38DFCB1C59B /* OfficialWebRuntime.swift */,
				D699FF5BB908578B359B9B14 /* RuntimeThread.swift */,
				988D76F2BD8AF6FD11811708 /* SessionLaunchConfig.swift */,
				F1AFB09BF1FF590997FA7731 /* SessionLiveProbe.swift */,
				D2D7207C678D6F6873F0CDD0 /* SessionLiveRuntime.swift */,
				BF970AD8D229CCE9C077FCE1 /* SessionRuntime.swift */,
				1279CFC8FB988D80AD896E16 /* SessionServe.swift */,
				EFE3EBF4B3E0C1278F496455 /* SessionWriteProbe.swift */,
				9BD5A2CA21E798B05B3DAB11 /* SessionWriteRuntime.swift */,
				19A12298B41F3DCDE6937D19 /* SpikeBundleStager.swift */,
				AA962E7AD5C8CDA2BBED5AF0 /* SpikeHostFactory.swift */,
				CE017668D774E7EE7A94A825 /* SpikeRuntime.swift */,
				F3DF3E05EAD1DB69CC635369 /* WebBootRuntimeDrive.swift */,
				AEA110DACF229E48D1B6EFFC /* Gateway */,
			);
			path = Source;
			sourceTree = "<group>";
		};
		4D05F6ED02DB2A4EBF855927 /* zstd */ = {
			isa = PBXGroup;
			children = (
				0A13786ADCD07917BFAA1E58 /* 1.5.7 */,
			);
			path = zstd;
			sourceTree = "<group>";
		};
		654E96C4BA17C9A295E965EA /* common */ = {
			isa = PBXGroup;
			children = (
				78134BB3A50A2E1AD9B5951E /* debug.c */,
				E6BC51E29BCF961317BD6D7E /* entropy_common.c */,
				28AC6EE7E28A35C418471641 /* error_private.c */,
				88E6593DAD78DC559633DC33 /* fse_decompress.c */,
				2269B7608B00C7986921A33B /* pool.c */,
				9DE5F5CE1D6843A079D3FC33 /* threading.c */,
				732A22B6EEEFC3E0BF57717F /* xxhash.c */,
				F6B0D99170F4994C762784F4 /* zstd_common.c */,
			);
			path = common;
			sourceTree = "<group>";
		};
		77DD248F49202E498A4F3E6D /* wasm3 */ = {
			isa = PBXGroup;
			children = (
				E9CC167CC19A22190BB0AA48 /* 0.9.0 */,
			);
			path = wasm3;
			sourceTree = "<group>";
		};
		793D29CD7C1EE4D49B88216F /* vendor */ = {
			isa = PBXGroup;
			children = (
				FB869F18C23AF75ADE65A4D2 /* quickjs-ng */,
				77DD248F49202E498A4F3E6D /* wasm3 */,
				4D05F6ED02DB2A4EBF855927 /* zstd */,
			);
			path = vendor;
			sourceTree = "<group>";
		};
		84F95FD6AADCA843676C4DF9 = {
			isa = PBXGroup;
			children = (
				EAA4B75B2F1CFEF88CAB445B /* App */,
				ED75C39B5166FFEA16EA85D6 /* dsh-mobile-wt-api */,
				AF09F1B8671210489366EA0F /* Products */,
			);
			sourceTree = "<group>";
		};
		9DA600297EB3F47489231DB0 /* 0.17.0 */ = {
			isa = PBXGroup;
			children = (
				49D21B1EC41F0F70F1193C9B /* dtoa.c */,
				FEBE87144BB2865B6D32CD1D /* libregexp.c */,
				63959275736418AE96FC5849 /* libunicode.c */,
				1033671B767219F2715794BA /* quickjs.c */,
			);
			path = 0.17.0;
			sourceTree = "<group>";
		};
		A551A48B835E92B60D8D2724 /* Generated */ = {
			isa = PBXGroup;
			children = (
				09284B9F0D5242AA9BAB8375 /* SpikeBundle.c */,
				24888637EE42A0E9E40132A8 /* SpikeBundle.h */,
			);
			path = Generated;
			sourceTree = "<group>";
		};
		AEA110DACF229E48D1B6EFFC /* Gateway */ = {
			isa = PBXGroup;
			children = (
				2B4F4DD23787891B6862FFDB /* FSPrimitives.swift */,
				05F03F3FEC8D68BA0F158DBD /* GatewayCore.swift */,
				0CF3FD663D82764D3F2A56C6 /* GatewaySession.swift */,
				183BA893CC40AAE4768063F6 /* HTTPPrimitive.swift */,
				CC9A237E8BDE80E952ABA50F /* IshPrimitive.swift */,
				F3A09CE3CC3ADAB701ADF9A1 /* KeychainPrimitives.swift */,
				4F489B98DABD6891A3BDDB71 /* NotifyPrimitive.swift */,
				C7FFE83DAAFCE65B43AB4ED4 /* UIPrimitives.swift */,
			);
			path = Gateway;
			sourceTree = "<group>";
		};
		AF09F1B8671210489366EA0F /* Products */ = {
			isa = PBXGroup;
			children = (
				8E8AEA704FF77DC9764D8E5D /* DSHSpike.app */,
			);
			name = Products;
			sourceTree = "<group>";
		};
		C2DA2420984328B84F3DBCAC /* decompress */ = {
			isa = PBXGroup;
			children = (
				4B8AA562E72056F7DE28B314 /* huf_decompress.c */,
				138BA114674E3039A4B48667 /* zstd_ddict.c */,
				09B3FCAC072D8990C2BFEC60 /* zstd_decompress_block.c */,
				685F80F21B46660AC5AA50F6 /* zstd_decompress.c */,
			);
			path = decompress;
			sourceTree = "<group>";
		};
		C5EBF445512593E4EB3324A2 /* runtime */ = {
			isa = PBXGroup;
			children = (
				020EA53D37CFD1C45D6D8762 /* spike */,
			);
			path = runtime;
			sourceTree = "<group>";
		};
		D024F80B4FBAA2888A162560 /* source */ = {
			isa = PBXGroup;
			children = (
				F7DE9F519089D32A21E33111 /* m3_bind.c */,
				C5912FE0A68123F7FE08A554 /* m3_code.c */,
				FA63A0F73185DD9ABA34D16A /* m3_compile.c */,
				680F8DB83F3E95A935CAAD14 /* m3_core.c */,
				0605B70632FDEC2CAD3A7D73 /* m3_env.c */,
				63986ABD4C70FEDE621A5FB0 /* m3_exec.c */,
				4C6C796A845FA57796291BE2 /* m3_function.c */,
				117950FA41E85E3CAB663F4F /* m3_info.c */,
				DE8D91B6EBEF94D1730E8FCB /* m3_module.c */,
				2360A2689DB0B321AD1F9C7E /* m3_parse.c */,
				5AB90BB3FB0C87D63BE312AA /* m3_validate.c */,
			);
			path = source;
			sourceTree = "<group>";
		};
		E70F37E22AF6F7648B81501E /* compress */ = {
			isa = PBXGroup;
			children = (
				B2E27F977CCEB94FA9F6F991 /* fse_compress.c */,
				D6EE1416672B94BFEDD4241D /* hist.c */,
				B1DB67C696B524D4562E20D1 /* huf_compress.c */,
				468453DE0706012EA3B5176D /* zstd_compress_literals.c */,
				30A7D9DA5156DCBD7B0C9AF6 /* zstd_compress_sequences.c */,
				0A8C7EB2C860C63FD5BECDE6 /* zstd_compress_superblock.c */,
				4BA565C97283F688DF5B1132 /* zstd_compress.c */,
				2FEECCDD4CDE23044CB8BC0E /* zstd_double_fast.c */,
				B26D464BF87C2131086295D7 /* zstd_fast.c */,
				674E3065599396A39C8AF238 /* zstd_lazy.c */,
				47EB9690ED61AAB8AC017441 /* zstd_ldm.c */,
				77978154EF664756C8D07230 /* zstd_opt.c */,
				C7263AE81FFBC17B2B5A1A2D /* zstd_preSplit.c */,
			);
			path = compress;
			sourceTree = "<group>";
		};
		E9CC167CC19A22190BB0AA48 /* 0.9.0 */ = {
			isa = PBXGroup;
			children = (
				D024F80B4FBAA2888A162560 /* source */,
			);
			path = 0.9.0;
			sourceTree = "<group>";
		};
		EAA4B75B2F1CFEF88CAB445B /* App */ = {
			isa = PBXGroup;
			children = (
				9AAA0B16F1D064F20E961EAF /* Info.plist */,
				A551A48B835E92B60D8D2724 /* Generated */,
				261210B6C944DA738F7FBC65 /* Source */,
			);
			path = App;
			sourceTree = "<group>";
		};
		ED75C39B5166FFEA16EA85D6 /* dsh-mobile-wt-api */ = {
			isa = PBXGroup;
			children = (
				C5EBF445512593E4EB3324A2 /* runtime */,
			);
			name = "dsh-mobile-wt-api";
			path = ../..;
			sourceTree = "<group>";
		};
		FB869F18C23AF75ADE65A4D2 /* quickjs-ng */ = {
			isa = PBXGroup;
			children = (
				9DA600297EB3F47489231DB0 /* 0.17.0 */,
			);
			path = "quickjs-ng";
			sourceTree = "<group>";
		};
/* End PBXGroup section */

/* Begin PBXNativeTarget section */
		C815DDD6C564AE4290EC2C08 /* DSHSpike */ = {
			isa = PBXNativeTarget;
			buildConfigurationList = 76CE008D03C6EE3793B0F2BC /* Build configuration list for PBXNativeTarget "DSHSpike" */;
			buildPhases = (
				405A338A89E2FBE347355326 /* GenerateSpikeBundle */,
				844897D01504929715F8A1DA /* FetchIshRootfs */,
				662B783888523ECA4CDD4657 /* BuildIshEngine */,
				BFBB6C07DDCAFB1A3FE93954 /* StageOfficialWeb */,
				EB4572C5EB0CCEA1304E8FD7 /* Sources */,
			);
			buildRules = (
			);
			dependencies = (
			);
			name = DSHSpike;
			packageProductDependencies = (
			);
			productName = DSHSpike;
			productReference = 8E8AEA704FF77DC9764D8E5D /* DSHSpike.app */;
			productType = "com.apple.product-type.application";
		};
/* End PBXNativeTarget section */

/* Begin PBXProject section */
		3CCC20395AC8ADDAA4AB79D6 /* Project object */ = {
			isa = PBXProject;
			attributes = {
				BuildIndependentTargetsInParallel = YES;
				LastUpgradeCheck = 1430;
				TargetAttributes = {
				};
			};
			buildConfigurationList = 4F8D8F19B455255473978E4B /* Build configuration list for PBXProject "DSHSpike" */;
			developmentRegion = en;
			hasScannedForEncodings = 0;
			knownRegions = (
				Base,
				en,
			);
			mainGroup = 84F95FD6AADCA843676C4DF9;
			minimizedProjectReferenceProxies = 1;
			preferredProjectObjectVersion = 77;
			productRefGroup = AF09F1B8671210489366EA0F /* Products */;
			projectDirPath = "";
			projectRoot = "";
			targets = (
				C815DDD6C564AE4290EC2C08 /* DSHSpike */,
			);
		};
/* End PBXProject section */

/* Begin PBXShellScriptBuildPhase section */
		405A338A89E2FBE347355326 /* GenerateSpikeBundle */ = {
			isa = PBXShellScriptBuildPhase;
			buildActionMask = 2147483647;
			files = (
			);
			inputFileListPaths = (
			);
			inputPaths = (
				Tools/gen_bundle_header.py,
				../../runtime/spike/logger.js,
				../../runtime/spike/gateway.js,
				../../runtime/spike/registry.js,
				../../runtime/spike/manifest.json,
				"../../runtime/spike/scenario/boot-verification.js",
				"../../runtime/spike/scenario/gateway-binding.js",
				"../../runtime/spike/scenario/gateway-bridge-smoke.js",
				"../../runtime/spike/scenario/session-mock-llm.js",
				"../../runtime/spike/scenario/carrier-loopback.js",
				"../../runtime/spike/scenario/session-web-live.js",
				"../../runtime/spike/upstream/web-write.js",
				"../../runtime/spike/upstream/web-write-streams.js",
				"../../runtime/spike/upstream/web-write-settings.js",
				"../../runtime/spike/scenario/composer-web-live.js",
				../../runtime/spike/web/index.html,
				"../../runtime/spike/web/carrier-page.js",
				../../runtime/spike/llm.js,
				"../../runtime/spike/scenario/llm-live-stream.js",
				"../../runtime/spike/vendor/dsh/util-crypto@0.1.6-alpha.2/lib/index.js",
				"../../system-plugins/dsh-fs/manifest.json",
				"../../system-plugins/dsh-fs/index.js",
				"../../system-plugins/dsh-subprocess-quickjs/manifest.json",
				"../../system-plugins/dsh-subprocess-quickjs/index.js",
				"../../system-plugins/dsh-ui/manifest.json",
				"../../system-plugins/dsh-ui/index.js",
				"../../system-plugins/dsh-shell-ish/manifest.json",
				"../../system-plugins/dsh-shell-ish/index.js",
				"../../presentation/web-client/manifest.json",
				"../../presentation/web-client/web/index.html",
				"../../presentation/web-client/web/main.js",
			);
			name = GenerateSpikeBundle;
			outputFileListPaths = (
			);
			outputPaths = (
				App/Generated/SpikeBundle.h,
				App/Generated/SpikeBundle.c,
			);
			runOnlyForDeploymentPostprocessing = 0;
			shellPath = /bin/sh;
			shellScript = "python3 \"$SRCROOT/Tools/gen_bundle_header.py\"\n";
		};
		662B783888523ECA4CDD4657 /* BuildIshEngine */ = {
			isa = PBXShellScriptBuildPhase;
			alwaysOutOfDate = 1;
			buildActionMask = 2147483647;
			files = (
			);
			inputFileListPaths = (
			);
			inputPaths = (
			);
			name = BuildIshEngine;
			outputFileListPaths = (
			);
			outputPaths = (
			);
			runOnlyForDeploymentPostprocessing = 0;
			shellPath = /bin/sh;
			shellScript = "# Xcode's build environment carries the system paths only, so a\n# Homebrew cmake has to be found by hand (and named loudly when absent\n# — the engine cannot be built without it).\nif ! command -v cmake >/dev/null 2>&1; then\n  for dir in /opt/homebrew/bin /usr/local/bin; do\n    [ -x \"$dir/cmake\" ] && PATH=\"$dir:$PATH\"\n  done\nfi\ncommand -v cmake >/dev/null 2>&1 || {\n  echo \"error: cmake not found — install CMake (brew install cmake)\"; exit 1; }\nset -e\nREPO=\"$SRCROOT/../..\"\n\"$REPO/runtime/spike/vendor/ensure-ish.sh\"\n# The guest vdso is a GUEST aarch64 elf, so it is identical on every\n# platform: a HOST configure builds it once and the iOS build reuses\n# it. The zero-byte placeholder a cross-compile would write is not an\n# option — a zeroed vdso makes the kernel ABORT the app on the first\n# signal delivered to a guest task (kernel/vdso.c's fail path), and\n# ISH_VDSO_ELF_DIR refuses it.\nVDSO=\"$REPO/runtime/spike/build/ish/vdso\"\nif [ ! -s \"$VDSO/libvdso.so.elf\" ]; then\n  cmake -S \"$REPO/runtime/spike/host/ish\" -B \"$REPO/runtime/spike/build/ish\"\n  cmake --build \"$REPO/runtime/spike/build/ish\" --target ish-vdso\nfi\nBUILD=\"$REPO/runtime/spike/build/ish-ios-$SDK_NAME\"\ncmake -S \"$REPO/runtime/spike/host/ish\" -B \"$BUILD\" \\\n  -DISH_SDK=\"$SDK_NAME\" \\\n  -DCMAKE_SYSTEM_NAME=iOS \\\n  -DCMAKE_OSX_SYSROOT=\"$SDK_NAME\" \\\n  -DCMAKE_OSX_ARCHITECTURES=arm64 \\\n  -DCMAKE_OSX_DEPLOYMENT_TARGET=\"$IPHONEOS_DEPLOYMENT_TARGET\" \\\n  -DISH_VDSO_ELF_DIR=\"$VDSO\"\ncmake --build \"$BUILD\" --target dsh_ish\n";
		};
		844897D01504929715F8A1DA /* FetchIshRootfs */ = {
			isa = PBXShellScriptBuildPhase;
			alwaysOutOfDate = 1;
			buildActionMask = 2147483647;
			files = (
			);
			inputFileListPaths = (
			);
			inputPaths = (
				"../../runtime/spike/vendor/ensure-ish-rootfs.sh",
			);
			name = FetchIshRootfs;
			outputFileListPaths = (
			);
			outputPaths = (
				"App/Generated/ish-rootfs.tar.gz",
			);
			runOnlyForDeploymentPostprocessing = 0;
			shellPath = /bin/sh;
			shellScript = "\"$SRCROOT/../../runtime/spike/vendor/ensure-ish-rootfs.sh\" \"$SRCROOT/App/Generated\"\n";
		};
		BFBB6C07DDCAFB1A3FE93954 /* StageOfficialWeb */ = {
			isa = PBXShellScriptBuildPhase;
			alwaysOutOfDate = 1;
			buildActionMask = 2147483647;
			files = (
			);
			inputFileListPaths = (
			);
			inputPaths = (
			);
			name = StageOfficialWeb;
			outputFileListPaths = (
			);
			outputPaths = (
			);
			runOnlyForDeploymentPostprocessing = 0;
			shellPath = /bin/sh;
			shellScript = "# Release only: embed the vendored official Web Client (dist + client\n# bundles) so a plain launch reaches the official UI with nothing\n# staged from outside. Debug is a no-op (the harness stages Documents\n# itself, and the E2E evidence must keep reading exactly the tree it\n# stages). The script fails loud when a Release source tree is missing\n# or a copied byte drifts.\nset -e\npython3 \"$SRCROOT/Tools/stage_official_web.py\" \"$CONFIGURATION\" \\\n  \"$TARGET_BUILD_DIR/$UNLOCALIZED_RESOURCES_FOLDER_PATH\"\n";
		};
/* End PBXShellScriptBuildPhase section */

/* Begin PBXSourcesBuildPhase section */
		EB4572C5EB0CCEA1304E8FD7 /* Sources */ = {
			isa = PBXSourcesBuildPhase;
			buildActionMask = 2147483647;
			files = (
				A5823CFF26EFBEF3964F86FD /* AppDelegate.swift in Sources */,
				A1B000276ECF160A051C1000 /* CarrierAPIBridge.swift in Sources */,
				283B8F98CD41140278AC43FC /* CarrierBootConfig.swift in Sources */,
				F5F0070F74E81DE98B176234 /* CarrierPlugins.swift in Sources */,
				7137721E1CD8809EAC1499B5 /* CarrierRequest.swift in Sources */,
				88615C1BC61F9ED55E38A30C /* CarrierRoutes.swift in Sources */,
				8E53A7BB75251DCAA363D40D /* CarrierRuntime.swift in Sources */,
				0EC9D13AF2732363D383739A /* CarrierServer.swift in Sources */,
				9A79E46043F2C71B973B8995 /* CarrierWebDist.swift in Sources */,
				5F28F055C273C1633A3C960B /* FSPrimitives.swift in Sources */,
				54A05AA96A5A5BA9E23EB196 /* GatewayCore.swift in Sources */,
				B48D9DE3EE86E724C5BD381D /* GatewaySession.swift in Sources */,
				534C3BC3B96752B7DFC1889D /* HTTPPrimitive.swift in Sources */,
				B8533465AAD53C871400EEA6 /* IshPrimitive.swift in Sources */,
				F7BC7DC779736A3DA29734D0 /* KeychainPrimitives.swift in Sources */,
				61B1FE69BBFC1C5588C7B81B /* NotifyPrimitive.swift in Sources */,
				4DF99E89C22618D71698CD6E /* OfficialWebProbe.swift in Sources */,
				1B385B3BBC82C30A9C4BFAA8 /* OfficialWebRuntime.swift in Sources */,
				C00FC0282AE281696A47D435 /* RuntimeThread.swift in Sources */,
				90C7300A2CDECC073382C343 /* SessionLaunchConfig.swift in Sources */,
				184D40FA4E64ACB3D27FE975 /* SessionLiveProbe.swift in Sources */,
				4750B1D5E5D2B7E42D802575 /* SessionLiveRuntime.swift in Sources */,
				ACE8B4FB83C7BC5C05C91032 /* SessionRuntime.swift in Sources */,
				61EEC98694105A362CEC3707 /* SessionServe.swift in Sources */,
				A4D64D8E5942951A64D738C2 /* SessionWriteProbe.swift in Sources */,
				9460C24BC28428B70418DE80 /* SessionWriteRuntime.swift in Sources */,
				13D20406BECDDA3EEDBBB35F /* SpikeBundle.c in Sources */,
				2273BB6FBCB3CCD131594599 /* SpikeBundleStager.swift in Sources */,
				D9680FC8B9E74933627DB174 /* SpikeHostFactory.swift in Sources */,
				D0DCF41C09E6E2AEE074E698 /* SpikeRuntime.swift in Sources */,
				9C70CB8C221E9338552394C3 /* UIPrimitives.swift in Sources */,
				6C640EF14ABB68E423762CC3 /* WebBootRuntimeDrive.swift in Sources */,
				E651B71FFE5ECA037DB9D632 /* debug.c in Sources */,
				62B42EF1D1F43C9DCDACC068 /* dsh_spike_host.c in Sources */,
				C3EADF000DDC4131270D0E18 /* dsh_wasm.c in Sources */,
				DBD05C375CEC104F67793324 /* dtoa.c in Sources */,
				1E40A7D4D55C2324EE00237C /* entropy_common.c in Sources */,
				2E9C8D43A8E030234BF34192 /* error_private.c in Sources */,
				6D24E719D4C27C268530202A /* fse_compress.c in Sources */,
				5848963AF4272AE33708CC83 /* fse_decompress.c in Sources */,
				A683A622C03886BC6A87E675 /* hist.c in Sources */,
				BA51C8C70E7C3499AAA1F6CE /* huf_compress.c in Sources */,
				996BF23335355187012D80BA /* huf_decompress.c in Sources */,
				C0DC35508DE4DC745CDEC5A4 /* libregexp.c in Sources */,
				BC05E04D65F8622C0158412E /* libunicode.c in Sources */,
				2E2D7D6B3D5D7E5302C01E54 /* m3_bind.c in Sources */,
				DD3A03B8B1CC2F16C7562CED /* m3_code.c in Sources */,
				316FB842F929B55D94F8B41B /* m3_compile.c in Sources */,
				67ED612A1F9F564C71ED3F96 /* m3_core.c in Sources */,
				776267B0AE8E899331C5ADC7 /* m3_env.c in Sources */,
				44DE5D0A58BD79DFCA939482 /* m3_exec.c in Sources */,
				F8D1AD906174BAEA02B5AE71 /* m3_function.c in Sources */,
				1F9A1C2187CA7EC2DFBE470A /* m3_info.c in Sources */,
				4D78C6459FE2E40F5CE2679A /* m3_module.c in Sources */,
				9CE4B12634A5E74819AE9075 /* m3_parse.c in Sources */,
				7CE102CA26B9F04EFE62ACD4 /* m3_validate.c in Sources */,
				DEC0330777E64896B5B8D654 /* pool.c in Sources */,
				D9D31F43DF46933EFD424C92 /* quickjs.c in Sources */,
				B4633306FDD24A2E2321D85F /* threading.c in Sources */,
				0E2C6E60C39B379C7F48D321 /* xxhash.c in Sources */,
				C4A2BCC541EC0DFCD1F904EF /* zstd_common.c in Sources */,
				8B58013498B1D949AF1A2649 /* zstd_compress.c in Sources */,
				FC00B29354FA156EF5FA43C0 /* zstd_compress_literals.c in Sources */,
				36CA4B3F853A2FCFCC871C43 /* zstd_compress_sequences.c in Sources */,
				209E1116F943AED60AED4D63 /* zstd_compress_superblock.c in Sources */,
				834D607430CBF1C4F60EF7DE /* zstd_ddict.c in Sources */,
				4744F29121900E873B735C13 /* zstd_decompress.c in Sources */,
				6505DAFFFD4C5C93F4816128 /* zstd_decompress_block.c in Sources */,
				D9E75A86A702E7051F2591B7 /* zstd_double_fast.c in Sources */,
				135ACB93808994D763906856 /* zstd_fast.c in Sources */,
				4DC40F32AFF7C9D0907AEB7B /* zstd_lazy.c in Sources */,
				68031D8DA027CBFAA39A9358 /* zstd_ldm.c in Sources */,
				5D14218715A751117B3943B5 /* zstd_opt.c in Sources */,
				9D7A8932DA0FC3BCA6C12DE2 /* zstd_preSplit.c in Sources */,
			);
			runOnlyForDeploymentPostprocessing = 0;
		};
/* End PBXSourcesBuildPhase section */

/* Begin XCBuildConfiguration section */
		59226CA0FA70B68745B404A2 /* Release */ = {
			isa = XCBuildConfiguration;
			buildSettings = {
				ALWAYS_SEARCH_USER_PATHS = NO;
				CLANG_ANALYZER_NONNULL = YES;
				CLANG_ANALYZER_NUMBER_OBJECT_CONVERSION = YES_AGGRESSIVE;
				CLANG_CXX_LANGUAGE_STANDARD = "gnu++14";
				CLANG_CXX_LIBRARY = "libc++";
				CLANG_ENABLE_MODULES = YES;
				CLANG_ENABLE_OBJC_ARC = YES;
				CLANG_ENABLE_OBJC_WEAK = YES;
				CLANG_WARN_BLOCK_CAPTURE_AUTORELEASING = YES;
				CLANG_WARN_BOOL_CONVERSION = YES;
				CLANG_WARN_COMMA = YES;
				CLANG_WARN_CONSTANT_CONVERSION = YES;
				CLANG_WARN_DEPRECATED_OBJC_IMPLEMENTATIONS = YES;
				CLANG_WARN_DIRECT_OBJC_ISA_USAGE = YES_ERROR;
				CLANG_WARN_DOCUMENTATION_COMMENTS = YES;
				CLANG_WARN_EMPTY_BODY = YES;
				CLANG_WARN_ENUM_CONVERSION = YES;
				CLANG_WARN_INFINITE_RECURSION = YES;
				CLANG_WARN_INT_CONVERSION = YES;
				CLANG_WARN_NON_LITERAL_NULL_CONVERSION = YES;
				CLANG_WARN_OBJC_IMPLICIT_RETAIN_SELF = YES;
				CLANG_WARN_OBJC_LITERAL_CONVERSION = YES;
				CLANG_WARN_OBJC_ROOT_CLASS = YES_ERROR;
				CLANG_WARN_QUOTED_INCLUDE_IN_FRAMEWORK_HEADER = YES;
				CLANG_WARN_RANGE_LOOP_ANALYSIS = YES;
				CLANG_WARN_STRICT_PROTOTYPES = YES;
				CLANG_WARN_SUSPICIOUS_MOVE = YES;
				CLANG_WARN_UNGUARDED_AVAILABILITY = YES_AGGRESSIVE;
				CLANG_WARN_UNREACHABLE_CODE = YES;
				CLANG_WARN__DUPLICATE_METHOD_MATCH = YES;
				COPY_PHASE_STRIP = NO;
				DEBUG_INFORMATION_FORMAT = "dwarf-with-dsym";
				ENABLE_NS_ASSERTIONS = NO;
				ENABLE_STRICT_OBJC_MSGSEND = YES;
				GCC_C_LANGUAGE_STANDARD = gnu11;
				GCC_NO_COMMON_BLOCKS = YES;
				GCC_WARN_64_TO_32_BIT_CONVERSION = YES;
				GCC_WARN_ABOUT_RETURN_TYPE = YES_ERROR;
				GCC_WARN_UNDECLARED_SELECTOR = YES;
				GCC_WARN_UNINITIALIZED_AUTOS = YES_AGGRESSIVE;
				GCC_WARN_UNUSED_FUNCTION = YES;
				GCC_WARN_UNUSED_VARIABLE = YES;
				HEADER_SEARCH_PATHS = (
					"$(SRCROOT)/../../runtime/spike/host",
					"$(SRCROOT)/../../runtime/spike/vendor/quickjs-ng/0.17.0",
					"$(SRCROOT)/../../runtime/spike/vendor/wasm3/0.9.0/source",
					"$(SRCROOT)/../../runtime/spike/vendor/zstd/1.5.7",
					"$(SRCROOT)/../../runtime/spike/vendor/zstd/1.5.7/common",
					"$(SRCROOT)/App/Generated",
				);
				IPHONEOS_DEPLOYMENT_TARGET = 17.0;
				MTL_ENABLE_DEBUG_INFO = NO;
				MTL_FAST_MATH = YES;
				PRODUCT_NAME = "$(TARGET_NAME)";
				SDKROOT = iphoneos;
				SWIFT_COMPILATION_MODE = wholemodule;
				SWIFT_OPTIMIZATION_LEVEL = "-O";
				SWIFT_VERSION = 5.0;
				configs = "[\"Debug\": [\"GCC_PREPROCESSOR_DEFINITIONS\": [\"$(inherited)\", \"DEBUG=1\", \"ZSTD_DISABLE_ASM=1\"]], \"Release\": [\"GCC_PREPROCESSOR_DEFINITIONS\": [\"$(inherited)\", \"ZSTD_DISABLE_ASM=1\"]]]";
			};
			name = Release;
		};
		9549F871B62E97A010E24D31 /* Debug */ = {
			isa = XCBuildConfiguration;
			buildSettings = {
				ASSETCATALOG_COMPILER_APPICON_NAME = AppIcon;
				CODE_SIGN_IDENTITY = "iPhone Developer";
				"EXCLUDED_ARCHS[sdk=iphonesimulator*]" = x86_64;
				INFOPLIST_FILE = App/Info.plist;
				LD_RUNPATH_SEARCH_PATHS = (
					"$(inherited)",
					"@executable_path/Frameworks",
				);
				LIBRARY_SEARCH_PATHS = (
					"$(inherited)",
					"$(SRCROOT)/../../runtime/spike/build/ish-ios-$(SDK_NAME)",
				);
				OTHER_LDFLAGS = (
					"$(inherited)",
					"-ldsh_ish",
					"-lishcore",
					"-lsqlite3",
					"-lz",
					"-lresolv",
				);
				PRODUCT_BUNDLE_IDENTIFIER = org.dsh.DSHSpike;
				SDKROOT = iphoneos;
				SWIFT_OBJC_BRIDGING_HEADER = App/Source/Bridge.h;
				TARGETED_DEVICE_FAMILY = 1;
			};
			name = Debug;
		};
		C8ED6FB500C18E7E783BD3D7 /* Release */ = {
			isa = XCBuildConfiguration;
			buildSettings = {
				ASSETCATALOG_COMPILER_APPICON_NAME = AppIcon;
				CODE_SIGN_IDENTITY = "iPhone Developer";
				"EXCLUDED_ARCHS[sdk=iphonesimulator*]" = x86_64;
				INFOPLIST_FILE = App/Info.plist;
				LD_RUNPATH_SEARCH_PATHS = (
					"$(inherited)",
					"@executable_path/Frameworks",
				);
				LIBRARY_SEARCH_PATHS = (
					"$(inherited)",
					"$(SRCROOT)/../../runtime/spike/build/ish-ios-$(SDK_NAME)",
				);
				OTHER_LDFLAGS = (
					"$(inherited)",
					"-ldsh_ish",
					"-lishcore",
					"-lsqlite3",
					"-lz",
					"-lresolv",
				);
				PRODUCT_BUNDLE_IDENTIFIER = org.dsh.DSHSpike;
				SDKROOT = iphoneos;
				SWIFT_ACTIVE_COMPILATION_CONDITIONS = DSH_RELEASE;
				SWIFT_OBJC_BRIDGING_HEADER = App/Source/Bridge.h;
				TARGETED_DEVICE_FAMILY = 1;
			};
			name = Release;
		};
		F2B98E611E6539F6054BAEC8 /* Debug */ = {
			isa = XCBuildConfiguration;
			buildSettings = {
				ALWAYS_SEARCH_USER_PATHS = NO;
				CLANG_ANALYZER_NONNULL = YES;
				CLANG_ANALYZER_NUMBER_OBJECT_CONVERSION = YES_AGGRESSIVE;
				CLANG_CXX_LANGUAGE_STANDARD = "gnu++14";
				CLANG_CXX_LIBRARY = "libc++";
				CLANG_ENABLE_MODULES = YES;
				CLANG_ENABLE_OBJC_ARC = YES;
				CLANG_ENABLE_OBJC_WEAK = YES;
				CLANG_WARN_BLOCK_CAPTURE_AUTORELEASING = YES;
				CLANG_WARN_BOOL_CONVERSION = YES;
				CLANG_WARN_COMMA = YES;
				CLANG_WARN_CONSTANT_CONVERSION = YES;
				CLANG_WARN_DEPRECATED_OBJC_IMPLEMENTATIONS = YES;
				CLANG_WARN_DIRECT_OBJC_ISA_USAGE = YES_ERROR;
				CLANG_WARN_DOCUMENTATION_COMMENTS = YES;
				CLANG_WARN_EMPTY_BODY = YES;
				CLANG_WARN_ENUM_CONVERSION = YES;
				CLANG_WARN_INFINITE_RECURSION = YES;
				CLANG_WARN_INT_CONVERSION = YES;
				CLANG_WARN_NON_LITERAL_NULL_CONVERSION = YES;
				CLANG_WARN_OBJC_IMPLICIT_RETAIN_SELF = YES;
				CLANG_WARN_OBJC_LITERAL_CONVERSION = YES;
				CLANG_WARN_OBJC_ROOT_CLASS = YES_ERROR;
				CLANG_WARN_QUOTED_INCLUDE_IN_FRAMEWORK_HEADER = YES;
				CLANG_WARN_RANGE_LOOP_ANALYSIS = YES;
				CLANG_WARN_STRICT_PROTOTYPES = YES;
				CLANG_WARN_SUSPICIOUS_MOVE = YES;
				CLANG_WARN_UNGUARDED_AVAILABILITY = YES_AGGRESSIVE;
				CLANG_WARN_UNREACHABLE_CODE = YES;
				CLANG_WARN__DUPLICATE_METHOD_MATCH = YES;
				COPY_PHASE_STRIP = NO;
				DEBUG_INFORMATION_FORMAT = dwarf;
				ENABLE_STRICT_OBJC_MSGSEND = YES;
				ENABLE_TESTABILITY = YES;
				GCC_C_LANGUAGE_STANDARD = gnu11;
				GCC_DYNAMIC_NO_PIC = NO;
				GCC_NO_COMMON_BLOCKS = YES;
				GCC_OPTIMIZATION_LEVEL = 0;
				GCC_PREPROCESSOR_DEFINITIONS = (
					"$(inherited)",
					"DEBUG=1",
				);
				GCC_WARN_64_TO_32_BIT_CONVERSION = YES;
				GCC_WARN_ABOUT_RETURN_TYPE = YES_ERROR;
				GCC_WARN_UNDECLARED_SELECTOR = YES;
				GCC_WARN_UNINITIALIZED_AUTOS = YES_AGGRESSIVE;
				GCC_WARN_UNUSED_FUNCTION = YES;
				GCC_WARN_UNUSED_VARIABLE = YES;
				HEADER_SEARCH_PATHS = (
					"$(SRCROOT)/../../runtime/spike/host",
					"$(SRCROOT)/../../runtime/spike/vendor/quickjs-ng/0.17.0",
					"$(SRCROOT)/../../runtime/spike/vendor/wasm3/0.9.0/source",
					"$(SRCROOT)/../../runtime/spike/vendor/zstd/1.5.7",
					"$(SRCROOT)/../../runtime/spike/vendor/zstd/1.5.7/common",
					"$(SRCROOT)/App/Generated",
				);
				IPHONEOS_DEPLOYMENT_TARGET = 17.0;
				MTL_ENABLE_DEBUG_INFO = INCLUDE_SOURCE;
				MTL_FAST_MATH = YES;
				ONLY_ACTIVE_ARCH = YES;
				PRODUCT_NAME = "$(TARGET_NAME)";
				SDKROOT = iphoneos;
				SWIFT_ACTIVE_COMPILATION_CONDITIONS = DEBUG;
				SWIFT_OPTIMIZATION_LEVEL = "-Onone";
				SWIFT_VERSION = 5.0;
				configs = "[\"Debug\": [\"GCC_PREPROCESSOR_DEFINITIONS\": [\"$(inherited)\", \"DEBUG=1\", \"ZSTD_DISABLE_ASM=1\"]], \"Release\": [\"GCC_PREPROCESSOR_DEFINITIONS\": [\"$(inherited)\", \"ZSTD_DISABLE_ASM=1\"]]]";
			};
			name = Debug;
		};
/* End XCBuildConfiguration section */

/* Begin XCConfigurationList section */
		4F8D8F19B455255473978E4B /* Build configuration list for PBXProject "DSHSpike" */ = {
			isa = XCConfigurationList;
			buildConfigurations = (
				F2B98E611E6539F6054BAEC8 /* Debug */,
				59226CA0FA70B68745B404A2 /* Release */,
			);
			defaultConfigurationIsVisible = 0;
			defaultConfigurationName = Debug;
		};
		76CE008D03C6EE3793B0F2BC /* Build configuration list for PBXNativeTarget "DSHSpike" */ = {
			isa = XCConfigurationList;
			buildConfigurations = (
				9549F871B62E97A010E24D31 /* Debug */,
				C8ED6FB500C18E7E783BD3D7 /* Release */,
			);
			defaultConfigurationIsVisible = 0;
			defaultConfigurationName = Debug;
		};
/* End XCConfigurationList section */
	};
	rootObject = 3CCC20395AC8ADDAA4AB79D6 /* Project object */;
}
