// !$*UTF8*$!
{
	archiveVersion = 1;
	classes = {
	};
	objectVersion = 77;
	objects = {

/* Begin PBXBuildFile section */
		0184653D61D29545AFB724A8 /* m3_bind.c in Sources */ = {isa = PBXBuildFile; fileRef = F545A59CA98220447502A345 /* m3_bind.c */; };
		018E6204719C528535EDBE2A /* m3_core.c in Sources */ = {isa = PBXBuildFile; fileRef = 066D61414776B429F7DEA09E /* m3_core.c */; };
		03FBD70304463DB2B28D6E9C /* zstd_compress_literals.c in Sources */ = {isa = PBXBuildFile; fileRef = 037C805ADE6FB8E878A608ED /* zstd_compress_literals.c */; };
		0EC9D13AF2732363D383739A /* CarrierServer.swift in Sources */ = {isa = PBXBuildFile; fileRef = E099B0D4BFA4C2C2195F1DD1 /* CarrierServer.swift */; };
		13D20406BECDDA3EEDBBB35F /* SpikeBundle.c in Sources */ = {isa = PBXBuildFile; fileRef = 09284B9F0D5242AA9BAB8375 /* SpikeBundle.c */; };
		184D40FA4E64ACB3D27FE975 /* SessionLiveProbe.swift in Sources */ = {isa = PBXBuildFile; fileRef = F1AFB09BF1FF590997FA7731 /* SessionLiveProbe.swift */; };
		1B385B3BBC82C30A9C4BFAA8 /* OfficialWebRuntime.swift in Sources */ = {isa = PBXBuildFile; fileRef = 3A4A8D5A40DEE38DFCB1C59B /* OfficialWebRuntime.swift */; };
		2273BB6FBCB3CCD131594599 /* SpikeBundleStager.swift in Sources */ = {isa = PBXBuildFile; fileRef = 19A12298B41F3DCDE6937D19 /* SpikeBundleStager.swift */; };
		283B8F98CD41140278AC43FC /* CarrierBootConfig.swift in Sources */ = {isa = PBXBuildFile; fileRef = EAD16B88BE29DAEE57E0D9B8 /* CarrierBootConfig.swift */; };
		2FDAC1EABB06B5E4268E8B4C /* dsh_wasm.c in Sources */ = {isa = PBXBuildFile; fileRef = 20AC9D6B26428B8AD33F665B /* dsh_wasm.c */; };
		3AB07D0AE6F247453EAD1373 /* pool.c in Sources */ = {isa = PBXBuildFile; fileRef = 12940FAFAF231B52C3CF954E /* pool.c */; };
		3DA7229FEF7035585AAC0A85 /* ish-rootfs.tar.gz in Resources */ = {isa = PBXBuildFile; fileRef = 44860052D2DC42B3DF47D91D /* ish-rootfs.tar.gz */; };
		42DC8594405EACBBE96DF097 /* m3_info.c in Sources */ = {isa = PBXBuildFile; fileRef = FD2B45F7AF2B8E34A9AC41EC /* m3_info.c */; };
		4324F2AFCEE384476BA5E34B /* m3_function.c in Sources */ = {isa = PBXBuildFile; fileRef = 00F6A9B1EF6DD6353935EA9A /* m3_function.c */; };
		44B1EFDDBAB1F6A1BAB1356D /* zstd_common.c in Sources */ = {isa = PBXBuildFile; fileRef = 5FFCA08DA5D147713A59D622 /* zstd_common.c */; };
		45C6641961D9DAB7CAC47FEA /* zstd_compress_superblock.c in Sources */ = {isa = PBXBuildFile; fileRef = 6546F69481ADA3052D944E7E /* zstd_compress_superblock.c */; };
		4750B1D5E5D2B7E42D802575 /* SessionLiveRuntime.swift in Sources */ = {isa = PBXBuildFile; fileRef = D2D7207C678D6F6873F0CDD0 /* SessionLiveRuntime.swift */; };
		4DF99E89C22618D71698CD6E /* OfficialWebProbe.swift in Sources */ = {isa = PBXBuildFile; fileRef = 95AB5D5BFDB578685994F7A8 /* OfficialWebProbe.swift */; };
		52FE8DB8C1A442AE1C0C6F37 /* threading.c in Sources */ = {isa = PBXBuildFile; fileRef = A2371698D67257627A29ABF4 /* threading.c */; };
		534C3BC3B96752B7DFC1889D /* HTTPPrimitive.swift in Sources */ = {isa = PBXBuildFile; fileRef = 183BA893CC40AAE4768063F6 /* HTTPPrimitive.swift */; };
		54A05AA96A5A5BA9E23EB196 /* GatewayCore.swift in Sources */ = {isa = PBXBuildFile; fileRef = 05F03F3FEC8D68BA0F158DBD /* GatewayCore.swift */; };
		5DCAA5D464BC9042DD87D4E6 /* huf_decompress.c in Sources */ = {isa = PBXBuildFile; fileRef = C50276012EA9E418D84B4A73 /* huf_decompress.c */; };
		5F28F055C273C1633A3C960B /* FSPrimitives.swift in Sources */ = {isa = PBXBuildFile; fileRef = 2B4F4DD23787891B6862FFDB /* FSPrimitives.swift */; };
		61B1FE69BBFC1C5588C7B81B /* NotifyPrimitive.swift in Sources */ = {isa = PBXBuildFile; fileRef = 4F489B98DABD6891A3BDDB71 /* NotifyPrimitive.swift */; };
		61EEC98694105A362CEC3707 /* SessionServe.swift in Sources */ = {isa = PBXBuildFile; fileRef = 1279CFC8FB988D80AD896E16 /* SessionServe.swift */; };
		65DC333509623E173DACD876 /* zstd_fast.c in Sources */ = {isa = PBXBuildFile; fileRef = A736EEE058F3F6C7C8F8471D /* zstd_fast.c */; };
		673491647FDEA934B31B94E1 /* zstd_decompress_block.c in Sources */ = {isa = PBXBuildFile; fileRef = 20EB0CC81200EE64D96375E8 /* zstd_decompress_block.c */; };
		68BD7AB24CD2A5AADD053281 /* zstd_decompress.c in Sources */ = {isa = PBXBuildFile; fileRef = FF0E0B1DA2A8DB5DB5F430AF /* zstd_decompress.c */; };
		6B5614AC0F4D342549379D5A /* dtoa.c in Sources */ = {isa = PBXBuildFile; fileRef = 29D8292953DBDBC398FD6B75 /* dtoa.c */; };
		6C640EF14ABB68E423762CC3 /* WebBootRuntimeDrive.swift in Sources */ = {isa = PBXBuildFile; fileRef = F3DF3E05EAD1DB69CC635369 /* WebBootRuntimeDrive.swift */; };
		6EBBFADF8AB2E5A7D7BC96FA /* zstd_preSplit.c in Sources */ = {isa = PBXBuildFile; fileRef = 3C6AA8B2CF10151F3166EECB /* zstd_preSplit.c */; };
		7137721E1CD8809EAC1499B5 /* CarrierRequest.swift in Sources */ = {isa = PBXBuildFile; fileRef = E7421A65358AB8B696FE09F5 /* CarrierRequest.swift */; };
		77ECD513652253CC0AB5E802 /* m3_code.c in Sources */ = {isa = PBXBuildFile; fileRef = 9CE77C41B1062A39DDE4E0A0 /* m3_code.c */; };
		7C2952FE392D9B362EAEF868 /* error_private.c in Sources */ = {isa = PBXBuildFile; fileRef = 9EA152AE3D04260546509437 /* error_private.c */; };
		7D5D53037BC7A5A5EF6359CB /* huf_compress.c in Sources */ = {isa = PBXBuildFile; fileRef = 9FEBC071A72358BE5C05D948 /* huf_compress.c */; };
		816EE8BB1E6032345807A543 /* hist.c in Sources */ = {isa = PBXBuildFile; fileRef = 7F2BC035C34B5EB82143A759 /* hist.c */; };
		88615C1BC61F9ED55E38A30C /* CarrierRoutes.swift in Sources */ = {isa = PBXBuildFile; fileRef = 93462855086C75B4830CEEAA /* CarrierRoutes.swift */; };
		8E53A7BB75251DCAA363D40D /* CarrierRuntime.swift in Sources */ = {isa = PBXBuildFile; fileRef = 79A2B7CB03F27DBD397AFB73 /* CarrierRuntime.swift */; };
		90C7300A2CDECC073382C343 /* SessionLaunchConfig.swift in Sources */ = {isa = PBXBuildFile; fileRef = 988D76F2BD8AF6FD11811708 /* SessionLaunchConfig.swift */; };
		91E1CB8562D3E4C0B540D1C8 /* m3_env.c in Sources */ = {isa = PBXBuildFile; fileRef = 92767D169DBF2FC2FE6705A8 /* m3_env.c */; };
		94103AF7FF917E7965C52113 /* fse_compress.c in Sources */ = {isa = PBXBuildFile; fileRef = 2CBF7B9A48913DCB4529584D /* fse_compress.c */; };
		9460C24BC28428B70418DE80 /* SessionWriteRuntime.swift in Sources */ = {isa = PBXBuildFile; fileRef = 9BD5A2CA21E798B05B3DAB11 /* SessionWriteRuntime.swift */; };
		9A79E46043F2C71B973B8995 /* CarrierWebDist.swift in Sources */ = {isa = PBXBuildFile; fileRef = CB1E3A9C76B76B7955AFB7E2 /* CarrierWebDist.swift */; };
		9C70CB8C221E9338552394C3 /* UIPrimitives.swift in Sources */ = {isa = PBXBuildFile; fileRef = C7FFE83DAAFCE65B43AB4ED4 /* UIPrimitives.swift */; };
		9F857D358FCBB66D7E0C61F4 /* fse_decompress.c in Sources */ = {isa = PBXBuildFile; fileRef = 6482BDCA12F83037B0E1C2BD /* fse_decompress.c */; };
		A1B000276ECF160A051C1000 /* CarrierAPIBridge.swift in Sources */ = {isa = PBXBuildFile; fileRef = 43589E4BAF7A73600C5B0567 /* CarrierAPIBridge.swift */; };
		A4D64D8E5942951A64D738C2 /* SessionWriteProbe.swift in Sources */ = {isa = PBXBuildFile; fileRef = EFE3EBF4B3E0C1278F496455 /* SessionWriteProbe.swift */; };
		A5823CFF26EFBEF3964F86FD /* AppDelegate.swift in Sources */ = {isa = PBXBuildFile; fileRef = 74DD761A8299F885CFFFBF71 /* AppDelegate.swift */; };
		AAD8AC500FAF303934C69AFD /* zstd_ddict.c in Sources */ = {isa = PBXBuildFile; fileRef = AD8B27704734EFB06A78C311 /* zstd_ddict.c */; };
		ACE8B4FB83C7BC5C05C91032 /* SessionRuntime.swift in Sources */ = {isa = PBXBuildFile; fileRef = BF970AD8D229CCE9C077FCE1 /* SessionRuntime.swift */; };
		AE018752CE3796C6E328C105 /* m3_compile.c in Sources */ = {isa = PBXBuildFile; fileRef = 7D1CC7E1FD8E1E18A231AF34 /* m3_compile.c */; };
		AE61F6748B844C327E2DD324 /* xxhash.c in Sources */ = {isa = PBXBuildFile; fileRef = B33C8E70A7AF9483A9773C58 /* xxhash.c */; };
		B175501FCD91AE25947FEF04 /* entropy_common.c in Sources */ = {isa = PBXBuildFile; fileRef = 38EEFA40C9199CDB3C593CC3 /* entropy_common.c */; };
		B48D9DE3EE86E724C5BD381D /* GatewaySession.swift in Sources */ = {isa = PBXBuildFile; fileRef = 0CF3FD663D82764D3F2A56C6 /* GatewaySession.swift */; };
		B58A471CDCDBBC0D600BED62 /* m3_module.c in Sources */ = {isa = PBXBuildFile; fileRef = 5946E7FB2935DBFD5CF54806 /* m3_module.c */; };
		B8533465AAD53C871400EEA6 /* IshPrimitive.swift in Sources */ = {isa = PBXBuildFile; fileRef = CC9A237E8BDE80E952ABA50F /* IshPrimitive.swift */; };
		B9B04643914D67DFA0D7064D /* m3_validate.c in Sources */ = {isa = PBXBuildFile; fileRef = CFF5CFA3AF08A002F852B8F2 /* m3_validate.c */; };
		BD1494B97EB9EC47D5923285 /* libunicode.c in Sources */ = {isa = PBXBuildFile; fileRef = 3A91A42AD6611FA5A7125599 /* libunicode.c */; };
		C00FC0282AE281696A47D435 /* RuntimeThread.swift in Sources */ = {isa = PBXBuildFile; fileRef = D699FF5BB908578B359B9B14 /* RuntimeThread.swift */; };
		C96A19C7A5BD77D7FF76C4D4 /* m3_exec.c in Sources */ = {isa = PBXBuildFile; fileRef = D78A1459FD5146E2F276F188 /* m3_exec.c */; };
		D0DCF41C09E6E2AEE074E698 /* SpikeRuntime.swift in Sources */ = {isa = PBXBuildFile; fileRef = CE017668D774E7EE7A94A825 /* SpikeRuntime.swift */; };
		D5EF7FDBF7453D9DFFE41D13 /* zstd_lazy.c in Sources */ = {isa = PBXBuildFile; fileRef = D82BFBBEC2D0FAB7B001A863 /* zstd_lazy.c */; };
		D9680FC8B9E74933627DB174 /* SpikeHostFactory.swift in Sources */ = {isa = PBXBuildFile; fileRef = AA962E7AD5C8CDA2BBED5AF0 /* SpikeHostFactory.swift */; };
		DA387F3368B9DE43BDD1AB18 /* m3_parse.c in Sources */ = {isa = PBXBuildFile; fileRef = 6BEF88E4EA2C69591DC3FA53 /* m3_parse.c */; };
		DB4AB34062B726C88C0C3FAD /* zstd_double_fast.c in Sources */ = {isa = PBXBuildFile; fileRef = C100F760F3C3C2F284E3AFD1 /* zstd_double_fast.c */; };
		DBEEE69DF58A891810F5EB7E /* quickjs.c in Sources */ = {isa = PBXBuildFile; fileRef = 77467CA5674BEB8070C76834 /* quickjs.c */; };
		DD3E9AB71539E7CBEBF54818 /* zstd_compress_sequences.c in Sources */ = {isa = PBXBuildFile; fileRef = 6C6418F22E31521CC0779A31 /* zstd_compress_sequences.c */; };
		E46F29A9428F4C25955100FA /* libregexp.c in Sources */ = {isa = PBXBuildFile; fileRef = 7966DFD7F092E868A8F335CA /* libregexp.c */; };
		F5F0070F74E81DE98B176234 /* CarrierPlugins.swift in Sources */ = {isa = PBXBuildFile; fileRef = B0E3BCFD74C8ACD203C3B004 /* CarrierPlugins.swift */; };
		F65335B12E850E4152497276 /* zstd_compress.c in Sources */ = {isa = PBXBuildFile; fileRef = 890FC95D41F46B58B8544B43 /* zstd_compress.c */; };
		F7BC7DC779736A3DA29734D0 /* KeychainPrimitives.swift in Sources */ = {isa = PBXBuildFile; fileRef = F3A09CE3CC3ADAB701ADF9A1 /* KeychainPrimitives.swift */; };
		F8521D79178BE5F378FB5218 /* dsh_spike_host.c in Sources */ = {isa = PBXBuildFile; fileRef = 72D877E4A8165589B178879E /* dsh_spike_host.c */; };
		F8A22402DF85A925487A6583 /* debug.c in Sources */ = {isa = PBXBuildFile; fileRef = 3DC838EF6674C179A6972222 /* debug.c */; };
		F9CC5C9FB361747C961A2D49 /* zstd_opt.c in Sources */ = {isa = PBXBuildFile; fileRef = E11C286F513A77060ACD2D9C /* zstd_opt.c */; };
		FDD8605E337ABDC8F844E97B /* zstd_ldm.c in Sources */ = {isa = PBXBuildFile; fileRef = EC434E0B986FFEA64389B40F /* zstd_ldm.c */; };
/* End PBXBuildFile section */

/* Begin PBXFileReference section */
		00F6A9B1EF6DD6353935EA9A /* m3_function.c */ = {isa = PBXFileReference; lastKnownFileType = sourcecode.c.c; path = m3_function.c; sourceTree = "<group>"; };
		037C805ADE6FB8E878A608ED /* zstd_compress_literals.c */ = {isa = PBXFileReference; lastKnownFileType = sourcecode.c.c; path = zstd_compress_literals.c; sourceTree = "<group>"; };
		05F03F3FEC8D68BA0F158DBD /* GatewayCore.swift */ = {isa = PBXFileReference; lastKnownFileType = sourcecode.swift; path = GatewayCore.swift; sourceTree = "<group>"; };
		066D61414776B429F7DEA09E /* m3_core.c */ = {isa = PBXFileReference; lastKnownFileType = sourcecode.c.c; path = m3_core.c; sourceTree = "<group>"; };
		09284B9F0D5242AA9BAB8375 /* SpikeBundle.c */ = {isa = PBXFileReference; lastKnownFileType = sourcecode.c.c; path = SpikeBundle.c; sourceTree = "<group>"; };
		0CF3FD663D82764D3F2A56C6 /* GatewaySession.swift */ = {isa = PBXFileReference; lastKnownFileType = sourcecode.swift; path = GatewaySession.swift; sourceTree = "<group>"; };
		1279CFC8FB988D80AD896E16 /* SessionServe.swift */ = {isa = PBXFileReference; lastKnownFileType = sourcecode.swift; path = SessionServe.swift; sourceTree = "<group>"; };
		12940FAFAF231B52C3CF954E /* pool.c */ = {isa = PBXFileReference; lastKnownFileType = sourcecode.c.c; path = pool.c; sourceTree = "<group>"; };
		183BA893CC40AAE4768063F6 /* HTTPPrimitive.swift */ = {isa = PBXFileReference; lastKnownFileType = sourcecode.swift; path = HTTPPrimitive.swift; sourceTree = "<group>"; };
		19A12298B41F3DCDE6937D19 /* SpikeBundleStager.swift */ = {isa = PBXFileReference; lastKnownFileType = sourcecode.swift; path = SpikeBundleStager.swift; sourceTree = "<group>"; };
		20AC9D6B26428B8AD33F665B /* dsh_wasm.c */ = {isa = PBXFileReference; lastKnownFileType = sourcecode.c.c; path = dsh_wasm.c; sourceTree = "<group>"; };
		20EB0CC81200EE64D96375E8 /* zstd_decompress_block.c */ = {isa = PBXFileReference; lastKnownFileType = sourcecode.c.c; path = zstd_decompress_block.c; sourceTree = "<group>"; };
		24888637EE42A0E9E40132A8 /* SpikeBundle.h */ = {isa = PBXFileReference; lastKnownFileType = sourcecode.c.h; path = SpikeBundle.h; sourceTree = "<group>"; };
		29D8292953DBDBC398FD6B75 /* dtoa.c */ = {isa = PBXFileReference; lastKnownFileType = sourcecode.c.c; path = dtoa.c; sourceTree = "<group>"; };
		2B4F4DD23787891B6862FFDB /* FSPrimitives.swift */ = {isa = PBXFileReference; lastKnownFileType = sourcecode.swift; path = FSPrimitives.swift; sourceTree = "<group>"; };
		2CBF7B9A48913DCB4529584D /* fse_compress.c */ = {isa = PBXFileReference; lastKnownFileType = sourcecode.c.c; path = fse_compress.c; sourceTree = "<group>"; };
		38EEFA40C9199CDB3C593CC3 /* entropy_common.c */ = {isa = PBXFileReference; lastKnownFileType = sourcecode.c.c; path = entropy_common.c; sourceTree = "<group>"; };
		3A4A8D5A40DEE38DFCB1C59B /* OfficialWebRuntime.swift */ = {isa = PBXFileReference; lastKnownFileType = sourcecode.swift; path = OfficialWebRuntime.swift; sourceTree = "<group>"; };
		3A91A42AD6611FA5A7125599 /* libunicode.c */ = {isa = PBXFileReference; lastKnownFileType = sourcecode.c.c; path = libunicode.c; sourceTree = "<group>"; };
		3C6AA8B2CF10151F3166EECB /* zstd_preSplit.c */ = {isa = PBXFileReference; lastKnownFileType = sourcecode.c.c; path = zstd_preSplit.c; sourceTree = "<group>"; };
		3DC838EF6674C179A6972222 /* debug.c */ = {isa = PBXFileReference; lastKnownFileType = sourcecode.c.c; path = debug.c; sourceTree = "<group>"; };
		43589E4BAF7A73600C5B0567 /* CarrierAPIBridge.swift */ = {isa = PBXFileReference; lastKnownFileType = sourcecode.swift; path = CarrierAPIBridge.swift; sourceTree = "<group>"; };
		44860052D2DC42B3DF47D91D /* ish-rootfs.tar.gz */ = {isa = PBXFileReference; lastKnownFileType = archive.gzip; path = "ish-rootfs.tar.gz"; sourceTree = "<group>"; };
		4F489B98DABD6891A3BDDB71 /* NotifyPrimitive.swift */ = {isa = PBXFileReference; lastKnownFileType = sourcecode.swift; path = NotifyPrimitive.swift; sourceTree = "<group>"; };
		5946E7FB2935DBFD5CF54806 /* m3_module.c */ = {isa = PBXFileReference; lastKnownFileType = sourcecode.c.c; path = m3_module.c; sourceTree = "<group>"; };
		5FFCA08DA5D147713A59D622 /* zstd_common.c */ = {isa = PBXFileReference; lastKnownFileType = sourcecode.c.c; path = zstd_common.c; sourceTree = "<group>"; };
		6482BDCA12F83037B0E1C2BD /* fse_decompress.c */ = {isa = PBXFileReference; lastKnownFileType = sourcecode.c.c; path = fse_decompress.c; sourceTree = "<group>"; };
		6546F69481ADA3052D944E7E /* zstd_compress_superblock.c */ = {isa = PBXFileReference; lastKnownFileType = sourcecode.c.c; path = zstd_compress_superblock.c; sourceTree = "<group>"; };
		6A1382ABE6EDFB24119B9EEE /* Bridge.h */ = {isa = PBXFileReference; lastKnownFileType = sourcecode.c.h; path = Bridge.h; sourceTree = "<group>"; };
		6BEF88E4EA2C69591DC3FA53 /* m3_parse.c */ = {isa = PBXFileReference; lastKnownFileType = sourcecode.c.c; path = m3_parse.c; sourceTree = "<group>"; };
		6C6418F22E31521CC0779A31 /* zstd_compress_sequences.c */ = {isa = PBXFileReference; lastKnownFileType = sourcecode.c.c; path = zstd_compress_sequences.c; sourceTree = "<group>"; };
		72D877E4A8165589B178879E /* dsh_spike_host.c */ = {isa = PBXFileReference; lastKnownFileType = sourcecode.c.c; path = dsh_spike_host.c; sourceTree = "<group>"; };
		74DD761A8299F885CFFFBF71 /* AppDelegate.swift */ = {isa = PBXFileReference; lastKnownFileType = sourcecode.swift; path = AppDelegate.swift; sourceTree = "<group>"; };
		77467CA5674BEB8070C76834 /* quickjs.c */ = {isa = PBXFileReference; lastKnownFileType = sourcecode.c.c; path = quickjs.c; sourceTree = "<group>"; };
		7966DFD7F092E868A8F335CA /* libregexp.c */ = {isa = PBXFileReference; lastKnownFileType = sourcecode.c.c; path = libregexp.c; sourceTree = "<group>"; };
		79A2B7CB03F27DBD397AFB73 /* CarrierRuntime.swift */ = {isa = PBXFileReference; lastKnownFileType = sourcecode.swift; path = CarrierRuntime.swift; sourceTree = "<group>"; };
		7D1CC7E1FD8E1E18A231AF34 /* m3_compile.c */ = {isa = PBXFileReference; lastKnownFileType = sourcecode.c.c; path = m3_compile.c; sourceTree = "<group>"; };
		7F2BC035C34B5EB82143A759 /* hist.c */ = {isa = PBXFileReference; lastKnownFileType = sourcecode.c.c; path = hist.c; sourceTree = "<group>"; };
		890FC95D41F46B58B8544B43 /* zstd_compress.c */ = {isa = PBXFileReference; lastKnownFileType = sourcecode.c.c; path = zstd_compress.c; sourceTree = "<group>"; };
		8E8AEA704FF77DC9764D8E5D /* DSHSpike.app */ = {isa = PBXFileReference; includeInIndex = 0; lastKnownFileType = wrapper.application; path = DSHSpike.app; sourceTree = BUILT_PRODUCTS_DIR; };
		92767D169DBF2FC2FE6705A8 /* m3_env.c */ = {isa = PBXFileReference; lastKnownFileType = sourcecode.c.c; path = m3_env.c; sourceTree = "<group>"; };
		93462855086C75B4830CEEAA /* CarrierRoutes.swift */ = {isa = PBXFileReference; lastKnownFileType = sourcecode.swift; path = CarrierRoutes.swift; sourceTree = "<group>"; };
		95AB5D5BFDB578685994F7A8 /* OfficialWebProbe.swift */ = {isa = PBXFileReference; lastKnownFileType = sourcecode.swift; path = OfficialWebProbe.swift; sourceTree = "<group>"; };
		988D76F2BD8AF6FD11811708 /* SessionLaunchConfig.swift */ = {isa = PBXFileReference; lastKnownFileType = sourcecode.swift; path = SessionLaunchConfig.swift; sourceTree = "<group>"; };
		9AAA0B16F1D064F20E961EAF /* Info.plist */ = {isa = PBXFileReference; lastKnownFileType = text.plist; path = Info.plist; sourceTree = "<group>"; };
		9BD5A2CA21E798B05B3DAB11 /* SessionWriteRuntime.swift */ = {isa = PBXFileReference; lastKnownFileType = sourcecode.swift; path = SessionWriteRuntime.swift; sourceTree = "<group>"; };
		9CE77C41B1062A39DDE4E0A0 /* m3_code.c */ = {isa = PBXFileReference; lastKnownFileType = sourcecode.c.c; path = m3_code.c; sourceTree = "<group>"; };
		9EA152AE3D04260546509437 /* error_private.c */ = {isa = PBXFileReference; lastKnownFileType = sourcecode.c.c; path = error_private.c; sourceTree = "<group>"; };
		9FEBC071A72358BE5C05D948 /* huf_compress.c */ = {isa = PBXFileReference; lastKnownFileType = sourcecode.c.c; path = huf_compress.c; sourceTree = "<group>"; };
		A2371698D67257627A29ABF4 /* threading.c */ = {isa = PBXFileReference; lastKnownFileType = sourcecode.c.c; path = threading.c; sourceTree = "<group>"; };
		A736EEE058F3F6C7C8F8471D /* zstd_fast.c */ = {isa = PBXFileReference; lastKnownFileType = sourcecode.c.c; path = zstd_fast.c; sourceTree = "<group>"; };
		AA962E7AD5C8CDA2BBED5AF0 /* SpikeHostFactory.swift */ = {isa = PBXFileReference; lastKnownFileType = sourcecode.swift; path = SpikeHostFactory.swift; sourceTree = "<group>"; };
		AD8B27704734EFB06A78C311 /* zstd_ddict.c */ = {isa = PBXFileReference; lastKnownFileType = sourcecode.c.c; path = zstd_ddict.c; sourceTree = "<group>"; };
		B0E3BCFD74C8ACD203C3B004 /* CarrierPlugins.swift */ = {isa = PBXFileReference; lastKnownFileType = sourcecode.swift; path = CarrierPlugins.swift; sourceTree = "<group>"; };
		B33C8E70A7AF9483A9773C58 /* xxhash.c */ = {isa = PBXFileReference; lastKnownFileType = sourcecode.c.c; path = xxhash.c; sourceTree = "<group>"; };
		BF970AD8D229CCE9C077FCE1 /* SessionRuntime.swift */ = {isa = PBXFileReference; lastKnownFileType = sourcecode.swift; path = SessionRuntime.swift; sourceTree = "<group>"; };
		C100F760F3C3C2F284E3AFD1 /* zstd_double_fast.c */ = {isa = PBXFileReference; lastKnownFileType = sourcecode.c.c; path = zstd_double_fast.c; sourceTree = "<group>"; };
		C50276012EA9E418D84B4A73 /* huf_decompress.c */ = {isa = PBXFileReference; lastKnownFileType = sourcecode.c.c; path = huf_decompress.c; sourceTree = "<group>"; };
		C7FFE83DAAFCE65B43AB4ED4 /* UIPrimitives.swift */ = {isa = PBXFileReference; lastKnownFileType = sourcecode.swift; path = UIPrimitives.swift; sourceTree = "<group>"; };
		CB1E3A9C76B76B7955AFB7E2 /* CarrierWebDist.swift */ = {isa = PBXFileReference; lastKnownFileType = sourcecode.swift; path = CarrierWebDist.swift; sourceTree = "<group>"; };
		CC9A237E8BDE80E952ABA50F /* IshPrimitive.swift */ = {isa = PBXFileReference; lastKnownFileType = sourcecode.swift; path = IshPrimitive.swift; sourceTree = "<group>"; };
		CE017668D774E7EE7A94A825 /* SpikeRuntime.swift */ = {isa = PBXFileReference; lastKnownFileType = sourcecode.swift; path = SpikeRuntime.swift; sourceTree = "<group>"; };
		CFF5CFA3AF08A002F852B8F2 /* m3_validate.c */ = {isa = PBXFileReference; lastKnownFileType = sourcecode.c.c; path = m3_validate.c; sourceTree = "<group>"; };
		D2D7207C678D6F6873F0CDD0 /* SessionLiveRuntime.swift */ = {isa = PBXFileReference; lastKnownFileType = sourcecode.swift; path = SessionLiveRuntime.swift; sourceTree = "<group>"; };
		D699FF5BB908578B359B9B14 /* RuntimeThread.swift */ = {isa = PBXFileReference; lastKnownFileType = sourcecode.swift; path = RuntimeThread.swift; sourceTree = "<group>"; };
		D78A1459FD5146E2F276F188 /* m3_exec.c */ = {isa = PBXFileReference; lastKnownFileType = sourcecode.c.c; path = m3_exec.c; sourceTree = "<group>"; };
		D82BFBBEC2D0FAB7B001A863 /* zstd_lazy.c */ = {isa = PBXFileReference; lastKnownFileType = sourcecode.c.c; path = zstd_lazy.c; sourceTree = "<group>"; };
		E099B0D4BFA4C2C2195F1DD1 /* CarrierServer.swift */ = {isa = PBXFileReference; lastKnownFileType = sourcecode.swift; path = CarrierServer.swift; sourceTree = "<group>"; };
		E11C286F513A77060ACD2D9C /* zstd_opt.c */ = {isa = PBXFileReference; lastKnownFileType = sourcecode.c.c; path = zstd_opt.c; sourceTree = "<group>"; };
		E7421A65358AB8B696FE09F5 /* CarrierRequest.swift */ = {isa = PBXFileReference; lastKnownFileType = sourcecode.swift; path = CarrierRequest.swift; sourceTree = "<group>"; };
		EAD16B88BE29DAEE57E0D9B8 /* CarrierBootConfig.swift */ = {isa = PBXFileReference; lastKnownFileType = sourcecode.swift; path = CarrierBootConfig.swift; sourceTree = "<group>"; };
		EC434E0B986FFEA64389B40F /* zstd_ldm.c */ = {isa = PBXFileReference; lastKnownFileType = sourcecode.c.c; path = zstd_ldm.c; sourceTree = "<group>"; };
		EFE3EBF4B3E0C1278F496455 /* SessionWriteProbe.swift */ = {isa = PBXFileReference; lastKnownFileType = sourcecode.swift; path = SessionWriteProbe.swift; sourceTree = "<group>"; };
		F1AFB09BF1FF590997FA7731 /* SessionLiveProbe.swift */ = {isa = PBXFileReference; lastKnownFileType = sourcecode.swift; path = SessionLiveProbe.swift; sourceTree = "<group>"; };
		F3A09CE3CC3ADAB701ADF9A1 /* KeychainPrimitives.swift */ = {isa = PBXFileReference; lastKnownFileType = sourcecode.swift; path = KeychainPrimitives.swift; sourceTree = "<group>"; };
		F3DF3E05EAD1DB69CC635369 /* WebBootRuntimeDrive.swift */ = {isa = PBXFileReference; lastKnownFileType = sourcecode.swift; path = WebBootRuntimeDrive.swift; sourceTree = "<group>"; };
		F545A59CA98220447502A345 /* m3_bind.c */ = {isa = PBXFileReference; lastKnownFileType = sourcecode.c.c; path = m3_bind.c; sourceTree = "<group>"; };
		FD2B45F7AF2B8E34A9AC41EC /* m3_info.c */ = {isa = PBXFileReference; lastKnownFileType = sourcecode.c.c; path = m3_info.c; sourceTree = "<group>"; };
		FF0E0B1DA2A8DB5DB5F430AF /* zstd_decompress.c */ = {isa = PBXFileReference; lastKnownFileType = sourcecode.c.c; path = zstd_decompress.c; sourceTree = "<group>"; };
/* End PBXFileReference section */

/* Begin PBXGroup section */
		13F17DF561A216D72FD71122 /* source */ = {
			isa = PBXGroup;
			children = (
				F545A59CA98220447502A345 /* m3_bind.c */,
				9CE77C41B1062A39DDE4E0A0 /* m3_code.c */,
				7D1CC7E1FD8E1E18A231AF34 /* m3_compile.c */,
				066D61414776B429F7DEA09E /* m3_core.c */,
				92767D169DBF2FC2FE6705A8 /* m3_env.c */,
				D78A1459FD5146E2F276F188 /* m3_exec.c */,
				00F6A9B1EF6DD6353935EA9A /* m3_function.c */,
				FD2B45F7AF2B8E34A9AC41EC /* m3_info.c */,
				5946E7FB2935DBFD5CF54806 /* m3_module.c */,
				6BEF88E4EA2C69591DC3FA53 /* m3_parse.c */,
				CFF5CFA3AF08A002F852B8F2 /* m3_validate.c */,
			);
			path = source;
			sourceTree = "<group>";
		};
		261210B6C944DA738F7FBC65 /* Source */ = {
			isa = PBXGroup;
			children = (
				74DD761A8299F885CFFFBF71 /* AppDelegate.swift */,
				6A1382ABE6EDFB24119B9EEE /* Bridge.h */,
				43589E4BAF7A73600C5B0567 /* CarrierAPIBridge.swift */,
				EAD16B88BE29DAEE57E0D9B8 /* CarrierBootConfig.swift */,
				B0E3BCFD74C8ACD203C3B004 /* CarrierPlugins.swift */,
				E7421A65358AB8B696FE09F5 /* CarrierRequest.swift */,
				93462855086C75B4830CEEAA /* CarrierRoutes.swift */,
				79A2B7CB03F27DBD397AFB73 /* CarrierRuntime.swift */,
				E099B0D4BFA4C2C2195F1DD1 /* CarrierServer.swift */,
				CB1E3A9C76B76B7955AFB7E2 /* CarrierWebDist.swift */,
				95AB5D5BFDB578685994F7A8 /* OfficialWebProbe.swift */,
				3A4A8D5A40DEE38DFCB1C59B /* OfficialWebRuntime.swift */,
				D699FF5BB908578B359B9B14 /* RuntimeThread.swift */,
				988D76F2BD8AF6FD11811708 /* SessionLaunchConfig.swift */,
				F1AFB09BF1FF590997FA7731 /* SessionLiveProbe.swift */,
				D2D7207C678D6F6873F0CDD0 /* SessionLiveRuntime.swift */,
				BF970AD8D229CCE9C077FCE1 /* SessionRuntime.swift */,
				1279CFC8FB988D80AD896E16 /* SessionServe.swift */,
				EFE3EBF4B3E0C1278F496455 /* SessionWriteProbe.swift */,
				9BD5A2CA21E798B05B3DAB11 /* SessionWriteRuntime.swift */,
				19A12298B41F3DCDE6937D19 /* SpikeBundleStager.swift */,
				AA962E7AD5C8CDA2BBED5AF0 /* SpikeHostFactory.swift */,
				CE017668D774E7EE7A94A825 /* SpikeRuntime.swift */,
				F3DF3E05EAD1DB69CC635369 /* WebBootRuntimeDrive.swift */,
				AEA110DACF229E48D1B6EFFC /* Gateway */,
			);
			path = Source;
			sourceTree = "<group>";
		};
		2FFEFC554FC653CDD63595FA /* runtime */ = {
			isa = PBXGroup;
			children = (
				CD07196DADF0D4BCE074817E /* spike */,
			);
			path = runtime;
			sourceTree = "<group>";
		};
		3D4389CDEEBACB880FA19139 /* compress */ = {
			isa = PBXGroup;
			children = (
				2CBF7B9A48913DCB4529584D /* fse_compress.c */,
				7F2BC035C34B5EB82143A759 /* hist.c */,
				9FEBC071A72358BE5C05D948 /* huf_compress.c */,
				037C805ADE6FB8E878A608ED /* zstd_compress_literals.c */,
				6C6418F22E31521CC0779A31 /* zstd_compress_sequences.c */,
				6546F69481ADA3052D944E7E /* zstd_compress_superblock.c */,
				890FC95D41F46B58B8544B43 /* zstd_compress.c */,
				C100F760F3C3C2F284E3AFD1 /* zstd_double_fast.c */,
				A736EEE058F3F6C7C8F8471D /* zstd_fast.c */,
				D82BFBBEC2D0FAB7B001A863 /* zstd_lazy.c */,
				EC434E0B986FFEA64389B40F /* zstd_ldm.c */,
				E11C286F513A77060ACD2D9C /* zstd_opt.c */,
				3C6AA8B2CF10151F3166EECB /* zstd_preSplit.c */,
			);
			path = compress;
			sourceTree = "<group>";
		};
		4E91350B4579552DEF54ED45 /* decompress */ = {
			isa = PBXGroup;
			children = (
				C50276012EA9E418D84B4A73 /* huf_decompress.c */,
				AD8B27704734EFB06A78C311 /* zstd_ddict.c */,
				20EB0CC81200EE64D96375E8 /* zstd_decompress_block.c */,
				FF0E0B1DA2A8DB5DB5F430AF /* zstd_decompress.c */,
			);
			path = decompress;
			sourceTree = "<group>";
		};
		68DE3C01E95996823CFF95B2 /* wasm3 */ = {
			isa = PBXGroup;
			children = (
				CDB240AF13ADE129065DC844 /* 0.9.0 */,
			);
			path = wasm3;
			sourceTree = "<group>";
		};
		6FE698B26308E51A086C55B3 /* vendor */ = {
			isa = PBXGroup;
			children = (
				E119A750DECB63E887215A81 /* quickjs-ng */,
				68DE3C01E95996823CFF95B2 /* wasm3 */,
				B7ABA98A1130D59035573706 /* zstd */,
			);
			path = vendor;
			sourceTree = "<group>";
		};
		84F95FD6AADCA843676C4DF9 = {
			isa = PBXGroup;
			children = (
				EAA4B75B2F1CFEF88CAB445B /* App */,
				C0B9425CB9FE848FB2AF128E /* dsh-mobile-wt-agentflow */,
				AF09F1B8671210489366EA0F /* Products */,
			);
			sourceTree = "<group>";
		};
		A551A48B835E92B60D8D2724 /* Generated */ = {
			isa = PBXGroup;
			children = (
				44860052D2DC42B3DF47D91D /* ish-rootfs.tar.gz */,
				09284B9F0D5242AA9BAB8375 /* SpikeBundle.c */,
				24888637EE42A0E9E40132A8 /* SpikeBundle.h */,
			);
			path = Generated;
			sourceTree = "<group>";
		};
		AEA110DACF229E48D1B6EFFC /* Gateway */ = {
			isa = PBXGroup;
			children = (
				2B4F4DD23787891B6862FFDB /* FSPrimitives.swift */,
				05F03F3FEC8D68BA0F158DBD /* GatewayCore.swift */,
				0CF3FD663D82764D3F2A56C6 /* GatewaySession.swift */,
				183BA893CC40AAE4768063F6 /* HTTPPrimitive.swift */,
				CC9A237E8BDE80E952ABA50F /* IshPrimitive.swift */,
				F3A09CE3CC3ADAB701ADF9A1 /* KeychainPrimitives.swift */,
				4F489B98DABD6891A3BDDB71 /* NotifyPrimitive.swift */,
				C7FFE83DAAFCE65B43AB4ED4 /* UIPrimitives.swift */,
			);
			path = Gateway;
			sourceTree = "<group>";
		};
		AF09F1B8671210489366EA0F /* Products */ = {
			isa = PBXGroup;
			children = (
				8E8AEA704FF77DC9764D8E5D /* DSHSpike.app */,
			);
			name = Products;
			sourceTree = "<group>";
		};
		B34D1B5ED0F8E45A4106A7F7 /* 0.17.0 */ = {
			isa = PBXGroup;
			children = (
				29D8292953DBDBC398FD6B75 /* dtoa.c */,
				7966DFD7F092E868A8F335CA /* libregexp.c */,
				3A91A42AD6611FA5A7125599 /* libunicode.c */,
				77467CA5674BEB8070C76834 /* quickjs.c */,
			);
			path = 0.17.0;
			sourceTree = "<group>";
		};
		B7ABA98A1130D59035573706 /* zstd */ = {
			isa = PBXGroup;
			children = (
				C9EB812F5343CD8AB4EDFD97 /* 1.5.7 */,
			);
			path = zstd;
			sourceTree = "<group>";
		};
		C0B9425CB9FE848FB2AF128E /* dsh-mobile-wt-agentflow */ = {
			isa = PBXGroup;
			children = (
				2FFEFC554FC653CDD63595FA /* runtime */,
			);
			name = "dsh-mobile-wt-agentflow";
			path = ../..;
			sourceTree = "<group>";
		};
		C9EB812F5343CD8AB4EDFD97 /* 1.5.7 */ = {
			isa = PBXGroup;
			children = (
				FEA158052B28A19B225AFB71 /* common */,
				3D4389CDEEBACB880FA19139 /* compress */,
				4E91350B4579552DEF54ED45 /* decompress */,
			);
			path = 1.5.7;
			sourceTree = "<group>";
		};
		CD07196DADF0D4BCE074817E /* spike */ = {
			isa = PBXGroup;
			children = (
				CEF19ABF251A3BE9CD8F3618 /* host */,
				6FE698B26308E51A086C55B3 /* vendor */,
			);
			path = spike;
			sourceTree = "<group>";
		};
		CDB240AF13ADE129065DC844 /* 0.9.0 */ = {
			isa = PBXGroup;
			children = (
				13F17DF561A216D72FD71122 /* source */,
			);
			path = 0.9.0;
			sourceTree = "<group>";
		};
		CEF19ABF251A3BE9CD8F3618 /* host */ = {
			isa = PBXGroup;
			children = (
				72D877E4A8165589B178879E /* dsh_spike_host.c */,
				20AC9D6B26428B8AD33F665B /* dsh_wasm.c */,
			);
			path = host;
			sourceTree = "<group>";
		};
		E119A750DECB63E887215A81 /* quickjs-ng */ = {
			isa = PBXGroup;
			children = (
				B34D1B5ED0F8E45A4106A7F7 /* 0.17.0 */,
			);
			path = "quickjs-ng";
			sourceTree = "<group>";
		};
		EAA4B75B2F1CFEF88CAB445B /* App */ = {
			isa = PBXGroup;
			children = (
				9AAA0B16F1D064F20E961EAF /* Info.plist */,
				A551A48B835E92B60D8D2724 /* Generated */,
				261210B6C944DA738F7FBC65 /* Source */,
			);
			path = App;
			sourceTree = "<group>";
		};
		FEA158052B28A19B225AFB71 /* common */ = {
			isa = PBXGroup;
			children = (
				3DC838EF6674C179A6972222 /* debug.c */,
				38EEFA40C9199CDB3C593CC3 /* entropy_common.c */,
				9EA152AE3D04260546509437 /* error_private.c */,
				6482BDCA12F83037B0E1C2BD /* fse_decompress.c */,
				12940FAFAF231B52C3CF954E /* pool.c */,
				A2371698D67257627A29ABF4 /* threading.c */,
				B33C8E70A7AF9483A9773C58 /* xxhash.c */,
				5FFCA08DA5D147713A59D622 /* zstd_common.c */,
			);
			path = common;
			sourceTree = "<group>";
		};
/* End PBXGroup section */

/* Begin PBXNativeTarget section */
		C815DDD6C564AE4290EC2C08 /* DSHSpike */ = {
			isa = PBXNativeTarget;
			buildConfigurationList = 76CE008D03C6EE3793B0F2BC /* Build configuration list for PBXNativeTarget "DSHSpike" */;
			buildPhases = (
				405A338A89E2FBE347355326 /* GenerateSpikeBundle */,
				844897D01504929715F8A1DA /* FetchIshRootfs */,
				662B783888523ECA4CDD4657 /* BuildIshEngine */,
				BFBB6C07DDCAFB1A3FE93954 /* StageOfficialWeb */,
				EB4572C5EB0CCEA1304E8FD7 /* Sources */,
				653D711BEA78CB972BAB6B0A /* Resources */,
			);
			buildRules = (
			);
			dependencies = (
			);
			name = DSHSpike;
			packageProductDependencies = (
			);
			productName = DSHSpike;
			productReference = 8E8AEA704FF77DC9764D8E5D /* DSHSpike.app */;
			productType = "com.apple.product-type.application";
		};
/* End PBXNativeTarget section */

/* Begin PBXProject section */
		3CCC20395AC8ADDAA4AB79D6 /* Project object */ = {
			isa = PBXProject;
			attributes = {
				BuildIndependentTargetsInParallel = YES;
				LastUpgradeCheck = 1430;
				TargetAttributes = {
				};
			};
			buildConfigurationList = 4F8D8F19B455255473978E4B /* Build configuration list for PBXProject "DSHSpike" */;
			developmentRegion = en;
			hasScannedForEncodings = 0;
			knownRegions = (
				Base,
				en,
			);
			mainGroup = 84F95FD6AADCA843676C4DF9;
			minimizedProjectReferenceProxies = 1;
			preferredProjectObjectVersion = 77;
			productRefGroup = AF09F1B8671210489366EA0F /* Products */;
			projectDirPath = "";
			projectRoot = "";
			targets = (
				C815DDD6C564AE4290EC2C08 /* DSHSpike */,
			);
		};
/* End PBXProject section */

/* Begin PBXResourcesBuildPhase section */
		653D711BEA78CB972BAB6B0A /* Resources */ = {
			isa = PBXResourcesBuildPhase;
			buildActionMask = 2147483647;
			files = (
				3DA7229FEF7035585AAC0A85 /* ish-rootfs.tar.gz in Resources */,
			);
			runOnlyForDeploymentPostprocessing = 0;
		};
/* End PBXResourcesBuildPhase section */

/* Begin PBXShellScriptBuildPhase section */
		405A338A89E2FBE347355326 /* GenerateSpikeBundle */ = {
			isa = PBXShellScriptBuildPhase;
			buildActionMask = 2147483647;
			files = (
			);
			inputFileListPaths = (
			);
			inputPaths = (
				Tools/gen_bundle_header.py,
				../../runtime/spike/logger.js,
				../../runtime/spike/gateway.js,
				../../runtime/spike/registry.js,
				../../runtime/spike/manifest.json,
				"../../runtime/spike/scenario/boot-verification.js",
				"../../runtime/spike/scenario/gateway-binding.js",
				"../../runtime/spike/scenario/gateway-bridge-smoke.js",
				"../../runtime/spike/scenario/session-mock-llm.js",
				"../../runtime/spike/scenario/carrier-loopback.js",
				"../../runtime/spike/scenario/session-web-live.js",
				"../../runtime/spike/upstream/web-write.js",
				"../../runtime/spike/upstream/web-write-streams.js",
				"../../runtime/spike/upstream/web-write-settings.js",
				"../../runtime/spike/scenario/composer-web-live.js",
				../../runtime/spike/web/index.html,
				"../../runtime/spike/web/carrier-page.js",
				../../runtime/spike/llm.js,
				"../../runtime/spike/scenario/llm-live-stream.js",
				"../../runtime/spike/vendor/dsh/util-crypto@0.1.6-alpha.2/lib/index.js",
				"../../system-plugins/dsh-fs/manifest.json",
				"../../system-plugins/dsh-fs/index.js",
				"../../system-plugins/dsh-subprocess-quickjs/manifest.json",
				"../../system-plugins/dsh-subprocess-quickjs/index.js",
				"../../system-plugins/dsh-ui/manifest.json",
				"../../system-plugins/dsh-ui/index.js",
				"../../system-plugins/dsh-shell-ish/manifest.json",
				"../../system-plugins/dsh-shell-ish/index.js",
				"../../presentation/web-client/manifest.json",
				"../../presentation/web-client/web/index.html",
				"../../presentation/web-client/web/main.js",
			);
			name = GenerateSpikeBundle;
			outputFileListPaths = (
			);
			outputPaths = (
				App/Generated/SpikeBundle.h,
				App/Generated/SpikeBundle.c,
			);
			runOnlyForDeploymentPostprocessing = 0;
			shellPath = /bin/sh;
			shellScript = "python3 \"$SRCROOT/Tools/gen_bundle_header.py\"\n";
		};
		662B783888523ECA4CDD4657 /* BuildIshEngine */ = {
			isa = PBXShellScriptBuildPhase;
			alwaysOutOfDate = 1;
			buildActionMask = 2147483647;
			files = (
			);
			inputFileListPaths = (
			);
			inputPaths = (
			);
			name = BuildIshEngine;
			outputFileListPaths = (
			);
			outputPaths = (
			);
			runOnlyForDeploymentPostprocessing = 0;
			shellPath = /bin/sh;
			shellScript = "# Xcode's build environment carries the system paths only, so a\n# Homebrew cmake has to be found by hand (and named loudly when absent\n# — the engine cannot be built without it).\nif ! command -v cmake >/dev/null 2>&1; then\n  for dir in /opt/homebrew/bin /usr/local/bin; do\n    [ -x \"$dir/cmake\" ] && PATH=\"$dir:$PATH\"\n  done\nfi\ncommand -v cmake >/dev/null 2>&1 || {\n  echo \"error: cmake not found — install CMake (brew install cmake)\"; exit 1; }\nset -e\nREPO=\"$SRCROOT/../..\"\n\"$REPO/runtime/spike/vendor/ensure-ish.sh\"\n# The guest vdso is a GUEST aarch64 elf, so it is identical on every\n# platform: a HOST configure builds it once and the iOS build reuses\n# it. The zero-byte placeholder a cross-compile would write is not an\n# option — a zeroed vdso makes the kernel ABORT the app on the first\n# signal delivered to a guest task (kernel/vdso.c's fail path), and\n# ISH_VDSO_ELF_DIR refuses it.\nVDSO=\"$REPO/runtime/spike/build/ish/vdso\"\nif [ ! -s \"$VDSO/libvdso.so.elf\" ]; then\n  cmake -S \"$REPO/runtime/spike/host/ish\" -B \"$REPO/runtime/spike/build/ish\"\n  cmake --build \"$REPO/runtime/spike/build/ish\" --target ish-vdso\nfi\nBUILD=\"$REPO/runtime/spike/build/ish-ios-$SDK_NAME\"\ncmake -S \"$REPO/runtime/spike/host/ish\" -B \"$BUILD\" \\\n  -DISH_SDK=\"$SDK_NAME\" \\\n  -DCMAKE_SYSTEM_NAME=iOS \\\n  -DCMAKE_OSX_SYSROOT=\"$SDK_NAME\" \\\n  -DCMAKE_OSX_ARCHITECTURES=arm64 \\\n  -DCMAKE_OSX_DEPLOYMENT_TARGET=\"$IPHONEOS_DEPLOYMENT_TARGET\" \\\n  -DISH_VDSO_ELF_DIR=\"$VDSO\"\ncmake --build \"$BUILD\" --target dsh_ish\n";
		};
		844897D01504929715F8A1DA /* FetchIshRootfs */ = {
			isa = PBXShellScriptBuildPhase;
			alwaysOutOfDate = 1;
			buildActionMask = 2147483647;
			files = (
			);
			inputFileListPaths = (
			);
			inputPaths = (
				"../../runtime/spike/vendor/ensure-ish-rootfs.sh",
			);
			name = FetchIshRootfs;
			outputFileListPaths = (
			);
			outputPaths = (
				"App/Generated/ish-rootfs.tar.gz",
			);
			runOnlyForDeploymentPostprocessing = 0;
			shellPath = /bin/sh;
			shellScript = "\"$SRCROOT/../../runtime/spike/vendor/ensure-ish-rootfs.sh\" \"$SRCROOT/App/Generated\"\n";
		};
		BFBB6C07DDCAFB1A3FE93954 /* StageOfficialWeb */ = {
			isa = PBXShellScriptBuildPhase;
			alwaysOutOfDate = 1;
			buildActionMask = 2147483647;
			files = (
			);
			inputFileListPaths = (
			);
			inputPaths = (
			);
			name = StageOfficialWeb;
			outputFileListPaths = (
			);
			outputPaths = (
			);
			runOnlyForDeploymentPostprocessing = 0;
			shellPath = /bin/sh;
			shellScript = "# Release only: embed the vendored official Web Client (dist + client\n# bundles) so a plain launch reaches the official UI with nothing\n# staged from outside. Debug is a no-op (the harness stages Documents\n# itself, and the E2E evidence must keep reading exactly the tree it\n# stages). The script fails loud when a Release source tree is missing\n# or a copied byte drifts.\nset -e\npython3 \"$SRCROOT/Tools/stage_official_web.py\" \"$CONFIGURATION\" \\\n  \"$TARGET_BUILD_DIR/$UNLOCALIZED_RESOURCES_FOLDER_PATH\"\n";
		};
/* End PBXShellScriptBuildPhase section */

/* Begin PBXSourcesBuildPhase section */
		EB4572C5EB0CCEA1304E8FD7 /* Sources */ = {
			isa = PBXSourcesBuildPhase;
			buildActionMask = 2147483647;
			files = (
				A5823CFF26EFBEF3964F86FD /* AppDelegate.swift in Sources */,
				A1B000276ECF160A051C1000 /* CarrierAPIBridge.swift in Sources */,
				283B8F98CD41140278AC43FC /* CarrierBootConfig.swift in Sources */,
				F5F0070F74E81DE98B176234 /* CarrierPlugins.swift in Sources */,
				7137721E1CD8809EAC1499B5 /* CarrierRequest.swift in Sources */,
				88615C1BC61F9ED55E38A30C /* CarrierRoutes.swift in Sources */,
				8E53A7BB75251DCAA363D40D /* CarrierRuntime.swift in Sources */,
				0EC9D13AF2732363D383739A /* CarrierServer.swift in Sources */,
				9A79E46043F2C71B973B8995 /* CarrierWebDist.swift in Sources */,
				5F28F055C273C1633A3C960B /* FSPrimitives.swift in Sources */,
				54A05AA96A5A5BA9E23EB196 /* GatewayCore.swift in Sources */,
				B48D9DE3EE86E724C5BD381D /* GatewaySession.swift in Sources */,
				534C3BC3B96752B7DFC1889D /* HTTPPrimitive.swift in Sources */,
				B8533465AAD53C871400EEA6 /* IshPrimitive.swift in Sources */,
				F7BC7DC779736A3DA29734D0 /* KeychainPrimitives.swift in Sources */,
				61B1FE69BBFC1C5588C7B81B /* NotifyPrimitive.swift in Sources */,
				4DF99E89C22618D71698CD6E /* OfficialWebProbe.swift in Sources */,
				1B385B3BBC82C30A9C4BFAA8 /* OfficialWebRuntime.swift in Sources */,
				C00FC0282AE281696A47D435 /* RuntimeThread.swift in Sources */,
				90C7300A2CDECC073382C343 /* SessionLaunchConfig.swift in Sources */,
				184D40FA4E64ACB3D27FE975 /* SessionLiveProbe.swift in Sources */,
				4750B1D5E5D2B7E42D802575 /* SessionLiveRuntime.swift in Sources */,
				ACE8B4FB83C7BC5C05C91032 /* SessionRuntime.swift in Sources */,
				61EEC98694105A362CEC3707 /* SessionServe.swift in Sources */,
				A4D64D8E5942951A64D738C2 /* SessionWriteProbe.swift in Sources */,
				9460C24BC28428B70418DE80 /* SessionWriteRuntime.swift in Sources */,
				13D20406BECDDA3EEDBBB35F /* SpikeBundle.c in Sources */,
				2273BB6FBCB3CCD131594599 /* SpikeBundleStager.swift in Sources */,
				D9680FC8B9E74933627DB174 /* SpikeHostFactory.swift in Sources */,
				D0DCF41C09E6E2AEE074E698 /* SpikeRuntime.swift in Sources */,
				9C70CB8C221E9338552394C3 /* UIPrimitives.swift in Sources */,
				6C640EF14ABB68E423762CC3 /* WebBootRuntimeDrive.swift in Sources */,
				F8A22402DF85A925487A6583 /* debug.c in Sources */,
				F8521D79178BE5F378FB5218 /* dsh_spike_host.c in Sources */,
				2FDAC1EABB06B5E4268E8B4C /* dsh_wasm.c in Sources */,
				6B5614AC0F4D342549379D5A /* dtoa.c in Sources */,
				B175501FCD91AE25947FEF04 /* entropy_common.c in Sources */,
				7C2952FE392D9B362EAEF868 /* error_private.c in Sources */,
				94103AF7FF917E7965C52113 /* fse_compress.c in Sources */,
				9F857D358FCBB66D7E0C61F4 /* fse_decompress.c in Sources */,
				816EE8BB1E6032345807A543 /* hist.c in Sources */,
				7D5D53037BC7A5A5EF6359CB /* huf_compress.c in Sources */,
				5DCAA5D464BC9042DD87D4E6 /* huf_decompress.c in Sources */,
				E46F29A9428F4C25955100FA /* libregexp.c in Sources */,
				BD1494B97EB9EC47D5923285 /* libunicode.c in Sources */,
				0184653D61D29545AFB724A8 /* m3_bind.c in Sources */,
				77ECD513652253CC0AB5E802 /* m3_code.c in Sources */,
				AE018752CE3796C6E328C105 /* m3_compile.c in Sources */,
				018E6204719C528535EDBE2A /* m3_core.c in Sources */,
				91E1CB8562D3E4C0B540D1C8 /* m3_env.c in Sources */,
				C96A19C7A5BD77D7FF76C4D4 /* m3_exec.c in Sources */,
				4324F2AFCEE384476BA5E34B /* m3_function.c in Sources */,
				42DC8594405EACBBE96DF097 /* m3_info.c in Sources */,
				B58A471CDCDBBC0D600BED62 /* m3_module.c in Sources */,
				DA387F3368B9DE43BDD1AB18 /* m3_parse.c in Sources */,
				B9B04643914D67DFA0D7064D /* m3_validate.c in Sources */,
				3AB07D0AE6F247453EAD1373 /* pool.c in Sources */,
				DBEEE69DF58A891810F5EB7E /* quickjs.c in Sources */,
				52FE8DB8C1A442AE1C0C6F37 /* threading.c in Sources */,
				AE61F6748B844C327E2DD324 /* xxhash.c in Sources */,
				44B1EFDDBAB1F6A1BAB1356D /* zstd_common.c in Sources */,
				F65335B12E850E4152497276 /* zstd_compress.c in Sources */,
				03FBD70304463DB2B28D6E9C /* zstd_compress_literals.c in Sources */,
				DD3E9AB71539E7CBEBF54818 /* zstd_compress_sequences.c in Sources */,
				45C6641961D9DAB7CAC47FEA /* zstd_compress_superblock.c in Sources */,
				AAD8AC500FAF303934C69AFD /* zstd_ddict.c in Sources */,
				68BD7AB24CD2A5AADD053281 /* zstd_decompress.c in Sources */,
				673491647FDEA934B31B94E1 /* zstd_decompress_block.c in Sources */,
				DB4AB34062B726C88C0C3FAD /* zstd_double_fast.c in Sources */,
				65DC333509623E173DACD876 /* zstd_fast.c in Sources */,
				D5EF7FDBF7453D9DFFE41D13 /* zstd_lazy.c in Sources */,
				FDD8605E337ABDC8F844E97B /* zstd_ldm.c in Sources */,
				F9CC5C9FB361747C961A2D49 /* zstd_opt.c in Sources */,
				6EBBFADF8AB2E5A7D7BC96FA /* zstd_preSplit.c in Sources */,
			);
			runOnlyForDeploymentPostprocessing = 0;
		};
/* End PBXSourcesBuildPhase section */

/* Begin XCBuildConfiguration section */
		59226CA0FA70B68745B404A2 /* Release */ = {
			isa = XCBuildConfiguration;
			buildSettings = {
				ALWAYS_SEARCH_USER_PATHS = NO;
				CLANG_ANALYZER_NONNULL = YES;
				CLANG_ANALYZER_NUMBER_OBJECT_CONVERSION = YES_AGGRESSIVE;
				CLANG_CXX_LANGUAGE_STANDARD = "gnu++14";
				CLANG_CXX_LIBRARY = "libc++";
				CLANG_ENABLE_MODULES = YES;
				CLANG_ENABLE_OBJC_ARC = YES;
				CLANG_ENABLE_OBJC_WEAK = YES;
				CLANG_WARN_BLOCK_CAPTURE_AUTORELEASING = YES;
				CLANG_WARN_BOOL_CONVERSION = YES;
				CLANG_WARN_COMMA = YES;
				CLANG_WARN_CONSTANT_CONVERSION = YES;
				CLANG_WARN_DEPRECATED_OBJC_IMPLEMENTATIONS = YES;
				CLANG_WARN_DIRECT_OBJC_ISA_USAGE = YES_ERROR;
				CLANG_WARN_DOCUMENTATION_COMMENTS = YES;
				CLANG_WARN_EMPTY_BODY = YES;
				CLANG_WARN_ENUM_CONVERSION = YES;
				CLANG_WARN_INFINITE_RECURSION = YES;
				CLANG_WARN_INT_CONVERSION = YES;
				CLANG_WARN_NON_LITERAL_NULL_CONVERSION = YES;
				CLANG_WARN_OBJC_IMPLICIT_RETAIN_SELF = YES;
				CLANG_WARN_OBJC_LITERAL_CONVERSION = YES;
				CLANG_WARN_OBJC_ROOT_CLASS = YES_ERROR;
				CLANG_WARN_QUOTED_INCLUDE_IN_FRAMEWORK_HEADER = YES;
				CLANG_WARN_RANGE_LOOP_ANALYSIS = YES;
				CLANG_WARN_STRICT_PROTOTYPES = YES;
				CLANG_WARN_SUSPICIOUS_MOVE = YES;
				CLANG_WARN_UNGUARDED_AVAILABILITY = YES_AGGRESSIVE;
				CLANG_WARN_UNREACHABLE_CODE = YES;
				CLANG_WARN__DUPLICATE_METHOD_MATCH = YES;
				COPY_PHASE_STRIP = NO;
				DEBUG_INFORMATION_FORMAT = "dwarf-with-dsym";
				ENABLE_NS_ASSERTIONS = NO;
				ENABLE_STRICT_OBJC_MSGSEND = YES;
				GCC_C_LANGUAGE_STANDARD = gnu11;
				GCC_NO_COMMON_BLOCKS = YES;
				GCC_WARN_64_TO_32_BIT_CONVERSION = YES;
				GCC_WARN_ABOUT_RETURN_TYPE = YES_ERROR;
				GCC_WARN_UNDECLARED_SELECTOR = YES;
				GCC_WARN_UNINITIALIZED_AUTOS = YES_AGGRESSIVE;
				GCC_WARN_UNUSED_FUNCTION = YES;
				GCC_WARN_UNUSED_VARIABLE = YES;
				HEADER_SEARCH_PATHS = (
					"$(SRCROOT)/../../runtime/spike/host",
					"$(SRCROOT)/../../runtime/spike/vendor/quickjs-ng/0.17.0",
					"$(SRCROOT)/../../runtime/spike/vendor/wasm3/0.9.0/source",
					"$(SRCROOT)/../../runtime/spike/vendor/zstd/1.5.7",
					"$(SRCROOT)/../../runtime/spike/vendor/zstd/1.5.7/common",
					"$(SRCROOT)/App/Generated",
				);
				IPHONEOS_DEPLOYMENT_TARGET = 17.0;
				MTL_ENABLE_DEBUG_INFO = NO;
				MTL_FAST_MATH = YES;
				PRODUCT_NAME = "$(TARGET_NAME)";
				SDKROOT = iphoneos;
				SWIFT_COMPILATION_MODE = wholemodule;
				SWIFT_OPTIMIZATION_LEVEL = "-O";
				SWIFT_VERSION = 5.0;
				configs = "[\"Release\": [\"GCC_PREPROCESSOR_DEFINITIONS\": [\"$(inherited)\", \"ZSTD_DISABLE_ASM=1\"]], \"Debug\": [\"GCC_PREPROCESSOR_DEFINITIONS\": [\"$(inherited)\", \"DEBUG=1\", \"ZSTD_DISABLE_ASM=1\"]]]";
			};
			name = Release;
		};
		9549F871B62E97A010E24D31 /* Debug */ = {
			isa = XCBuildConfiguration;
			buildSettings = {
				ASSETCATALOG_COMPILER_APPICON_NAME = AppIcon;
				CODE_SIGN_IDENTITY = "iPhone Developer";
				"EXCLUDED_ARCHS[sdk=iphonesimulator*]" = x86_64;
				INFOPLIST_FILE = App/Info.plist;
				LD_RUNPATH_SEARCH_PATHS = (
					"$(inherited)",
					"@executable_path/Frameworks",
				);
				LIBRARY_SEARCH_PATHS = (
					"$(inherited)",
					"$(SRCROOT)/../../runtime/spike/build/ish-ios-$(SDK_NAME)",
				);
				OTHER_LDFLAGS = (
					"$(inherited)",
					"-ldsh_ish",
					"-lishcore",
					"-lsqlite3",
					"-lz",
					"-lresolv",
				);
				PRODUCT_BUNDLE_IDENTIFIER = org.dsh.DSHSpike;
				SDKROOT = iphoneos;
				SWIFT_OBJC_BRIDGING_HEADER = App/Source/Bridge.h;
				TARGETED_DEVICE_FAMILY = 1;
			};
			name = Debug;
		};
		C8ED6FB500C18E7E783BD3D7 /* Release */ = {
			isa = XCBuildConfiguration;
			buildSettings = {
				ASSETCATALOG_COMPILER_APPICON_NAME = AppIcon;
				CODE_SIGN_IDENTITY = "iPhone Developer";
				"EXCLUDED_ARCHS[sdk=iphonesimulator*]" = x86_64;
				INFOPLIST_FILE = App/Info.plist;
				LD_RUNPATH_SEARCH_PATHS = (
					"$(inherited)",
					"@executable_path/Frameworks",
				);
				LIBRARY_SEARCH_PATHS = (
					"$(inherited)",
					"$(SRCROOT)/../../runtime/spike/build/ish-ios-$(SDK_NAME)",
				);
				OTHER_LDFLAGS = (
					"$(inherited)",
					"-ldsh_ish",
					"-lishcore",
					"-lsqlite3",
					"-lz",
					"-lresolv",
				);
				PRODUCT_BUNDLE_IDENTIFIER = org.dsh.DSHSpike;
				SDKROOT = iphoneos;
				SWIFT_ACTIVE_COMPILATION_CONDITIONS = DSH_RELEASE;
				SWIFT_OBJC_BRIDGING_HEADER = App/Source/Bridge.h;
				TARGETED_DEVICE_FAMILY = 1;
			};
			name = Release;
		};
		F2B98E611E6539F6054BAEC8 /* Debug */ = {
			isa = XCBuildConfiguration;
			buildSettings = {
				ALWAYS_SEARCH_USER_PATHS = NO;
				CLANG_ANALYZER_NONNULL = YES;
				CLANG_ANALYZER_NUMBER_OBJECT_CONVERSION = YES_AGGRESSIVE;
				CLANG_CXX_LANGUAGE_STANDARD = "gnu++14";
				CLANG_CXX_LIBRARY = "libc++";
				CLANG_ENABLE_MODULES = YES;
				CLANG_ENABLE_OBJC_ARC = YES;
				CLANG_ENABLE_OBJC_WEAK = YES;
				CLANG_WARN_BLOCK_CAPTURE_AUTORELEASING = YES;
				CLANG_WARN_BOOL_CONVERSION = YES;
				CLANG_WARN_COMMA = YES;
				CLANG_WARN_CONSTANT_CONVERSION = YES;
				CLANG_WARN_DEPRECATED_OBJC_IMPLEMENTATIONS = YES;
				CLANG_WARN_DIRECT_OBJC_ISA_USAGE = YES_ERROR;
				CLANG_WARN_DOCUMENTATION_COMMENTS = YES;
				CLANG_WARN_EMPTY_BODY = YES;
				CLANG_WARN_ENUM_CONVERSION = YES;
				CLANG_WARN_INFINITE_RECURSION = YES;
				CLANG_WARN_INT_CONVERSION = YES;
				CLANG_WARN_NON_LITERAL_NULL_CONVERSION = YES;
				CLANG_WARN_OBJC_IMPLICIT_RETAIN_SELF = YES;
				CLANG_WARN_OBJC_LITERAL_CONVERSION = YES;
				CLANG_WARN_OBJC_ROOT_CLASS = YES_ERROR;
				CLANG_WARN_QUOTED_INCLUDE_IN_FRAMEWORK_HEADER = YES;
				CLANG_WARN_RANGE_LOOP_ANALYSIS = YES;
				CLANG_WARN_STRICT_PROTOTYPES = YES;
				CLANG_WARN_SUSPICIOUS_MOVE = YES;
				CLANG_WARN_UNGUARDED_AVAILABILITY = YES_AGGRESSIVE;
				CLANG_WARN_UNREACHABLE_CODE = YES;
				CLANG_WARN__DUPLICATE_METHOD_MATCH = YES;
				COPY_PHASE_STRIP = NO;
				DEBUG_INFORMATION_FORMAT = dwarf;
				ENABLE_STRICT_OBJC_MSGSEND = YES;
				ENABLE_TESTABILITY = YES;
				GCC_C_LANGUAGE_STANDARD = gnu11;
				GCC_DYNAMIC_NO_PIC = NO;
				GCC_NO_COMMON_BLOCKS = YES;
				GCC_OPTIMIZATION_LEVEL = 0;
				GCC_PREPROCESSOR_DEFINITIONS = (
					"$(inherited)",
					"DEBUG=1",
				);
				GCC_WARN_64_TO_32_BIT_CONVERSION = YES;
				GCC_WARN_ABOUT_RETURN_TYPE = YES_ERROR;
				GCC_WARN_UNDECLARED_SELECTOR = YES;
				GCC_WARN_UNINITIALIZED_AUTOS = YES_AGGRESSIVE;
				GCC_WARN_UNUSED_FUNCTION = YES;
				GCC_WARN_UNUSED_VARIABLE = YES;
				HEADER_SEARCH_PATHS = (
					"$(SRCROOT)/../../runtime/spike/host",
					"$(SRCROOT)/../../runtime/spike/vendor/quickjs-ng/0.17.0",
					"$(SRCROOT)/../../runtime/spike/vendor/wasm3/0.9.0/source",
					"$(SRCROOT)/../../runtime/spike/vendor/zstd/1.5.7",
					"$(SRCROOT)/../../runtime/spike/vendor/zstd/1.5.7/common",
					"$(SRCROOT)/App/Generated",
				);
				IPHONEOS_DEPLOYMENT_TARGET = 17.0;
				MTL_ENABLE_DEBUG_INFO = INCLUDE_SOURCE;
				MTL_FAST_MATH = YES;
				ONLY_ACTIVE_ARCH = YES;
				PRODUCT_NAME = "$(TARGET_NAME)";
				SDKROOT = iphoneos;
				SWIFT_ACTIVE_COMPILATION_CONDITIONS = DEBUG;
				SWIFT_OPTIMIZATION_LEVEL = "-Onone";
				SWIFT_VERSION = 5.0;
				configs = "[\"Release\": [\"GCC_PREPROCESSOR_DEFINITIONS\": [\"$(inherited)\", \"ZSTD_DISABLE_ASM=1\"]], \"Debug\": [\"GCC_PREPROCESSOR_DEFINITIONS\": [\"$(inherited)\", \"DEBUG=1\", \"ZSTD_DISABLE_ASM=1\"]]]";
			};
			name = Debug;
		};
/* End XCBuildConfiguration section */

/* Begin XCConfigurationList section */
		4F8D8F19B455255473978E4B /* Build configuration list for PBXProject "DSHSpike" */ = {
			isa = XCConfigurationList;
			buildConfigurations = (
				F2B98E611E6539F6054BAEC8 /* Debug */,
				59226CA0FA70B68745B404A2 /* Release */,
			);
			defaultConfigurationIsVisible = 0;
			defaultConfigurationName = Debug;
		};
		76CE008D03C6EE3793B0F2BC /* Build configuration list for PBXNativeTarget "DSHSpike" */ = {
			isa = XCConfigurationList;
			buildConfigurations = (
				9549F871B62E97A010E24D31 /* Debug */,
				C8ED6FB500C18E7E783BD3D7 /* Release */,
			);
			defaultConfigurationIsVisible = 0;
			defaultConfigurationName = Debug;
		};
/* End XCConfigurationList section */
	};
	rootObject = 3CCC20395AC8ADDAA4AB79D6 /* Project object */;
}
